// !$*UTF8*$!
{
	archiveVersion = 1;
	classes = {
	};
	objectVersion = 46;
	objects = {

/* Begin PBXBuildFile section */
		1D3623260D0F684500981E51 /* BicycletteApplicationDelegate.m in Sources */ = {isa = PBXBuildFile; fileRef = 1D3623250D0F684500981E51 /* BicycletteApplicationDelegate.m */; };
		1D60589B0D05DD56006BFB54 /* main.m in Sources */ = {isa = PBXBuildFile; fileRef = 29B97316FDCFA39411CA2CEA /* main.m */; };
		1D60589F0D05DD5A006BFB54 /* Foundation.framework in Frameworks */ = {isa = PBXBuildFile; fileRef = 1D30AB110D05D00D00671497 /* Foundation.framework */; };
		1DF5F4E00D08C38300B7A737 /* UIKit.framework in Frameworks */ = {isa = PBXBuildFile; fileRef = 1DF5F4DF0D08C38300B7A737 /* UIKit.framework */; };
		2892E4100DC94CBA00A64D0F /* CoreGraphics.framework in Frameworks */ = {isa = PBXBuildFile; fileRef = 2892E40F0DC94CBA00A64D0F /* CoreGraphics.framework */; };
		28AD73600D9D9599002E5188 /* MainWindow.xib in Resources */ = {isa = PBXBuildFile; fileRef = 28AD735F0D9D9599002E5188 /* MainWindow.xib */; };
		370F7DFA12F60C2700F5FC45 /* QuartzCore.framework in Frameworks */ = {isa = PBXBuildFile; fileRef = 370F7DF912F60C2700F5FC45 /* QuartzCore.framework */; };
		37149B70126248F5009CDE82 /* StationsVC.m in Sources */ = {isa = PBXBuildFile; fileRef = 37149B6E126248F5009CDE82 /* StationsVC.m */; };
		37149B71126248F5009CDE82 /* StationsVC.xib in Resources */ = {isa = PBXBuildFile; fileRef = 37149B6F126248F5009CDE82 /* StationsVC.xib */; };
		37149B9512624C15009CDE82 /* NSStringAdditions.m in Sources */ = {isa = PBXBuildFile; fileRef = 37149B9412624C15009CDE82 /* NSStringAdditions.m */; };
		37149BBC126250D7009CDE82 /* NSArrayAdditions.m in Sources */ = {isa = PBXBuildFile; fileRef = 37149BBB126250D7009CDE82 /* NSArrayAdditions.m */; };
		37149C8412625AD7009CDE82 /* StationCell.m in Sources */ = {isa = PBXBuildFile; fileRef = 37149C8312625AD7009CDE82 /* StationCell.m */; };
		37149C8612625AE5009CDE82 /* StationCell.xib in Resources */ = {isa = PBXBuildFile; fileRef = 37149C8512625AE5009CDE82 /* StationCell.xib */; };
		37149C8A12625B94009CDE82 /* UITableViewCell+EasyReuse.m in Sources */ = {isa = PBXBuildFile; fileRef = 37149C8912625B94009CDE82 /* UITableViewCell+EasyReuse.m */; };
		371E1BF3137FCF7C007EFBFF /* Region.m in Sources */ = {isa = PBXBuildFile; fileRef = 371E1BEB137FCF7C007EFBFF /* Region.m */; };
		371E1BF4137FCF7C007EFBFF /* Station.m in Sources */ = {isa = PBXBuildFile; fileRef = 371E1BED137FCF7C007EFBFF /* Station.m */; };
		371E1BF5137FCF7C007EFBFF /* _Region.m in Sources */ = {isa = PBXBuildFile; fileRef = 371E1BF0137FCF7C007EFBFF /* _Region.m */; };
		371E1BF6137FCF7C007EFBFF /* _Station.m in Sources */ = {isa = PBXBuildFile; fileRef = 371E1BF2137FCF7C007EFBFF /* _Station.m */; };
		37201D7612B2DBFC0001A668 /* BicycletteBar.m in Sources */ = {isa = PBXBuildFile; fileRef = 37201D7512B2DBFC0001A668 /* BicycletteBar.m */; };
		37201E6212B2EA640001A668 /* UIImage+Tinting.m in Sources */ = {isa = PBXBuildFile; fileRef = 37201E6112B2EA640001A668 /* UIImage+Tinting.m */; };
		37201E9712B2ED040001A668 /* RegionsTab@2x.png in Resources */ = {isa = PBXBuildFile; fileRef = 37201E9612B2ED040001A668 /* RegionsTab@2x.png */; };
		372020C212B55C900001A668 /* Model+Mapkit.m in Sources */ = {isa = PBXBuildFile; fileRef = 372020C112B55C900001A668 /* Model+Mapkit.m */; };
		37216BC712611C5400A2695A /* VelibModel.m in Sources */ = {isa = PBXBuildFile; fileRef = 37216BC612611C5400A2695A /* VelibModel.m */; };
		372BC7E1132ECB2000D12CBE /* NSData+SHA1.m in Sources */ = {isa = PBXBuildFile; fileRef = 372BC7E0132ECB2000D12CBE /* NSData+SHA1.m */; };
		3756EAA61297F60000113534 /* FactoryDefaults.plist in Resources */ = {isa = PBXBuildFile; fileRef = 3756EAA51297F60000113534 /* FactoryDefaults.plist */; };
		3756EAE41298018A00113534 /* Default.png in Resources */ = {isa = PBXBuildFile; fileRef = 3756EADF1298018A00113534 /* Default.png */; };
		3756EAE51298018A00113534 /* Default@2x.png in Resources */ = {isa = PBXBuildFile; fileRef = 3756EAE01298018A00113534 /* Default@2x.png */; };
		3756EAE61298018A00113534 /* Icon.png in Resources */ = {isa = PBXBuildFile; fileRef = 3756EAE11298018A00113534 /* Icon.png */; };
		3756EAE71298018A00113534 /* Icon@2x.png in Resources */ = {isa = PBXBuildFile; fileRef = 3756EAE21298018A00113534 /* Icon@2x.png */; };
		3756EB5C1298085B00113534 /* Settings.bundle in Resources */ = {isa = PBXBuildFile; fileRef = 3756EB5B1298085B00113534 /* Settings.bundle */; };
		3793DE1F1380295400B50118 /* CoreDataManager.m in Sources */ = {isa = PBXBuildFile; fileRef = 3793DE1E1380295400B50118 /* CoreDataManager.m */; };
		3793DE2213802E6100B50118 /* BicycletteDataManager.m in Sources */ = {isa = PBXBuildFile; fileRef = 3793DE2113802E6100B50118 /* BicycletteDataManager.m */; };
		37A34674128C42E6000A2540 /* SectionHeader.xib in Resources */ = {isa = PBXBuildFile; fileRef = 37A34673128C42E6000A2540 /* SectionHeader.xib */; };
		37A346AF128C9B3F000A2540 /* VelibModel.xcdatamodel in Sources */ = {isa = PBXBuildFile; fileRef = 37A346AE128C9B3F000A2540 /* VelibModel.xcdatamodel */; };
		37A3471C128CA48C000A2540 /* CoreData.framework in Frameworks */ = {isa = PBXBuildFile; fileRef = 37A3471B128CA48C000A2540 /* CoreData.framework */; };
		37B69C2A129034D90053728D /* Locator.m in Sources */ = {isa = PBXBuildFile; fileRef = 37B69C29129034D90053728D /* Locator.m */; };
		37B69DB21290925B0053728D /* StationStatusView.m in Sources */ = {isa = PBXBuildFile; fileRef = 37B69DB11290925B0053728D /* StationStatusView.m */; };
		37C8602F117205D300B8526B /* CLLocation+Direction.m in Sources */ = {isa = PBXBuildFile; fileRef = 37C8602E117205D300B8526B /* CLLocation+Direction.m */; };
		37D188391170A5FA00950D52 /* CoreLocation.framework in Frameworks */ = {isa = PBXBuildFile; fileRef = 37D188381170A5FA00950D52 /* CoreLocation.framework */; };
		37D6AF8812CBF23700EEC835 /* VerticallyAlignedLabel.m in Sources */ = {isa = PBXBuildFile; fileRef = 37D6AF8712CBF23700EEC835 /* VerticallyAlignedLabel.m */; };
		37D6B10D12CCC93700EEC835 /* StationDetailVC.m in Sources */ = {isa = PBXBuildFile; fileRef = 37D6B10B12CCC93700EEC835 /* StationDetailVC.m */; };
		37D6B10E12CCC93700EEC835 /* StationDetailVC.xib in Resources */ = {isa = PBXBuildFile; fileRef = 37D6B10C12CCC93700EEC835 /* StationDetailVC.xib */; };
		37E37F7112A6FDE800D7AB57 /* RegionsVC.m in Sources */ = {isa = PBXBuildFile; fileRef = 37E37F6F12A6FDE800D7AB57 /* RegionsVC.m */; };
		37E37F7212A6FDE800D7AB57 /* RegionsVC.xib in Resources */ = {isa = PBXBuildFile; fileRef = 37E37F7012A6FDE800D7AB57 /* RegionsVC.xib */; };
		37E37F7912A7022F00D7AB57 /* RegionCell.m in Sources */ = {isa = PBXBuildFile; fileRef = 37E37F7812A7022F00D7AB57 /* RegionCell.m */; };
		37E37F7B12A7023E00D7AB57 /* RegionCell.xib in Resources */ = {isa = PBXBuildFile; fileRef = 37E37F7A12A7023E00D7AB57 /* RegionCell.xib */; };
		37E9531712AA29FB00C1D21C /* MapVC.m in Sources */ = {isa = PBXBuildFile; fileRef = 37E9531512AA29FB00C1D21C /* MapVC.m */; };
		37E9531812AA29FB00C1D21C /* MapVC.xib in Resources */ = {isa = PBXBuildFile; fileRef = 37E9531612AA29FB00C1D21C /* MapVC.xib */; };
		37E9532D12AA2BE000C1D21C /* MapKit.framework in Frameworks */ = {isa = PBXBuildFile; fileRef = 37E9532C12AA2BE000C1D21C /* MapKit.framework */; };
		37E9538012AA373000C1D21C /* FavoritesTab@2x.png in Resources */ = {isa = PBXBuildFile; fileRef = 37E9537D12AA373000C1D21C /* FavoritesTab@2x.png */; };
		37E9538112AA373000C1D21C /* MapTab@2x.png in Resources */ = {isa = PBXBuildFile; fileRef = 37E9537E12AA373000C1D21C /* MapTab@2x.png */; };
		37E9538612AA379B00C1D21C /* FavoritesTab.png in Resources */ = {isa = PBXBuildFile; fileRef = 37E9538312AA379B00C1D21C /* FavoritesTab.png */; };
		37E9538712AA379B00C1D21C /* MapTab.png in Resources */ = {isa = PBXBuildFile; fileRef = 37E9538412AA379B00C1D21C /* MapTab.png */; };
		37FEC45A12C93901005C6606 /* VelibHardcodedFixes.plist in Resources */ = {isa = PBXBuildFile; fileRef = 37FEC45912C93901005C6606 /* VelibHardcodedFixes.plist */; };
/* End PBXBuildFile section */

/* Begin PBXFileReference section */
		1D30AB110D05D00D00671497 /* Foundation.framework */ = {isa = PBXFileReference; lastKnownFileType = wrapper.framework; name = Foundation.framework; path = System/Library/Frameworks/Foundation.framework; sourceTree = SDKROOT; };
		1D3623240D0F684500981E51 /* BicycletteApplicationDelegate.h */ = {isa = PBXFileReference; fileEncoding = 4; lastKnownFileType = sourcecode.c.h; path = BicycletteApplicationDelegate.h; sourceTree = "<group>"; };
		1D3623250D0F684500981E51 /* BicycletteApplicationDelegate.m */ = {isa = PBXFileReference; fileEncoding = 4; lastKnownFileType = sourcecode.c.objc; path = BicycletteApplicationDelegate.m; sourceTree = "<group>"; };
		1D6058910D05DD3D006BFB54 /* Bicyclette.app */ = {isa = PBXFileReference; explicitFileType = wrapper.application; includeInIndex = 0; path = Bicyclette.app; sourceTree = BUILT_PRODUCTS_DIR; };
		1DF5F4DF0D08C38300B7A737 /* UIKit.framework */ = {isa = PBXFileReference; lastKnownFileType = wrapper.framework; name = UIKit.framework; path = System/Library/Frameworks/UIKit.framework; sourceTree = SDKROOT; };
		2892E40F0DC94CBA00A64D0F /* CoreGraphics.framework */ = {isa = PBXFileReference; lastKnownFileType = wrapper.framework; name = CoreGraphics.framework; path = System/Library/Frameworks/CoreGraphics.framework; sourceTree = SDKROOT; };
		28A0AAE50D9B0CCF005BE974 /* Bicyclette_Prefix.pch */ = {isa = PBXFileReference; fileEncoding = 4; lastKnownFileType = sourcecode.c.h; path = Bicyclette_Prefix.pch; sourceTree = "<group>"; };
		28AD735F0D9D9599002E5188 /* MainWindow.xib */ = {isa = PBXFileReference; lastKnownFileType = file.xib; path = MainWindow.xib; sourceTree = "<group>"; };
		29B97316FDCFA39411CA2CEA /* main.m */ = {isa = PBXFileReference; fileEncoding = 4; lastKnownFileType = sourcecode.c.objc; path = main.m; sourceTree = "<group>"; };
		370F7DF912F60C2700F5FC45 /* QuartzCore.framework */ = {isa = PBXFileReference; lastKnownFileType = wrapper.framework; name = QuartzCore.framework; path = System/Library/Frameworks/QuartzCore.framework; sourceTree = SDKROOT; };
		37149B6D126248F5009CDE82 /* StationsVC.h */ = {isa = PBXFileReference; fileEncoding = 4; lastKnownFileType = sourcecode.c.h; path = StationsVC.h; sourceTree = "<group>"; };
		37149B6E126248F5009CDE82 /* StationsVC.m */ = {isa = PBXFileReference; fileEncoding = 4; lastKnownFileType = sourcecode.c.objc; path = StationsVC.m; sourceTree = "<group>"; };
		37149B6F126248F5009CDE82 /* StationsVC.xib */ = {isa = PBXFileReference; lastKnownFileType = file.xib; path = StationsVC.xib; sourceTree = "<group>"; };
		37149B9312624C15009CDE82 /* NSStringAdditions.h */ = {isa = PBXFileReference; fileEncoding = 4; lastKnownFileType = sourcecode.c.h; path = NSStringAdditions.h; sourceTree = "<group>"; };
		37149B9412624C15009CDE82 /* NSStringAdditions.m */ = {isa = PBXFileReference; fileEncoding = 4; lastKnownFileType = sourcecode.c.objc; path = NSStringAdditions.m; sourceTree = "<group>"; };
		37149BBA126250D7009CDE82 /* NSArrayAdditions.h */ = {isa = PBXFileReference; fileEncoding = 4; lastKnownFileType = sourcecode.c.h; path = NSArrayAdditions.h; sourceTree = "<group>"; };
		37149BBB126250D7009CDE82 /* NSArrayAdditions.m */ = {isa = PBXFileReference; fileEncoding = 4; lastKnownFileType = sourcecode.c.objc; path = NSArrayAdditions.m; sourceTree = "<group>"; };
		37149C8212625AD7009CDE82 /* StationCell.h */ = {isa = PBXFileReference; fileEncoding = 4; lastKnownFileType = sourcecode.c.h; path = StationCell.h; sourceTree = "<group>"; };
		37149C8312625AD7009CDE82 /* StationCell.m */ = {isa = PBXFileReference; fileEncoding = 4; lastKnownFileType = sourcecode.c.objc; path = StationCell.m; sourceTree = "<group>"; };
		37149C8512625AE5009CDE82 /* StationCell.xib */ = {isa = PBXFileReference; lastKnownFileType = file.xib; path = StationCell.xib; sourceTree = "<group>"; };
		37149C8812625B94009CDE82 /* UITableViewCell+EasyReuse.h */ = {isa = PBXFileReference; fileEncoding = 4; lastKnownFileType = sourcecode.c.h; path = "UITableViewCell+EasyReuse.h"; sourceTree = "<group>"; };
		37149C8912625B94009CDE82 /* UITableViewCell+EasyReuse.m */ = {isa = PBXFileReference; fileEncoding = 4; lastKnownFileType = sourcecode.c.objc; path = "UITableViewCell+EasyReuse.m"; sourceTree = "<group>"; };
		371E1BEA137FCF7C007EFBFF /* Region.h */ = {isa = PBXFileReference; fileEncoding = 4; lastKnownFileType = sourcecode.c.h; path = Region.h; sourceTree = "<group>"; };
		371E1BEB137FCF7C007EFBFF /* Region.m */ = {isa = PBXFileReference; fileEncoding = 4; lastKnownFileType = sourcecode.c.objc; path = Region.m; sourceTree = "<group>"; };
		371E1BEC137FCF7C007EFBFF /* Station.h */ = {isa = PBXFileReference; fileEncoding = 4; lastKnownFileType = sourcecode.c.h; path = Station.h; sourceTree = "<group>"; };
		371E1BED137FCF7C007EFBFF /* Station.m */ = {isa = PBXFileReference; fileEncoding = 4; lastKnownFileType = sourcecode.c.objc; path = Station.m; sourceTree = "<group>"; };
		371E1BEF137FCF7C007EFBFF /* _Region.h */ = {isa = PBXFileReference; fileEncoding = 4; lastKnownFileType = sourcecode.c.h; path = _Region.h; sourceTree = "<group>"; };
		371E1BF0137FCF7C007EFBFF /* _Region.m */ = {isa = PBXFileReference; fileEncoding = 4; lastKnownFileType = sourcecode.c.objc; path = _Region.m; sourceTree = "<group>"; };
		371E1BF1137FCF7C007EFBFF /* _Station.h */ = {isa = PBXFileReference; fileEncoding = 4; lastKnownFileType = sourcecode.c.h; path = _Station.h; sourceTree = "<group>"; };
		371E1BF2137FCF7C007EFBFF /* _Station.m */ = {isa = PBXFileReference; fileEncoding = 4; lastKnownFileType = sourcecode.c.objc; path = _Station.m; sourceTree = "<group>"; };
		37201D7412B2DBFC0001A668 /* BicycletteBar.h */ = {isa = PBXFileReference; fileEncoding = 4; lastKnownFileType = sourcecode.c.h; path = BicycletteBar.h; sourceTree = "<group>"; };
		37201D7512B2DBFC0001A668 /* BicycletteBar.m */ = {isa = PBXFileReference; fileEncoding = 4; lastKnownFileType = sourcecode.c.objc; path = BicycletteBar.m; sourceTree = "<group>"; };
		37201E6012B2EA640001A668 /* UIImage+Tinting.h */ = {isa = PBXFileReference; fileEncoding = 4; lastKnownFileType = sourcecode.c.h; path = "UIImage+Tinting.h"; sourceTree = "<group>"; };
		37201E6112B2EA640001A668 /* UIImage+Tinting.m */ = {isa = PBXFileReference; fileEncoding = 4; lastKnownFileType = sourcecode.c.objc; path = "UIImage+Tinting.m"; sourceTree = "<group>"; };
		37201E9612B2ED040001A668 /* RegionsTab@2x.png */ = {isa = PBXFileReference; lastKnownFileType = image.png; path = "RegionsTab@2x.png"; sourceTree = "<group>"; };
		372020C012B55C900001A668 /* Model+Mapkit.h */ = {isa = PBXFileReference; fileEncoding = 4; lastKnownFileType = sourcecode.c.h; path = "Model+Mapkit.h"; sourceTree = "<group>"; };
		372020C112B55C900001A668 /* Model+Mapkit.m */ = {isa = PBXFileReference; fileEncoding = 4; lastKnownFileType = sourcecode.c.objc; path = "Model+Mapkit.m"; sourceTree = "<group>"; };
		37216BC512611C5400A2695A /* VelibModel.h */ = {isa = PBXFileReference; fileEncoding = 4; lastKnownFileType = sourcecode.c.h; path = VelibModel.h; sourceTree = "<group>"; };
		37216BC612611C5400A2695A /* VelibModel.m */ = {isa = PBXFileReference; fileEncoding = 4; lastKnownFileType = sourcecode.c.objc; path = VelibModel.m; sourceTree = "<group>"; };
		3726FFD912B55FA900516CF3 /* Locator.h */ = {isa = PBXFileReference; fileEncoding = 4; lastKnownFileType = sourcecode.c.h; path = Locator.h; sourceTree = "<group>"; };
		372BC7DF132ECB2000D12CBE /* NSData+SHA1.h */ = {isa = PBXFileReference; fileEncoding = 4; lastKnownFileType = sourcecode.c.h; path = "NSData+SHA1.h"; sourceTree = "<group>"; };
		372BC7E0132ECB2000D12CBE /* NSData+SHA1.m */ = {isa = PBXFileReference; fileEncoding = 4; lastKnownFileType = sourcecode.c.objc; path = "NSData+SHA1.m"; sourceTree = "<group>"; };
		3756EAA51297F60000113534 /* FactoryDefaults.plist */ = {isa = PBXFileReference; fileEncoding = 4; lastKnownFileType = text.plist.xml; path = FactoryDefaults.plist; sourceTree = "<group>"; };
		3756EADE1298018A00113534 /* Bicyclette-Info.plist */ = {isa = PBXFileReference; fileEncoding = 4; lastKnownFileType = text.plist.xml; path = "Bicyclette-Info.plist"; sourceTree = "<group>"; };
		3756EADF1298018A00113534 /* Default.png */ = {isa = PBXFileReference; lastKnownFileType = image.png; path = Default.png; sourceTree = "<group>"; };
		3756EAE01298018A00113534 /* Default@2x.png */ = {isa = PBXFileReference; lastKnownFileType = image.png; path = "Default@2x.png"; sourceTree = "<group>"; };
		3756EAE11298018A00113534 /* Icon.png */ = {isa = PBXFileReference; lastKnownFileType = image.png; path = Icon.png; sourceTree = "<group>"; };
		3756EAE21298018A00113534 /* Icon@2x.png */ = {isa = PBXFileReference; lastKnownFileType = image.png; path = "Icon@2x.png"; sourceTree = "<group>"; };
		3756EB5B1298085B00113534 /* Settings.bundle */ = {isa = PBXFileReference; lastKnownFileType = "wrapper.plug-in"; path = Settings.bundle; sourceTree = "<group>"; };
		3793DE1D1380295400B50118 /* CoreDataManager.h */ = {isa = PBXFileReference; fileEncoding = 4; indentWidth = 4; lastKnownFileType = sourcecode.c.h; path = CoreDataManager.h; sourceTree = "<group>"; tabWidth = 4; usesTabs = 0; wrapsLines = 0; };
		3793DE1E1380295400B50118 /* CoreDataManager.m */ = {isa = PBXFileReference; fileEncoding = 4; indentWidth = 4; lastKnownFileType = sourcecode.c.objc; path = CoreDataManager.m; sourceTree = "<group>"; tabWidth = 4; usesTabs = 0; wrapsLines = 0; };
		3793DE2013802E6100B50118 /* BicycletteDataManager.h */ = {isa = PBXFileReference; fileEncoding = 4; indentWidth = 4; lastKnownFileType = sourcecode.c.h; path = BicycletteDataManager.h; sourceTree = "<group>"; tabWidth = 4; usesTabs = 0; wrapsLines = 0; };
		3793DE2113802E6100B50118 /* BicycletteDataManager.m */ = {isa = PBXFileReference; fileEncoding = 4; indentWidth = 4; lastKnownFileType = sourcecode.c.objc; path = BicycletteDataManager.m; sourceTree = "<group>"; tabWidth = 4; usesTabs = 0; wrapsLines = 0; };
		37A34673128C42E6000A2540 /* SectionHeader.xib */ = {isa = PBXFileReference; lastKnownFileType = file.xib; path = SectionHeader.xib; sourceTree = "<group>"; };
		37A346AE128C9B3F000A2540 /* VelibModel.xcdatamodel */ = {isa = PBXFileReference; comments = "xmod\n--log-command\n"; fileEncoding = 4; lastKnownFileType = wrapper.xcdatamodel; path = VelibModel.xcdatamodel; sourceTree = "<group>"; };
		37A3471B128CA48C000A2540 /* CoreData.framework */ = {isa = PBXFileReference; lastKnownFileType = wrapper.framework; name = CoreData.framework; path = System/Library/Frameworks/CoreData.framework; sourceTree = SDKROOT; };
		37B69C29129034D90053728D /* Locator.m */ = {isa = PBXFileReference; fileEncoding = 4; lastKnownFileType = sourcecode.c.objc; path = Locator.m; sourceTree = "<group>"; };
		37B69DB01290925B0053728D /* StationStatusView.h */ = {isa = PBXFileReference; fileEncoding = 4; lastKnownFileType = sourcecode.c.h; path = StationStatusView.h; sourceTree = "<group>"; };
		37B69DB11290925B0053728D /* StationStatusView.m */ = {isa = PBXFileReference; fileEncoding = 4; lastKnownFileType = sourcecode.c.objc; path = StationStatusView.m; sourceTree = "<group>"; };
		37C8602D117205D300B8526B /* CLLocation+Direction.h */ = {isa = PBXFileReference; fileEncoding = 4; lastKnownFileType = sourcecode.c.h; path = "CLLocation+Direction.h"; sourceTree = "<group>"; };
		37C8602E117205D300B8526B /* CLLocation+Direction.m */ = {isa = PBXFileReference; fileEncoding = 4; lastKnownFileType = sourcecode.c.objc; path = "CLLocation+Direction.m"; sourceTree = "<group>"; };
		37D188381170A5FA00950D52 /* CoreLocation.framework */ = {isa = PBXFileReference; lastKnownFileType = wrapper.framework; name = CoreLocation.framework; path = System/Library/Frameworks/CoreLocation.framework; sourceTree = SDKROOT; };
		37D6AF8612CBF23700EEC835 /* VerticallyAlignedLabel.h */ = {isa = PBXFileReference; fileEncoding = 4; lastKnownFileType = sourcecode.c.h; path = VerticallyAlignedLabel.h; sourceTree = "<group>"; };
		37D6AF8712CBF23700EEC835 /* VerticallyAlignedLabel.m */ = {isa = PBXFileReference; fileEncoding = 4; lastKnownFileType = sourcecode.c.objc; path = VerticallyAlignedLabel.m; sourceTree = "<group>"; };
		37D6B10A12CCC93700EEC835 /* StationDetailVC.h */ = {isa = PBXFileReference; fileEncoding = 4; lastKnownFileType = sourcecode.c.h; path = StationDetailVC.h; sourceTree = "<group>"; };
		37D6B10B12CCC93700EEC835 /* StationDetailVC.m */ = {isa = PBXFileReference; fileEncoding = 4; lastKnownFileType = sourcecode.c.objc; path = StationDetailVC.m; sourceTree = "<group>"; };
		37D6B10C12CCC93700EEC835 /* StationDetailVC.xib */ = {isa = PBXFileReference; lastKnownFileType = file.xib; path = StationDetailVC.xib; sourceTree = "<group>"; };
		37E37F6E12A6FDE800D7AB57 /* RegionsVC.h */ = {isa = PBXFileReference; fileEncoding = 4; lastKnownFileType = sourcecode.c.h; path = RegionsVC.h; sourceTree = "<group>"; };
		37E37F6F12A6FDE800D7AB57 /* RegionsVC.m */ = {isa = PBXFileReference; fileEncoding = 4; lastKnownFileType = sourcecode.c.objc; path = RegionsVC.m; sourceTree = "<group>"; };
		37E37F7012A6FDE800D7AB57 /* RegionsVC.xib */ = {isa = PBXFileReference; lastKnownFileType = file.xib; path = RegionsVC.xib; sourceTree = "<group>"; };
		37E37F7712A7022F00D7AB57 /* RegionCell.h */ = {isa = PBXFileReference; fileEncoding = 4; lastKnownFileType = sourcecode.c.h; path = RegionCell.h; sourceTree = "<group>"; };
		37E37F7812A7022F00D7AB57 /* RegionCell.m */ = {isa = PBXFileReference; fileEncoding = 4; lastKnownFileType = sourcecode.c.objc; path = RegionCell.m; sourceTree = "<group>"; };
		37E37F7A12A7023E00D7AB57 /* RegionCell.xib */ = {isa = PBXFileReference; lastKnownFileType = file.xib; path = RegionCell.xib; sourceTree = "<group>"; };
		37E9531412AA29FB00C1D21C /* MapVC.h */ = {isa = PBXFileReference; fileEncoding = 4; lastKnownFileType = sourcecode.c.h; path = MapVC.h; sourceTree = "<group>"; };
		37E9531512AA29FB00C1D21C /* MapVC.m */ = {isa = PBXFileReference; fileEncoding = 4; lastKnownFileType = sourcecode.c.objc; path = MapVC.m; sourceTree = "<group>"; };
		37E9531612AA29FB00C1D21C /* MapVC.xib */ = {isa = PBXFileReference; lastKnownFileType = file.xib; path = MapVC.xib; sourceTree = "<group>"; };
		37E9532C12AA2BE000C1D21C /* MapKit.framework */ = {isa = PBXFileReference; lastKnownFileType = wrapper.framework; name = MapKit.framework; path = System/Library/Frameworks/MapKit.framework; sourceTree = SDKROOT; };
		37E9537D12AA373000C1D21C /* FavoritesTab@2x.png */ = {isa = PBXFileReference; lastKnownFileType = image.png; path = "FavoritesTab@2x.png"; sourceTree = "<group>"; };
		37E9537E12AA373000C1D21C /* MapTab@2x.png */ = {isa = PBXFileReference; lastKnownFileType = image.png; path = "MapTab@2x.png"; sourceTree = "<group>"; };
		37E9538312AA379B00C1D21C /* FavoritesTab.png */ = {isa = PBXFileReference; lastKnownFileType = image.png; path = FavoritesTab.png; sourceTree = "<group>"; };
		37E9538412AA379B00C1D21C /* MapTab.png */ = {isa = PBXFileReference; lastKnownFileType = image.png; path = MapTab.png; sourceTree = "<group>"; };
		37FEC45912C93901005C6606 /* VelibHardcodedFixes.plist */ = {isa = PBXFileReference; fileEncoding = 4; lastKnownFileType = text.plist.xml; path = VelibHardcodedFixes.plist; sourceTree = "<group>"; };
/* End PBXFileReference section */

/* Begin PBXFrameworksBuildPhase section */
		1D60588F0D05DD3D006BFB54 /* Frameworks */ = {
			isa = PBXFrameworksBuildPhase;
			buildActionMask = 2147483647;
			files = (
				1D60589F0D05DD5A006BFB54 /* Foundation.framework in Frameworks */,
				1DF5F4E00D08C38300B7A737 /* UIKit.framework in Frameworks */,
				2892E4100DC94CBA00A64D0F /* CoreGraphics.framework in Frameworks */,
				37D188391170A5FA00950D52 /* CoreLocation.framework in Frameworks */,
				37A3471C128CA48C000A2540 /* CoreData.framework in Frameworks */,
				37E9532D12AA2BE000C1D21C /* MapKit.framework in Frameworks */,
				370F7DFA12F60C2700F5FC45 /* QuartzCore.framework in Frameworks */,
			);
			runOnlyForDeploymentPostprocessing = 0;
		};
/* End PBXFrameworksBuildPhase section */

/* Begin PBXGroup section */
		080E96DDFE201D6D7F000001 /* UI */ = {
			isa = PBXGroup;
			children = (
				37E37F6E12A6FDE800D7AB57 /* RegionsVC.h */,
				37E37F6F12A6FDE800D7AB57 /* RegionsVC.m */,
				37E37F7012A6FDE800D7AB57 /* RegionsVC.xib */,
				37E37F7712A7022F00D7AB57 /* RegionCell.h */,
				37E37F7812A7022F00D7AB57 /* RegionCell.m */,
				37E37F7A12A7023E00D7AB57 /* RegionCell.xib */,
				37149B6D126248F5009CDE82 /* StationsVC.h */,
				37149B6E126248F5009CDE82 /* StationsVC.m */,
				37149B6F126248F5009CDE82 /* StationsVC.xib */,
				37A34673128C42E6000A2540 /* SectionHeader.xib */,
				37149C8212625AD7009CDE82 /* StationCell.h */,
				37149C8312625AD7009CDE82 /* StationCell.m */,
				37149C8512625AE5009CDE82 /* StationCell.xib */,
				37D6B10A12CCC93700EEC835 /* StationDetailVC.h */,
				37D6B10B12CCC93700EEC835 /* StationDetailVC.m */,
				37D6B10C12CCC93700EEC835 /* StationDetailVC.xib */,
				37B69DB01290925B0053728D /* StationStatusView.h */,
				37B69DB11290925B0053728D /* StationStatusView.m */,
				37E9531412AA29FB00C1D21C /* MapVC.h */,
				37E9531512AA29FB00C1D21C /* MapVC.m */,
				37E9531612AA29FB00C1D21C /* MapVC.xib */,
			);
			name = UI;
			path = Files;
			sourceTree = "<group>";
		};
		19C28FACFE9D520D11CA2CBB /* Products */ = {
			isa = PBXGroup;
			children = (
				1D6058910D05DD3D006BFB54 /* Bicyclette.app */,
			);
			name = Products;
			sourceTree = "<group>";
		};
		29B97314FDCFA39411CA2CEA /* CustomTemplate */ = {
			isa = PBXGroup;
			children = (
				3756EACB129800B600113534 /* Resources */,
				3756EA9B1297F52200113534 /* CoreResources */,
				29B97315FDCFA39411CA2CEA /* App */,
				37216A411261087300A2695A /* Model */,
				080E96DDFE201D6D7F000001 /* UI */,
				37D188291170A25C00950D52 /* Extensions */,
				29B97323FDCFA39411CA2CEA /* Frameworks */,
				19C28FACFE9D520D11CA2CBB /* Products */,
			);
			name = CustomTemplate;
			sourceTree = "<group>";
		};
		29B97315FDCFA39411CA2CEA /* App */ = {
			isa = PBXGroup;
			children = (
				28A0AAE50D9B0CCF005BE974 /* Bicyclette_Prefix.pch */,
				29B97316FDCFA39411CA2CEA /* main.m */,
				28AD735F0D9D9599002E5188 /* MainWindow.xib */,
				1D3623240D0F684500981E51 /* BicycletteApplicationDelegate.h */,
				1D3623250D0F684500981E51 /* BicycletteApplicationDelegate.m */,
			);
			name = App;
			path = Files;
			sourceTree = "<group>";
		};
		29B97323FDCFA39411CA2CEA /* Frameworks */ = {
			isa = PBXGroup;
			children = (
				37D188381170A5FA00950D52 /* CoreLocation.framework */,
				1DF5F4DF0D08C38300B7A737 /* UIKit.framework */,
				1D30AB110D05D00D00671497 /* Foundation.framework */,
				2892E40F0DC94CBA00A64D0F /* CoreGraphics.framework */,
				37A3471B128CA48C000A2540 /* CoreData.framework */,
				37E9532C12AA2BE000C1D21C /* MapKit.framework */,
				370F7DF912F60C2700F5FC45 /* QuartzCore.framework */,
			);
			name = Frameworks;
			sourceTree = "<group>";
		};
		371E1BE9137FCF7C007EFBFF /* Human */ = {
			isa = PBXGroup;
			children = (
				371E1BEA137FCF7C007EFBFF /* Region.h */,
				371E1BEB137FCF7C007EFBFF /* Region.m */,
				371E1BEC137FCF7C007EFBFF /* Station.h */,
				371E1BED137FCF7C007EFBFF /* Station.m */,
			);
			path = Human;
			sourceTree = "<group>";
		};
		371E1BEE137FCF7C007EFBFF /* Machine */ = {
			isa = PBXGroup;
			children = (
				371E1BEF137FCF7C007EFBFF /* _Region.h */,
				371E1BF0137FCF7C007EFBFF /* _Region.m */,
				371E1BF1137FCF7C007EFBFF /* _Station.h */,
				371E1BF2137FCF7C007EFBFF /* _Station.m */,
			);
			path = Machine;
			sourceTree = "<group>";
		};
		37216A411261087300A2695A /* Model */ = {
			isa = PBXGroup;
			children = (
				3793DE1D1380295400B50118 /* CoreDataManager.h */,
				3793DE1E1380295400B50118 /* CoreDataManager.m */,
				3793DE2013802E6100B50118 /* BicycletteDataManager.h */,
				3793DE2113802E6100B50118 /* BicycletteDataManager.m */,
				37216BC512611C5400A2695A /* VelibModel.h */,
				37216BC612611C5400A2695A /* VelibModel.m */,
				37A346AE128C9B3F000A2540 /* VelibModel.xcdatamodel */,
				37A346B5128C9D68000A2540 /* VelibModel */,
				3726FFD912B55FA900516CF3 /* Locator.h */,
				37B69C29129034D90053728D /* Locator.m */,
				372020C012B55C900001A668 /* Model+Mapkit.h */,
				372020C112B55C900001A668 /* Model+Mapkit.m */,
			);
			name = Model;
			path = Files;
			sourceTree = "<group>";
		};
		3756EA9B1297F52200113534 /* CoreResources */ = {
			isa = PBXGroup;
			children = (
				3756EADE1298018A00113534 /* Bicyclette-Info.plist */,
				3756EADF1298018A00113534 /* Default.png */,
				3756EAE01298018A00113534 /* Default@2x.png */,
				3756EAE11298018A00113534 /* Icon.png */,
				3756EAE21298018A00113534 /* Icon@2x.png */,
				3756EAA51297F60000113534 /* FactoryDefaults.plist */,
				3756EB5B1298085B00113534 /* Settings.bundle */,
			);
			name = CoreResources;
			path = Files;
			sourceTree = "<group>";
		};
		3756EACB129800B600113534 /* Resources */ = {
			isa = PBXGroup;
			children = (
				37E9537D12AA373000C1D21C /* FavoritesTab@2x.png */,
				37201E9612B2ED040001A668 /* RegionsTab@2x.png */,
				37E9537E12AA373000C1D21C /* MapTab@2x.png */,
				37E9538312AA379B00C1D21C /* FavoritesTab.png */,
				37E9538412AA379B00C1D21C /* MapTab.png */,
				37FEC45912C93901005C6606 /* VelibHardcodedFixes.plist */,
			);
			name = Resources;
			path = Files;
			sourceTree = "<group>";
		};
		37A346B5128C9D68000A2540 /* VelibModel */ = {
			isa = PBXGroup;
			children = (
				371E1BE9137FCF7C007EFBFF /* Human */,
				371E1BEE137FCF7C007EFBFF /* Machine */,
			);
			path = VelibModel;
			sourceTree = "<group>";
		};
		37D188291170A25C00950D52 /* Extensions */ = {
			isa = PBXGroup;
			children = (
				372BC7DF132ECB2000D12CBE /* NSData+SHA1.h */,
				372BC7E0132ECB2000D12CBE /* NSData+SHA1.m */,
				37201D7412B2DBFC0001A668 /* BicycletteBar.h */,
				37201D7512B2DBFC0001A668 /* BicycletteBar.m */,
				37149C8812625B94009CDE82 /* UITableViewCell+EasyReuse.h */,
				37149C8912625B94009CDE82 /* UITableViewCell+EasyReuse.m */,
				37149BBA126250D7009CDE82 /* NSArrayAdditions.h */,
				37149BBB126250D7009CDE82 /* NSArrayAdditions.m */,
				37149B9312624C15009CDE82 /* NSStringAdditions.h */,
				37149B9412624C15009CDE82 /* NSStringAdditions.m */,
				37C8602D117205D300B8526B /* CLLocation+Direction.h */,
				37C8602E117205D300B8526B /* CLLocation+Direction.m */,
				37201E6012B2EA640001A668 /* UIImage+Tinting.h */,
				37201E6112B2EA640001A668 /* UIImage+Tinting.m */,
				37D6AF8612CBF23700EEC835 /* VerticallyAlignedLabel.h */,
				37D6AF8712CBF23700EEC835 /* VerticallyAlignedLabel.m */,
			);
			name = Extensions;
			path = Files;
			sourceTree = "<group>";
		};
/* End PBXGroup section */

/* Begin PBXNativeTarget section */
		1D6058900D05DD3D006BFB54 /* Bicyclette */ = {
			isa = PBXNativeTarget;
			buildConfigurationList = 1D6058960D05DD3E006BFB54 /* Build configuration list for PBXNativeTarget "Bicyclette" */;
			buildPhases = (
				371E1BF8137FD03C007EFBFF /* Mogenerator */,
				1D60588D0D05DD3D006BFB54 /* Resources */,
				1D60588E0D05DD3D006BFB54 /* Sources */,
				1D60588F0D05DD3D006BFB54 /* Frameworks */,
			);
			buildRules = (
			);
			dependencies = (
			);
			name = Bicyclette;
			productName = Velib;
			productReference = 1D6058910D05DD3D006BFB54 /* Bicyclette.app */;
			productType = "com.apple.product-type.application";
		};
/* End PBXNativeTarget section */

/* Begin PBXProject section */
		29B97313FDCFA39411CA2CEA /* Project object */ = {
			isa = PBXProject;
			attributes = {
				LastUpgradeCheck = 0410;
				ORGANIZATIONNAME = "Nicolas Bouilleaud";
			};
			buildConfigurationList = C01FCF4E08A954540054247B /* Build configuration list for PBXProject "Bicyclette" */;
			compatibilityVersion = "Xcode 3.2";
			developmentRegion = English;
			hasScannedForEncodings = 1;
			knownRegions = (
				English,
				Japanese,
				French,
				German,
				en,
			);
			mainGroup = 29B97314FDCFA39411CA2CEA /* CustomTemplate */;
			projectDirPath = "";
			projectRoot = "";
			targets = (
				1D6058900D05DD3D006BFB54 /* Bicyclette */,
			);
		};
/* End PBXProject section */

/* Begin PBXResourcesBuildPhase section */
		1D60588D0D05DD3D006BFB54 /* Resources */ = {
			isa = PBXResourcesBuildPhase;
			buildActionMask = 2147483647;
			files = (
				28AD73600D9D9599002E5188 /* MainWindow.xib in Resources */,
				37149B71126248F5009CDE82 /* StationsVC.xib in Resources */,
				37149C8612625AE5009CDE82 /* StationCell.xib in Resources */,
				37A34674128C42E6000A2540 /* SectionHeader.xib in Resources */,
				3756EAA61297F60000113534 /* FactoryDefaults.plist in Resources */,
				3756EAE41298018A00113534 /* Default.png in Resources */,
				3756EAE51298018A00113534 /* Default@2x.png in Resources */,
				3756EAE61298018A00113534 /* Icon.png in Resources */,
				3756EAE71298018A00113534 /* Icon@2x.png in Resources */,
				3756EB5C1298085B00113534 /* Settings.bundle in Resources */,
				37E37F7212A6FDE800D7AB57 /* RegionsVC.xib in Resources */,
				37E37F7B12A7023E00D7AB57 /* RegionCell.xib in Resources */,
				37E9531812AA29FB00C1D21C /* MapVC.xib in Resources */,
				37E9538012AA373000C1D21C /* FavoritesTab@2x.png in Resources */,
				37E9538112AA373000C1D21C /* MapTab@2x.png in Resources */,
				37E9538612AA379B00C1D21C /* FavoritesTab.png in Resources */,
				37E9538712AA379B00C1D21C /* MapTab.png in Resources */,
				37201E9712B2ED040001A668 /* RegionsTab@2x.png in Resources */,
				37FEC45A12C93901005C6606 /* VelibHardcodedFixes.plist in Resources */,
				37D6B10E12CCC93700EEC835 /* StationDetailVC.xib in Resources */,
			);
			runOnlyForDeploymentPostprocessing = 0;
		};
/* End PBXResourcesBuildPhase section */

/* Begin PBXShellScriptBuildPhase section */
		371E1BF8137FD03C007EFBFF /* Mogenerator */ = {
			isa = PBXShellScriptBuildPhase;
			buildActionMask = 2147483647;
			files = (
			);
			inputPaths = (
			);
			name = Mogenerator;
			outputPaths = (
			);
			runOnlyForDeploymentPostprocessing = 0;
			shellPath = /bin/sh;
			shellScript = "mogenerator --model Files/VelibModel.xcdatamodel --machine-dir Files/VelibModel/Machine --human-dir Files/VelibModel/Human";
			showEnvVarsInLog = 0;
		};
/* End PBXShellScriptBuildPhase section */

/* Begin PBXSourcesBuildPhase section */
		1D60588E0D05DD3D006BFB54 /* Sources */ = {
			isa = PBXSourcesBuildPhase;
			buildActionMask = 2147483647;
			files = (
				1D60589B0D05DD56006BFB54 /* main.m in Sources */,
				1D3623260D0F684500981E51 /* BicycletteApplicationDelegate.m in Sources */,
				37C8602F117205D300B8526B /* CLLocation+Direction.m in Sources */,
				37216BC712611C5400A2695A /* VelibModel.m in Sources */,
				37149B70126248F5009CDE82 /* StationsVC.m in Sources */,
				37149B9512624C15009CDE82 /* NSStringAdditions.m in Sources */,
				37149BBC126250D7009CDE82 /* NSArrayAdditions.m in Sources */,
				37149C8412625AD7009CDE82 /* StationCell.m in Sources */,
				37149C8A12625B94009CDE82 /* UITableViewCell+EasyReuse.m in Sources */,
				37A346AF128C9B3F000A2540 /* VelibModel.xcdatamodel in Sources */,
				37B69C2A129034D90053728D /* Locator.m in Sources */,
				37B69DB21290925B0053728D /* StationStatusView.m in Sources */,
				37E37F7112A6FDE800D7AB57 /* RegionsVC.m in Sources */,
				37E37F7912A7022F00D7AB57 /* RegionCell.m in Sources */,
				37E9531712AA29FB00C1D21C /* MapVC.m in Sources */,
				37201D7612B2DBFC0001A668 /* BicycletteBar.m in Sources */,
				37201E6212B2EA640001A668 /* UIImage+Tinting.m in Sources */,
				372020C212B55C900001A668 /* Model+Mapkit.m in Sources */,
				37D6AF8812CBF23700EEC835 /* VerticallyAlignedLabel.m in Sources */,
				37D6B10D12CCC93700EEC835 /* StationDetailVC.m in Sources */,
				372BC7E1132ECB2000D12CBE /* NSData+SHA1.m in Sources */,
				371E1BF3137FCF7C007EFBFF /* Region.m in Sources */,
				371E1BF4137FCF7C007EFBFF /* Station.m in Sources */,
				371E1BF5137FCF7C007EFBFF /* _Region.m in Sources */,
				371E1BF6137FCF7C007EFBFF /* _Station.m in Sources */,
				3793DE1F1380295400B50118 /* CoreDataManager.m in Sources */,
				3793DE2213802E6100B50118 /* BicycletteDataManager.m in Sources */,
			);
			runOnlyForDeploymentPostprocessing = 0;
		};
/* End PBXSourcesBuildPhase section */

/* Begin XCBuildConfiguration section */
		1D6058940D05DD3E006BFB54 /* Debug */ = {
			isa = XCBuildConfiguration;
			buildSettings = {
				ALWAYS_SEARCH_USER_PATHS = NO;
				COPY_PHASE_STRIP = NO;
				GCC_DYNAMIC_NO_PIC = NO;
				GCC_OPTIMIZATION_LEVEL = 0;
				GCC_PRECOMPILE_PREFIX_HEADER = YES;
				GCC_PREFIX_HEADER = Files/Bicyclette_Prefix.pch;
				INFOPLIST_FILE = "Files/Bicyclette-Info.plist";
				PRODUCT_NAME = Bicyclette;
			};
			name = Debug;
		};
		1D6058950D05DD3E006BFB54 /* Release */ = {
			isa = XCBuildConfiguration;
			buildSettings = {
				ALWAYS_SEARCH_USER_PATHS = NO;
				COPY_PHASE_STRIP = YES;
				GCC_PRECOMPILE_PREFIX_HEADER = YES;
				GCC_PREFIX_HEADER = Files/Bicyclette_Prefix.pch;
				INFOPLIST_FILE = "Files/Bicyclette-Info.plist";
				PRODUCT_NAME = Bicyclette;
				VALIDATE_PRODUCT = YES;
			};
			name = Release;
		};
		C01FCF4F08A954540054247B /* Debug */ = {
			isa = XCBuildConfiguration;
			buildSettings = {
				APPLY_RULES_IN_COPY_FILES = YES;
				ARCHS = "$(ARCHS_STANDARD_32_BIT)";
				"CODE_SIGN_IDENTITY[sdk=iphoneos*]" = "iPhone Developer";
				CURRENT_PROJECT_VERSION = 1;
				GCC_C_LANGUAGE_STANDARD = gnu99;
				GCC_TREAT_IMPLICIT_FUNCTION_DECLARATIONS_AS_ERRORS = YES;
				GCC_TREAT_WARNINGS_AS_ERRORS = YES;
				GCC_VERSION = com.apple.compilers.llvm.clang.1_0;
				GCC_WARN_64_TO_32_BIT_CONVERSION = YES;
				GCC_WARN_ABOUT_MISSING_FIELD_INITIALIZERS = YES;
				GCC_WARN_ABOUT_MISSING_NEWLINE = YES;
				GCC_WARN_ABOUT_MISSING_PROTOTYPES = YES;
				GCC_WARN_ABOUT_RETURN_TYPE = YES;
				GCC_WARN_ALLOW_INCOMPLETE_PROTOCOL = YES;
				GCC_WARN_CHECK_SWITCH_STATEMENTS = YES;
				GCC_WARN_FOUR_CHARACTER_CONSTANTS = YES;
				GCC_WARN_INITIALIZER_NOT_FULLY_BRACKETED = YES;
				GCC_WARN_MISSING_PARENTHESES = YES;
				GCC_WARN_SHADOW = YES;
				GCC_WARN_SIGN_COMPARE = YES;
				GCC_WARN_STRICT_SELECTOR_MATCH = YES;
				GCC_WARN_UNDECLARED_SELECTOR = YES;
				GCC_WARN_UNINITIALIZED_AUTOS = YES;
				GCC_WARN_UNKNOWN_PRAGMAS = YES;
				GCC_WARN_UNUSED_FUNCTION = YES;
				GCC_WARN_UNUSED_LABEL = YES;
				GCC_WARN_UNUSED_VALUE = YES;
				GCC_WARN_UNUSED_VARIABLE = YES;
				INFOPLIST_PREPROCESS = YES;
				ONLY_ACTIVE_ARCH = YES;
				OTHER_CFLAGS = "-DDEBUG=1";
				RUN_CLANG_STATIC_ANALYZER = YES;
				SDKROOT = iphoneos;
				VERSIONING_SYSTEM = "apple-generic";
			};
			name = Debug;
		};
		C01FCF5008A954540054247B /* Release */ = {
			isa = XCBuildConfiguration;
			buildSettings = {
				APPLY_RULES_IN_COPY_FILES = YES;
				ARCHS = "$(ARCHS_STANDARD_32_BIT)";
				"CODE_SIGN_IDENTITY[sdk=iphoneos*]" = "iPhone Developer";
				CURRENT_PROJECT_VERSION = 1;
				GCC_C_LANGUAGE_STANDARD = gnu99;
				GCC_TREAT_IMPLICIT_FUNCTION_DECLARATIONS_AS_ERRORS = YES;
				GCC_TREAT_WARNINGS_AS_ERRORS = YES;
				GCC_VERSION = com.apple.compilers.llvm.clang.1_0;
				GCC_WARN_64_TO_32_BIT_CONVERSION = YES;
				GCC_WARN_ABOUT_MISSING_FIELD_INITIALIZERS = YES;
				GCC_WARN_ABOUT_MISSING_NEWLINE = YES;
				GCC_WARN_ABOUT_MISSING_PROTOTYPES = YES;
				GCC_WARN_ABOUT_RETURN_TYPE = YES;
				GCC_WARN_ALLOW_INCOMPLETE_PROTOCOL = YES;
				GCC_WARN_CHECK_SWITCH_STATEMENTS = YES;
				GCC_WARN_FOUR_CHARACTER_CONSTANTS = YES;
				GCC_WARN_INITIALIZER_NOT_FULLY_BRACKETED = YES;
				GCC_WARN_MISSING_PARENTHESES = YES;
				GCC_WARN_PEDANTIC = YES;
				GCC_WARN_SHADOW = YES;
				GCC_WARN_SIGN_COMPARE = YES;
				GCC_WARN_STRICT_SELECTOR_MATCH = YES;
				GCC_WARN_UNDECLARED_SELECTOR = YES;
				GCC_WARN_UNINITIALIZED_AUTOS = YES;
				GCC_WARN_UNKNOWN_PRAGMAS = YES;
				GCC_WARN_UNUSED_FUNCTION = YES;
				GCC_WARN_UNUSED_LABEL = YES;
				GCC_WARN_UNUSED_PARAMETER = NO;
				GCC_WARN_UNUSED_VALUE = YES;
				GCC_WARN_UNUSED_VARIABLE = YES;
				INFOPLIST_PREPROCESS = YES;
				ONLY_ACTIVE_ARCH = NO;
				OTHER_CFLAGS = "-DNS_BLOCK_ASSERTIONS=1";
				RUN_CLANG_STATIC_ANALYZER = YES;
				SDKROOT = iphoneos;
				VALIDATE_PRODUCT = YES;
				VERSIONING_SYSTEM = "apple-generic";
			};
			name = Release;
		};
/* End XCBuildConfiguration section */

/* Begin XCConfigurationList section */
		1D6058960D05DD3E006BFB54 /* Build configuration list for PBXNativeTarget "Bicyclette" */ = {
			isa = XCConfigurationList;
			buildConfigurations = (
				1D6058940D05DD3E006BFB54 /* Debug */,
				1D6058950D05DD3E006BFB54 /* Release */,
			);
			defaultConfigurationIsVisible = 0;
			defaultConfigurationName = Release;
		};
		C01FCF4E08A954540054247B /* Build configuration list for PBXProject "Bicyclette" */ = {
			isa = XCConfigurationList;
			buildConfigurations = (
				C01FCF4F08A954540054247B /* Debug */,
				C01FCF5008A954540054247B /* Release */,
			);
			defaultConfigurationIsVisible = 0;
			defaultConfigurationName = Release;
		};
/* End XCConfigurationList section */
	};
	rootObject = 29B97313FDCFA39411CA2CEA /* Project object */;
}
