// !$*UTF8*$!
{
	archiveVersion = 1;
	classes = {
	};
	objectVersion = 46;
	objects = {

/* Begin PBXBuildFile section */
		1D3623260D0F684500981E51 /* BicycletteApplicationDelegate.m in Sources */ = {isa = PBXBuildFile; fileRef = 1D3623250D0F684500981E51 /* BicycletteApplicationDelegate.m */; };
		1D60589B0D05DD56006BFB54 /* main.m in Sources */ = {isa = PBXBuildFile; fileRef = 29B97316FDCFA39411CA2CEA /* main.m */; };
		1D60589F0D05DD5A006BFB54 /* Foundation.framework in Frameworks */ = {isa = PBXBuildFile; fileRef = 1D30AB110D05D00D00671497 /* Foundation.framework */; };
		1DF5F4E00D08C38300B7A737 /* UIKit.framework in Frameworks */ = {isa = PBXBuildFile; fileRef = 1DF5F4DF0D08C38300B7A737 /* UIKit.framework */; };
		2892E4100DC94CBA00A64D0F /* CoreGraphics.framework in Frameworks */ = {isa = PBXBuildFile; fileRef = 2892E40F0DC94CBA00A64D0F /* CoreGraphics.framework */; };
		28AD73600D9D9599002E5188 /* MainWindow.xib in Resources */ = {isa = PBXBuildFile; fileRef = 28AD735F0D9D9599002E5188 /* MainWindow.xib */; };
		370F7DFA12F60C2700F5FC45 /* QuartzCore.framework in Frameworks */ = {isa = PBXBuildFile; fileRef = 370F7DF912F60C2700F5FC45 /* QuartzCore.framework */; };
		37149B70126248F5009CDE82 /* StationsVC.m in Sources */ = {isa = PBXBuildFile; fileRef = 37149B6E126248F5009CDE82 /* StationsVC.m */; };
		37149B71126248F5009CDE82 /* StationsVC.xib in Resources */ = {isa = PBXBuildFile; fileRef = 37149B6F126248F5009CDE82 /* StationsVC.xib */; };
		37149B9512624C15009CDE82 /* NSStringAdditions.m in Sources */ = {isa = PBXBuildFile; fileRef = 37149B9412624C15009CDE82 /* NSStringAdditions.m */; };
		37149BBC126250D7009CDE82 /* NSArrayAdditions.m in Sources */ = {isa = PBXBuildFile; fileRef = 37149BBB126250D7009CDE82 /* NSArrayAdditions.m */; };
		37149C8412625AD7009CDE82 /* StationCell.m in Sources */ = {isa = PBXBuildFile; fileRef = 37149C8312625AD7009CDE82 /* StationCell.m */; };
		37149C8612625AE5009CDE82 /* StationCell.xib in Resources */ = {isa = PBXBuildFile; fileRef = 37149C8512625AE5009CDE82 /* StationCell.xib */; };
		37149C8A12625B94009CDE82 /* UITableViewCell+NibLoaded.m in Sources */ = {isa = PBXBuildFile; fileRef = 37149C8912625B94009CDE82 /* UITableViewCell+NibLoaded.m */; };
		371D4FB51482F59000A6DF77 /* NSObject+KVCMapping.m in Sources */ = {isa = PBXBuildFile; fileRef = 37EE532113AC1C5C00D5A64C /* NSObject+KVCMapping.m */; };
		371D4FB61482F5B700A6DF77 /* NSObject+KVCMapping_Tests.m in Sources */ = {isa = PBXBuildFile; fileRef = 371D4FB31482F53E00A6DF77 /* NSObject+KVCMapping_Tests.m */; };
		371D4FC51483727F00A6DF77 /* NSObject+KVCMapping_Tests.xcdatamodeld in Sources */ = {isa = PBXBuildFile; fileRef = 371D4FC31483727F00A6DF77 /* NSObject+KVCMapping_Tests.xcdatamodeld */; };
		371D4FC81484C76100A6DF77 /* FormattedStringToDateValueTransformer.m in Sources */ = {isa = PBXBuildFile; fileRef = 371D4FC71484C76100A6DF77 /* FormattedStringToDateValueTransformer.m */; };
		371D4FC91484C76100A6DF77 /* FormattedStringToDateValueTransformer.m in Sources */ = {isa = PBXBuildFile; fileRef = 371D4FC71484C76100A6DF77 /* FormattedStringToDateValueTransformer.m */; };
		371E1BF3137FCF7C007EFBFF /* Region.m in Sources */ = {isa = PBXBuildFile; fileRef = 371E1BEB137FCF7C007EFBFF /* Region.m */; };
		371E1BF4137FCF7C007EFBFF /* Station.m in Sources */ = {isa = PBXBuildFile; fileRef = 371E1BED137FCF7C007EFBFF /* Station.m */; };
		371E1BF5137FCF7C007EFBFF /* _Region.m in Sources */ = {isa = PBXBuildFile; fileRef = 371E1BF0137FCF7C007EFBFF /* _Region.m */; };
		371E1BF6137FCF7C007EFBFF /* _Station.m in Sources */ = {isa = PBXBuildFile; fileRef = 371E1BF2137FCF7C007EFBFF /* _Station.m */; };
		37201E6212B2EA640001A668 /* UIImage+Tinting.m in Sources */ = {isa = PBXBuildFile; fileRef = 37201E6112B2EA640001A668 /* UIImage+Tinting.m */; };
		372020C212B55C900001A668 /* Model+Mapkit.m in Sources */ = {isa = PBXBuildFile; fileRef = 372020C112B55C900001A668 /* Model+Mapkit.m */; };
		37212055149EA4F3007697D1 /* VelibModel.xcdatamodel in Sources */ = {isa = PBXBuildFile; fileRef = 37212056149EA4F3007697D1 /* VelibModel.xcdatamodel */; };
		37216BC712611C5400A2695A /* VelibModel.m in Sources */ = {isa = PBXBuildFile; fileRef = 37216BC612611C5400A2695A /* VelibModel.m */; };
		372BC7E1132ECB2000D12CBE /* NSData+SHA1.m in Sources */ = {isa = PBXBuildFile; fileRef = 372BC7E0132ECB2000D12CBE /* NSData+SHA1.m */; };
		374785A3149EAAC9009186CE /* _StationList.m in Sources */ = {isa = PBXBuildFile; fileRef = 374785A2149EAAC9009186CE /* _StationList.m */; };
		374785A6149EAACF009186CE /* StationList.m in Sources */ = {isa = PBXBuildFile; fileRef = 374785A5149EAACF009186CE /* StationList.m */; };
		3756EAA61297F60000113534 /* FactoryDefaults.plist in Resources */ = {isa = PBXBuildFile; fileRef = 3756EAA51297F60000113534 /* FactoryDefaults.plist */; };
		3756EAE41298018A00113534 /* Default.png in Resources */ = {isa = PBXBuildFile; fileRef = 3756EADF1298018A00113534 /* Default.png */; };
		3756EAE51298018A00113534 /* Default@2x.png in Resources */ = {isa = PBXBuildFile; fileRef = 3756EAE01298018A00113534 /* Default@2x.png */; };
		3756EAE61298018A00113534 /* Icon.png in Resources */ = {isa = PBXBuildFile; fileRef = 3756EAE11298018A00113534 /* Icon.png */; };
		3756EAE71298018A00113534 /* Icon@2x.png in Resources */ = {isa = PBXBuildFile; fileRef = 3756EAE21298018A00113534 /* Icon@2x.png */; };
		3756EB5C1298085B00113534 /* Settings.bundle in Resources */ = {isa = PBXBuildFile; fileRef = 3756EB5B1298085B00113534 /* Settings.bundle */; };
		37822B7C1380446A009D8334 /* VelibModel+Favorites.m in Sources */ = {isa = PBXBuildFile; fileRef = 37822B7B1380446A009D8334 /* VelibModel+Favorites.m */; };
		37822B7F1380457D009D8334 /* NSFileManager+StandardPaths.m in Sources */ = {isa = PBXBuildFile; fileRef = 37822B7E1380457D009D8334 /* NSFileManager+StandardPaths.m */; };
		3786E4DE14825A7700814C10 /* SenTestingKit.framework in Frameworks */ = {isa = PBXBuildFile; fileRef = 3786E4DD14825A7700814C10 /* SenTestingKit.framework */; };
		3786E4DF14825A7700814C10 /* UIKit.framework in Frameworks */ = {isa = PBXBuildFile; fileRef = 1DF5F4DF0D08C38300B7A737 /* UIKit.framework */; };
		3786E4E014825A7700814C10 /* Foundation.framework in Frameworks */ = {isa = PBXBuildFile; fileRef = 1D30AB110D05D00D00671497 /* Foundation.framework */; };
		3786E4E914825A7700814C10 /* NSError+MultipleErrorsCombined_Tests.m in Sources */ = {isa = PBXBuildFile; fileRef = 3786E4E814825A7700814C10 /* NSError+MultipleErrorsCombined_Tests.m */; };
		3786E4EE1482EAC000814C10 /* NSError+MultipleErrorsCombined.m in Sources */ = {isa = PBXBuildFile; fileRef = 37BAD8D114269F1000AC2368 /* NSError+MultipleErrorsCombined.m */; };
		3786E4F21482EB2E00814C10 /* CoreData.framework in Frameworks */ = {isa = PBXBuildFile; fileRef = 37A3471B128CA48C000A2540 /* CoreData.framework */; };
		3793DE1F1380295400B50118 /* CoreDataManager.m in Sources */ = {isa = PBXBuildFile; fileRef = 3793DE1E1380295400B50118 /* CoreDataManager.m */; };
		3793DE2213802E6100B50118 /* DataUpdater.m in Sources */ = {isa = PBXBuildFile; fileRef = 3793DE2113802E6100B50118 /* DataUpdater.m */; };
		37A3471C128CA48C000A2540 /* CoreData.framework in Frameworks */ = {isa = PBXBuildFile; fileRef = 37A3471B128CA48C000A2540 /* CoreData.framework */; };
		37B69DB21290925B0053728D /* StationStatusView.m in Sources */ = {isa = PBXBuildFile; fileRef = 37B69DB11290925B0053728D /* StationStatusView.m */; };
		37BAD8D214269F1000AC2368 /* NSError+MultipleErrorsCombined.m in Sources */ = {isa = PBXBuildFile; fileRef = 37BAD8D114269F1000AC2368 /* NSError+MultipleErrorsCombined.m */; };
		37C189EE14861BE800F64F5B /* WarningIcon.png in Resources */ = {isa = PBXBuildFile; fileRef = 37C189ED14861BE800F64F5B /* WarningIcon.png */; };
		37C8602F117205D300B8526B /* CLLocation+Direction.m in Sources */ = {isa = PBXBuildFile; fileRef = 37C8602E117205D300B8526B /* CLLocation+Direction.m */; };
		37D188391170A5FA00950D52 /* CoreLocation.framework in Frameworks */ = {isa = PBXBuildFile; fileRef = 37D188381170A5FA00950D52 /* CoreLocation.framework */; };
		37D6AF8812CBF23700EEC835 /* VerticallyAlignedLabel.m in Sources */ = {isa = PBXBuildFile; fileRef = 37D6AF8712CBF23700EEC835 /* VerticallyAlignedLabel.m */; };
		37D6B10D12CCC93700EEC835 /* StationDetailVC.m in Sources */ = {isa = PBXBuildFile; fileRef = 37D6B10B12CCC93700EEC835 /* StationDetailVC.m */; };
		37D6B10E12CCC93700EEC835 /* StationDetailVC.xib in Resources */ = {isa = PBXBuildFile; fileRef = 37D6B10C12CCC93700EEC835 /* StationDetailVC.xib */; };
		37DA7EAE148D8B8D004EB098 /* WarningIcon@2x.png in Resources */ = {isa = PBXBuildFile; fileRef = 37DA7EAD148D8B8D004EB098 /* WarningIcon@2x.png */; };
		37E37F7112A6FDE800D7AB57 /* RegionsVC.m in Sources */ = {isa = PBXBuildFile; fileRef = 37E37F6F12A6FDE800D7AB57 /* RegionsVC.m */; };
		37E37F7212A6FDE800D7AB57 /* RegionsVC.xib in Resources */ = {isa = PBXBuildFile; fileRef = 37E37F7012A6FDE800D7AB57 /* RegionsVC.xib */; };
		37E37F7912A7022F00D7AB57 /* RegionCell.m in Sources */ = {isa = PBXBuildFile; fileRef = 37E37F7812A7022F00D7AB57 /* RegionCell.m */; };
		37E37F7B12A7023E00D7AB57 /* RegionCell.xib in Resources */ = {isa = PBXBuildFile; fileRef = 37E37F7A12A7023E00D7AB57 /* RegionCell.xib */; };
		37E9531712AA29FB00C1D21C /* MapVC.m in Sources */ = {isa = PBXBuildFile; fileRef = 37E9531512AA29FB00C1D21C /* MapVC.m */; };
		37E9532D12AA2BE000C1D21C /* MapKit.framework in Frameworks */ = {isa = PBXBuildFile; fileRef = 37E9532C12AA2BE000C1D21C /* MapKit.framework */; };
		37EE532213AC1C5C00D5A64C /* NSObject+KVCMapping.m in Sources */ = {isa = PBXBuildFile; fileRef = 37EE532113AC1C5C00D5A64C /* NSObject+KVCMapping.m */; };
		37FEC45A12C93901005C6606 /* VelibHardcodedFixes.plist in Resources */ = {isa = PBXBuildFile; fileRef = 37FEC45912C93901005C6606 /* VelibHardcodedFixes.plist */; };
/* End PBXBuildFile section */

/* Begin PBXContainerItemProxy section */
		371D4FB71482F66700A6DF77 /* PBXContainerItemProxy */ = {
			isa = PBXContainerItemProxy;
			containerPortal = 29B97313FDCFA39411CA2CEA /* Project object */;
			proxyType = 1;
			remoteGlobalIDString = 1D6058900D05DD3D006BFB54;
			remoteInfo = Bicyclette;
		};
/* End PBXContainerItemProxy section */

/* Begin PBXFileReference section */
		1D30AB110D05D00D00671497 /* Foundation.framework */ = {isa = PBXFileReference; lastKnownFileType = wrapper.framework; name = Foundation.framework; path = System/Library/Frameworks/Foundation.framework; sourceTree = SDKROOT; };
		1D3623240D0F684500981E51 /* BicycletteApplicationDelegate.h */ = {isa = PBXFileReference; fileEncoding = 4; lastKnownFileType = sourcecode.c.h; path = BicycletteApplicationDelegate.h; sourceTree = "<group>"; };
		1D3623250D0F684500981E51 /* BicycletteApplicationDelegate.m */ = {isa = PBXFileReference; fileEncoding = 4; lastKnownFileType = sourcecode.c.objc; path = BicycletteApplicationDelegate.m; sourceTree = "<group>"; };
		1D6058910D05DD3D006BFB54 /* Bicyclette.app */ = {isa = PBXFileReference; explicitFileType = wrapper.application; includeInIndex = 0; path = Bicyclette.app; sourceTree = BUILT_PRODUCTS_DIR; };
		1DF5F4DF0D08C38300B7A737 /* UIKit.framework */ = {isa = PBXFileReference; lastKnownFileType = wrapper.framework; name = UIKit.framework; path = System/Library/Frameworks/UIKit.framework; sourceTree = SDKROOT; };
		2892E40F0DC94CBA00A64D0F /* CoreGraphics.framework */ = {isa = PBXFileReference; lastKnownFileType = wrapper.framework; name = CoreGraphics.framework; path = System/Library/Frameworks/CoreGraphics.framework; sourceTree = SDKROOT; };
		28A0AAE50D9B0CCF005BE974 /* Prefix.pch */ = {isa = PBXFileReference; fileEncoding = 4; lastKnownFileType = sourcecode.c.h; path = Prefix.pch; sourceTree = "<group>"; };
		28AD735F0D9D9599002E5188 /* MainWindow.xib */ = {isa = PBXFileReference; lastKnownFileType = file.xib; path = MainWindow.xib; sourceTree = "<group>"; };
		29B97316FDCFA39411CA2CEA /* main.m */ = {isa = PBXFileReference; fileEncoding = 4; lastKnownFileType = sourcecode.c.objc; path = main.m; sourceTree = "<group>"; };
		370F7DF912F60C2700F5FC45 /* QuartzCore.framework */ = {isa = PBXFileReference; lastKnownFileType = wrapper.framework; name = QuartzCore.framework; path = System/Library/Frameworks/QuartzCore.framework; sourceTree = SDKROOT; };
		37149B6D126248F5009CDE82 /* StationsVC.h */ = {isa = PBXFileReference; fileEncoding = 4; lastKnownFileType = sourcecode.c.h; path = StationsVC.h; sourceTree = "<group>"; };
		37149B6E126248F5009CDE82 /* StationsVC.m */ = {isa = PBXFileReference; fileEncoding = 4; lastKnownFileType = sourcecode.c.objc; path = StationsVC.m; sourceTree = "<group>"; };
		37149B6F126248F5009CDE82 /* StationsVC.xib */ = {isa = PBXFileReference; lastKnownFileType = file.xib; path = StationsVC.xib; sourceTree = "<group>"; };
		37149B9312624C15009CDE82 /* NSStringAdditions.h */ = {isa = PBXFileReference; fileEncoding = 4; lastKnownFileType = sourcecode.c.h; path = NSStringAdditions.h; sourceTree = "<group>"; };
		37149B9412624C15009CDE82 /* NSStringAdditions.m */ = {isa = PBXFileReference; fileEncoding = 4; lastKnownFileType = sourcecode.c.objc; path = NSStringAdditions.m; sourceTree = "<group>"; };
		37149BBA126250D7009CDE82 /* NSArrayAdditions.h */ = {isa = PBXFileReference; fileEncoding = 4; lastKnownFileType = sourcecode.c.h; path = NSArrayAdditions.h; sourceTree = "<group>"; };
		37149BBB126250D7009CDE82 /* NSArrayAdditions.m */ = {isa = PBXFileReference; fileEncoding = 4; lastKnownFileType = sourcecode.c.objc; path = NSArrayAdditions.m; sourceTree = "<group>"; };
		37149C8212625AD7009CDE82 /* StationCell.h */ = {isa = PBXFileReference; fileEncoding = 4; lastKnownFileType = sourcecode.c.h; path = StationCell.h; sourceTree = "<group>"; };
		37149C8312625AD7009CDE82 /* StationCell.m */ = {isa = PBXFileReference; fileEncoding = 4; lastKnownFileType = sourcecode.c.objc; path = StationCell.m; sourceTree = "<group>"; };
		37149C8512625AE5009CDE82 /* StationCell.xib */ = {isa = PBXFileReference; lastKnownFileType = file.xib; path = StationCell.xib; sourceTree = "<group>"; };
		37149C8812625B94009CDE82 /* UITableViewCell+NibLoaded.h */ = {isa = PBXFileReference; fileEncoding = 4; lastKnownFileType = sourcecode.c.h; path = "UITableViewCell+NibLoaded.h"; sourceTree = "<group>"; };
		37149C8912625B94009CDE82 /* UITableViewCell+NibLoaded.m */ = {isa = PBXFileReference; fileEncoding = 4; lastKnownFileType = sourcecode.c.objc; path = "UITableViewCell+NibLoaded.m"; sourceTree = "<group>"; };
		371D4FB31482F53E00A6DF77 /* NSObject+KVCMapping_Tests.m */ = {isa = PBXFileReference; fileEncoding = 4; lastKnownFileType = sourcecode.c.objc; path = "NSObject+KVCMapping_Tests.m"; sourceTree = "<group>"; };
		371D4FC41483727F00A6DF77 /* NSObject+KVCMapping_Tests.xcdatamodel */ = {isa = PBXFileReference; lastKnownFileType = wrapper.xcdatamodel; path = "NSObject+KVCMapping_Tests.xcdatamodel"; sourceTree = "<group>"; };
		371D4FC61484C76100A6DF77 /* FormattedStringToDateValueTransformer.h */ = {isa = PBXFileReference; fileEncoding = 4; lastKnownFileType = sourcecode.c.h; path = FormattedStringToDateValueTransformer.h; sourceTree = "<group>"; };
		371D4FC71484C76100A6DF77 /* FormattedStringToDateValueTransformer.m */ = {isa = PBXFileReference; fileEncoding = 4; lastKnownFileType = sourcecode.c.objc; path = FormattedStringToDateValueTransformer.m; sourceTree = "<group>"; };
		371E1BEA137FCF7C007EFBFF /* Region.h */ = {isa = PBXFileReference; fileEncoding = 4; lastKnownFileType = sourcecode.c.h; path = Region.h; sourceTree = "<group>"; };
		371E1BEB137FCF7C007EFBFF /* Region.m */ = {isa = PBXFileReference; fileEncoding = 4; lastKnownFileType = sourcecode.c.objc; path = Region.m; sourceTree = "<group>"; };
		371E1BEC137FCF7C007EFBFF /* Station.h */ = {isa = PBXFileReference; fileEncoding = 4; lastKnownFileType = sourcecode.c.h; path = Station.h; sourceTree = "<group>"; };
		371E1BED137FCF7C007EFBFF /* Station.m */ = {isa = PBXFileReference; fileEncoding = 4; lastKnownFileType = sourcecode.c.objc; path = Station.m; sourceTree = "<group>"; };
		371E1BEF137FCF7C007EFBFF /* _Region.h */ = {isa = PBXFileReference; fileEncoding = 4; lastKnownFileType = sourcecode.c.h; path = _Region.h; sourceTree = "<group>"; };
		371E1BF0137FCF7C007EFBFF /* _Region.m */ = {isa = PBXFileReference; fileEncoding = 4; lastKnownFileType = sourcecode.c.objc; path = _Region.m; sourceTree = "<group>"; };
		371E1BF1137FCF7C007EFBFF /* _Station.h */ = {isa = PBXFileReference; fileEncoding = 4; lastKnownFileType = sourcecode.c.h; path = _Station.h; sourceTree = "<group>"; };
		371E1BF2137FCF7C007EFBFF /* _Station.m */ = {isa = PBXFileReference; fileEncoding = 4; lastKnownFileType = sourcecode.c.objc; path = _Station.m; sourceTree = "<group>"; };
		37201E6012B2EA640001A668 /* UIImage+Tinting.h */ = {isa = PBXFileReference; fileEncoding = 4; lastKnownFileType = sourcecode.c.h; path = "UIImage+Tinting.h"; sourceTree = "<group>"; };
		37201E6112B2EA640001A668 /* UIImage+Tinting.m */ = {isa = PBXFileReference; fileEncoding = 4; lastKnownFileType = sourcecode.c.objc; path = "UIImage+Tinting.m"; sourceTree = "<group>"; };
		372020C012B55C900001A668 /* Model+Mapkit.h */ = {isa = PBXFileReference; fileEncoding = 4; lastKnownFileType = sourcecode.c.h; path = "Model+Mapkit.h"; sourceTree = "<group>"; };
		372020C112B55C900001A668 /* Model+Mapkit.m */ = {isa = PBXFileReference; fileEncoding = 4; lastKnownFileType = sourcecode.c.objc; path = "Model+Mapkit.m"; sourceTree = "<group>"; };
		37212056149EA4F3007697D1 /* VelibModel.xcdatamodel */ = {isa = PBXFileReference; lastKnownFileType = wrapper.xcdatamodel; path = VelibModel.xcdatamodel; sourceTree = "<group>"; };
		37216BC512611C5400A2695A /* VelibModel.h */ = {isa = PBXFileReference; fileEncoding = 4; lastKnownFileType = sourcecode.c.h; path = VelibModel.h; sourceTree = "<group>"; };
		37216BC612611C5400A2695A /* VelibModel.m */ = {isa = PBXFileReference; fileEncoding = 4; lastKnownFileType = sourcecode.c.objc; path = VelibModel.m; sourceTree = "<group>"; };
		372BC7DF132ECB2000D12CBE /* NSData+SHA1.h */ = {isa = PBXFileReference; fileEncoding = 4; lastKnownFileType = sourcecode.c.h; path = "NSData+SHA1.h"; sourceTree = "<group>"; };
		372BC7E0132ECB2000D12CBE /* NSData+SHA1.m */ = {isa = PBXFileReference; fileEncoding = 4; lastKnownFileType = sourcecode.c.objc; path = "NSData+SHA1.m"; sourceTree = "<group>"; };
		374785A1149EAAC9009186CE /* _StationList.h */ = {isa = PBXFileReference; fileEncoding = 4; lastKnownFileType = sourcecode.c.h; path = _StationList.h; sourceTree = "<group>"; };
		374785A2149EAAC9009186CE /* _StationList.m */ = {isa = PBXFileReference; fileEncoding = 4; lastKnownFileType = sourcecode.c.objc; path = _StationList.m; sourceTree = "<group>"; };
		374785A4149EAACF009186CE /* StationList.h */ = {isa = PBXFileReference; fileEncoding = 4; lastKnownFileType = sourcecode.c.h; path = StationList.h; sourceTree = "<group>"; };
		374785A5149EAACF009186CE /* StationList.m */ = {isa = PBXFileReference; fileEncoding = 4; lastKnownFileType = sourcecode.c.objc; path = StationList.m; sourceTree = "<group>"; };
		3756EAA51297F60000113534 /* FactoryDefaults.plist */ = {isa = PBXFileReference; fileEncoding = 4; lastKnownFileType = text.plist.xml; path = FactoryDefaults.plist; sourceTree = "<group>"; };
		3756EADE1298018A00113534 /* Info.plist */ = {isa = PBXFileReference; fileEncoding = 4; lastKnownFileType = text.plist.xml; path = Info.plist; sourceTree = "<group>"; };
		3756EADF1298018A00113534 /* Default.png */ = {isa = PBXFileReference; lastKnownFileType = image.png; path = Default.png; sourceTree = "<group>"; };
		3756EAE01298018A00113534 /* Default@2x.png */ = {isa = PBXFileReference; lastKnownFileType = image.png; path = "Default@2x.png"; sourceTree = "<group>"; };
		3756EAE11298018A00113534 /* Icon.png */ = {isa = PBXFileReference; lastKnownFileType = image.png; path = Icon.png; sourceTree = "<group>"; };
		3756EAE21298018A00113534 /* Icon@2x.png */ = {isa = PBXFileReference; lastKnownFileType = image.png; path = "Icon@2x.png"; sourceTree = "<group>"; };
		3756EB5B1298085B00113534 /* Settings.bundle */ = {isa = PBXFileReference; lastKnownFileType = "wrapper.plug-in"; path = Settings.bundle; sourceTree = "<group>"; };
		3770B22D14E9765A0003BBA8 /* carto.xml */ = {isa = PBXFileReference; lastKnownFileType = text.xml; path = carto.xml; sourceTree = "<group>"; };
		3770B22E14E976C20003BBA8 /* Paris.gpx */ = {isa = PBXFileReference; lastKnownFileType = text.xml; path = Paris.gpx; sourceTree = "<group>"; };
		37822B7A1380446A009D8334 /* VelibModel+Favorites.h */ = {isa = PBXFileReference; fileEncoding = 4; lastKnownFileType = sourcecode.c.h; path = "VelibModel+Favorites.h"; sourceTree = "<group>"; };
		37822B7B1380446A009D8334 /* VelibModel+Favorites.m */ = {isa = PBXFileReference; fileEncoding = 4; lastKnownFileType = sourcecode.c.objc; path = "VelibModel+Favorites.m"; sourceTree = "<group>"; };
		37822B7D1380457D009D8334 /* NSFileManager+StandardPaths.h */ = {isa = PBXFileReference; fileEncoding = 4; lastKnownFileType = sourcecode.c.h; path = "NSFileManager+StandardPaths.h"; sourceTree = "<group>"; };
		37822B7E1380457D009D8334 /* NSFileManager+StandardPaths.m */ = {isa = PBXFileReference; fileEncoding = 4; lastKnownFileType = sourcecode.c.objc; path = "NSFileManager+StandardPaths.m"; sourceTree = "<group>"; };
		3786E4DC14825A7700814C10 /* BicycletteLogicTests.octest */ = {isa = PBXFileReference; explicitFileType = wrapper.cfbundle; includeInIndex = 0; path = BicycletteLogicTests.octest; sourceTree = BUILT_PRODUCTS_DIR; };
		3786E4DD14825A7700814C10 /* SenTestingKit.framework */ = {isa = PBXFileReference; lastKnownFileType = wrapper.framework; name = SenTestingKit.framework; path = Library/Frameworks/SenTestingKit.framework; sourceTree = DEVELOPER_DIR; };
		3786E4E314825A7700814C10 /* Info.plist */ = {isa = PBXFileReference; lastKnownFileType = text.plist.xml; path = Info.plist; sourceTree = "<group>"; };
		3786E4E814825A7700814C10 /* NSError+MultipleErrorsCombined_Tests.m */ = {isa = PBXFileReference; lastKnownFileType = sourcecode.c.objc; path = "NSError+MultipleErrorsCombined_Tests.m"; sourceTree = "<group>"; };
		3786E4EA14825A7700814C10 /* Prefix.pch */ = {isa = PBXFileReference; lastKnownFileType = sourcecode.c.h; path = Prefix.pch; sourceTree = "<group>"; };
		3793DE1D1380295400B50118 /* CoreDataManager.h */ = {isa = PBXFileReference; fileEncoding = 4; indentWidth = 4; lastKnownFileType = sourcecode.c.h; path = CoreDataManager.h; sourceTree = "<group>"; tabWidth = 4; usesTabs = 0; wrapsLines = 0; };
		3793DE1E1380295400B50118 /* CoreDataManager.m */ = {isa = PBXFileReference; fileEncoding = 4; indentWidth = 4; lastKnownFileType = sourcecode.c.objc; path = CoreDataManager.m; sourceTree = "<group>"; tabWidth = 4; usesTabs = 0; wrapsLines = 0; };
		3793DE2013802E6100B50118 /* DataUpdater.h */ = {isa = PBXFileReference; fileEncoding = 4; indentWidth = 4; lastKnownFileType = sourcecode.c.h; path = DataUpdater.h; sourceTree = "<group>"; tabWidth = 4; usesTabs = 0; wrapsLines = 0; };
		3793DE2113802E6100B50118 /* DataUpdater.m */ = {isa = PBXFileReference; fileEncoding = 4; indentWidth = 4; lastKnownFileType = sourcecode.c.objc; path = DataUpdater.m; sourceTree = "<group>"; tabWidth = 4; usesTabs = 0; wrapsLines = 0; };
		37A3471B128CA48C000A2540 /* CoreData.framework */ = {isa = PBXFileReference; lastKnownFileType = wrapper.framework; name = CoreData.framework; path = System/Library/Frameworks/CoreData.framework; sourceTree = SDKROOT; };
		37B69DB01290925B0053728D /* StationStatusView.h */ = {isa = PBXFileReference; fileEncoding = 4; lastKnownFileType = sourcecode.c.h; path = StationStatusView.h; sourceTree = "<group>"; };
		37B69DB11290925B0053728D /* StationStatusView.m */ = {isa = PBXFileReference; fileEncoding = 4; lastKnownFileType = sourcecode.c.objc; path = StationStatusView.m; sourceTree = "<group>"; };
		37BAD8D014269F1000AC2368 /* NSError+MultipleErrorsCombined.h */ = {isa = PBXFileReference; fileEncoding = 4; lastKnownFileType = sourcecode.c.h; path = "NSError+MultipleErrorsCombined.h"; sourceTree = "<group>"; };
		37BAD8D114269F1000AC2368 /* NSError+MultipleErrorsCombined.m */ = {isa = PBXFileReference; fileEncoding = 4; lastKnownFileType = sourcecode.c.objc; path = "NSError+MultipleErrorsCombined.m"; sourceTree = "<group>"; };
		37C189ED14861BE800F64F5B /* WarningIcon.png */ = {isa = PBXFileReference; lastKnownFileType = image.png; path = WarningIcon.png; sourceTree = "<group>"; };
		37C8602D117205D300B8526B /* CLLocation+Direction.h */ = {isa = PBXFileReference; fileEncoding = 4; lastKnownFileType = sourcecode.c.h; path = "CLLocation+Direction.h"; sourceTree = "<group>"; };
		37C8602E117205D300B8526B /* CLLocation+Direction.m */ = {isa = PBXFileReference; fileEncoding = 4; lastKnownFileType = sourcecode.c.objc; path = "CLLocation+Direction.m"; sourceTree = "<group>"; };
		37D188381170A5FA00950D52 /* CoreLocation.framework */ = {isa = PBXFileReference; lastKnownFileType = wrapper.framework; name = CoreLocation.framework; path = System/Library/Frameworks/CoreLocation.framework; sourceTree = SDKROOT; };
		37D6AF8612CBF23700EEC835 /* VerticallyAlignedLabel.h */ = {isa = PBXFileReference; fileEncoding = 4; lastKnownFileType = sourcecode.c.h; path = VerticallyAlignedLabel.h; sourceTree = "<group>"; };
		37D6AF8712CBF23700EEC835 /* VerticallyAlignedLabel.m */ = {isa = PBXFileReference; fileEncoding = 4; lastKnownFileType = sourcecode.c.objc; path = VerticallyAlignedLabel.m; sourceTree = "<group>"; };
		37D6B10A12CCC93700EEC835 /* StationDetailVC.h */ = {isa = PBXFileReference; fileEncoding = 4; lastKnownFileType = sourcecode.c.h; path = StationDetailVC.h; sourceTree = "<group>"; };
		37D6B10B12CCC93700EEC835 /* StationDetailVC.m */ = {isa = PBXFileReference; fileEncoding = 4; lastKnownFileType = sourcecode.c.objc; path = StationDetailVC.m; sourceTree = "<group>"; };
		37D6B10C12CCC93700EEC835 /* StationDetailVC.xib */ = {isa = PBXFileReference; lastKnownFileType = file.xib; path = StationDetailVC.xib; sourceTree = "<group>"; };
		37DA7EAD148D8B8D004EB098 /* WarningIcon@2x.png */ = {isa = PBXFileReference; lastKnownFileType = image.png; path = "WarningIcon@2x.png"; sourceTree = "<group>"; };
		37E37F6E12A6FDE800D7AB57 /* RegionsVC.h */ = {isa = PBXFileReference; fileEncoding = 4; lastKnownFileType = sourcecode.c.h; path = RegionsVC.h; sourceTree = "<group>"; };
		37E37F6F12A6FDE800D7AB57 /* RegionsVC.m */ = {isa = PBXFileReference; fileEncoding = 4; lastKnownFileType = sourcecode.c.objc; path = RegionsVC.m; sourceTree = "<group>"; };
		37E37F7012A6FDE800D7AB57 /* RegionsVC.xib */ = {isa = PBXFileReference; lastKnownFileType = file.xib; path = RegionsVC.xib; sourceTree = "<group>"; };
		37E37F7712A7022F00D7AB57 /* RegionCell.h */ = {isa = PBXFileReference; fileEncoding = 4; lastKnownFileType = sourcecode.c.h; path = RegionCell.h; sourceTree = "<group>"; };
		37E37F7812A7022F00D7AB57 /* RegionCell.m */ = {isa = PBXFileReference; fileEncoding = 4; lastKnownFileType = sourcecode.c.objc; path = RegionCell.m; sourceTree = "<group>"; };
		37E37F7A12A7023E00D7AB57 /* RegionCell.xib */ = {isa = PBXFileReference; lastKnownFileType = file.xib; path = RegionCell.xib; sourceTree = "<group>"; };
		37E9531412AA29FB00C1D21C /* MapVC.h */ = {isa = PBXFileReference; fileEncoding = 4; lastKnownFileType = sourcecode.c.h; path = MapVC.h; sourceTree = "<group>"; };
		37E9531512AA29FB00C1D21C /* MapVC.m */ = {isa = PBXFileReference; fileEncoding = 4; lastKnownFileType = sourcecode.c.objc; path = MapVC.m; sourceTree = "<group>"; };
		37E9532C12AA2BE000C1D21C /* MapKit.framework */ = {isa = PBXFileReference; lastKnownFileType = wrapper.framework; name = MapKit.framework; path = System/Library/Frameworks/MapKit.framework; sourceTree = SDKROOT; };
		37EE532013AC1C5C00D5A64C /* NSObject+KVCMapping.h */ = {isa = PBXFileReference; fileEncoding = 4; lastKnownFileType = sourcecode.c.h; path = "NSObject+KVCMapping.h"; sourceTree = "<group>"; };
		37EE532113AC1C5C00D5A64C /* NSObject+KVCMapping.m */ = {isa = PBXFileReference; fileEncoding = 4; lastKnownFileType = sourcecode.c.objc; path = "NSObject+KVCMapping.m"; sourceTree = "<group>"; };
		37FEC45912C93901005C6606 /* VelibHardcodedFixes.plist */ = {isa = PBXFileReference; fileEncoding = 4; lastKnownFileType = text.plist.xml; path = VelibHardcodedFixes.plist; sourceTree = "<group>"; };
/* End PBXFileReference section */

/* Begin PBXFrameworksBuildPhase section */
		1D60588F0D05DD3D006BFB54 /* Frameworks */ = {
			isa = PBXFrameworksBuildPhase;
			buildActionMask = 2147483647;
			files = (
				1D60589F0D05DD5A006BFB54 /* Foundation.framework in Frameworks */,
				1DF5F4E00D08C38300B7A737 /* UIKit.framework in Frameworks */,
				2892E4100DC94CBA00A64D0F /* CoreGraphics.framework in Frameworks */,
				37D188391170A5FA00950D52 /* CoreLocation.framework in Frameworks */,
				37A3471C128CA48C000A2540 /* CoreData.framework in Frameworks */,
				37E9532D12AA2BE000C1D21C /* MapKit.framework in Frameworks */,
				370F7DFA12F60C2700F5FC45 /* QuartzCore.framework in Frameworks */,
			);
			runOnlyForDeploymentPostprocessing = 0;
		};
		3786E4D814825A7700814C10 /* Frameworks */ = {
			isa = PBXFrameworksBuildPhase;
			buildActionMask = 2147483647;
			files = (
				3786E4DE14825A7700814C10 /* SenTestingKit.framework in Frameworks */,
				3786E4DF14825A7700814C10 /* UIKit.framework in Frameworks */,
				3786E4E014825A7700814C10 /* Foundation.framework in Frameworks */,
				3786E4F21482EB2E00814C10 /* CoreData.framework in Frameworks */,
			);
			runOnlyForDeploymentPostprocessing = 0;
		};
/* End PBXFrameworksBuildPhase section */

/* Begin PBXGroup section */
		080E96DDFE201D6D7F000001 /* UI */ = {
			isa = PBXGroup;
			children = (
				37E37F6E12A6FDE800D7AB57 /* RegionsVC.h */,
				37E37F6F12A6FDE800D7AB57 /* RegionsVC.m */,
				37E37F7012A6FDE800D7AB57 /* RegionsVC.xib */,
				37E37F7712A7022F00D7AB57 /* RegionCell.h */,
				37E37F7812A7022F00D7AB57 /* RegionCell.m */,
				37E37F7A12A7023E00D7AB57 /* RegionCell.xib */,
				37149B6D126248F5009CDE82 /* StationsVC.h */,
				37149B6E126248F5009CDE82 /* StationsVC.m */,
				37149B6F126248F5009CDE82 /* StationsVC.xib */,
				37149C8212625AD7009CDE82 /* StationCell.h */,
				37149C8312625AD7009CDE82 /* StationCell.m */,
				37149C8512625AE5009CDE82 /* StationCell.xib */,
				37D6B10A12CCC93700EEC835 /* StationDetailVC.h */,
				37D6B10B12CCC93700EEC835 /* StationDetailVC.m */,
				37D6B10C12CCC93700EEC835 /* StationDetailVC.xib */,
				37B69DB01290925B0053728D /* StationStatusView.h */,
				37B69DB11290925B0053728D /* StationStatusView.m */,
				37E9531412AA29FB00C1D21C /* MapVC.h */,
				37E9531512AA29FB00C1D21C /* MapVC.m */,
			);
			name = UI;
			path = Files;
			sourceTree = "<group>";
		};
		19C28FACFE9D520D11CA2CBB /* Products */ = {
			isa = PBXGroup;
			children = (
				1D6058910D05DD3D006BFB54 /* Bicyclette.app */,
				3786E4DC14825A7700814C10 /* BicycletteLogicTests.octest */,
			);
			name = Products;
			sourceTree = "<group>";
		};
		29B97314FDCFA39411CA2CEA /* CustomTemplate */ = {
			isa = PBXGroup;
			children = (
				3756EACB129800B600113534 /* Resources */,
				3756EA9B1297F52200113534 /* CoreResources */,
				29B97315FDCFA39411CA2CEA /* App */,
				37216A411261087300A2695A /* Model */,
				080E96DDFE201D6D7F000001 /* UI */,
				37D188291170A25C00950D52 /* Extensions */,
				3786E4E114825A7700814C10 /* LogicTests */,
				3770B22C14E976590003BBA8 /* TestData */,
				29B97323FDCFA39411CA2CEA /* Frameworks */,
				19C28FACFE9D520D11CA2CBB /* Products */,
			);
			name = CustomTemplate;
			sourceTree = "<group>";
		};
		29B97315FDCFA39411CA2CEA /* App */ = {
			isa = PBXGroup;
			children = (
				28A0AAE50D9B0CCF005BE974 /* Prefix.pch */,
				29B97316FDCFA39411CA2CEA /* main.m */,
				28AD735F0D9D9599002E5188 /* MainWindow.xib */,
				1D3623240D0F684500981E51 /* BicycletteApplicationDelegate.h */,
				1D3623250D0F684500981E51 /* BicycletteApplicationDelegate.m */,
			);
			name = App;
			path = Files;
			sourceTree = "<group>";
		};
		29B97323FDCFA39411CA2CEA /* Frameworks */ = {
			isa = PBXGroup;
			children = (
				37D188381170A5FA00950D52 /* CoreLocation.framework */,
				1DF5F4DF0D08C38300B7A737 /* UIKit.framework */,
				1D30AB110D05D00D00671497 /* Foundation.framework */,
				2892E40F0DC94CBA00A64D0F /* CoreGraphics.framework */,
				37A3471B128CA48C000A2540 /* CoreData.framework */,
				37E9532C12AA2BE000C1D21C /* MapKit.framework */,
				370F7DF912F60C2700F5FC45 /* QuartzCore.framework */,
				3786E4DD14825A7700814C10 /* SenTestingKit.framework */,
			);
			name = Frameworks;
			sourceTree = "<group>";
		};
		371E1BE9137FCF7C007EFBFF /* Human */ = {
			isa = PBXGroup;
			children = (
				371E1BEA137FCF7C007EFBFF /* Region.h */,
				371E1BEB137FCF7C007EFBFF /* Region.m */,
				371E1BEC137FCF7C007EFBFF /* Station.h */,
				371E1BED137FCF7C007EFBFF /* Station.m */,
				374785A4149EAACF009186CE /* StationList.h */,
				374785A5149EAACF009186CE /* StationList.m */,
			);
			path = Human;
			sourceTree = "<group>";
		};
		371E1BEE137FCF7C007EFBFF /* Machine */ = {
			isa = PBXGroup;
			children = (
				371E1BEF137FCF7C007EFBFF /* _Region.h */,
				371E1BF0137FCF7C007EFBFF /* _Region.m */,
				371E1BF1137FCF7C007EFBFF /* _Station.h */,
				371E1BF2137FCF7C007EFBFF /* _Station.m */,
				374785A1149EAAC9009186CE /* _StationList.h */,
				374785A2149EAAC9009186CE /* _StationList.m */,
			);
			path = Machine;
			sourceTree = "<group>";
		};
		37216A411261087300A2695A /* Model */ = {
			isa = PBXGroup;
			children = (
				3793DE1D1380295400B50118 /* CoreDataManager.h */,
				3793DE1E1380295400B50118 /* CoreDataManager.m */,
				3793DE2013802E6100B50118 /* DataUpdater.h */,
				3793DE2113802E6100B50118 /* DataUpdater.m */,
				37216BC512611C5400A2695A /* VelibModel.h */,
				37216BC612611C5400A2695A /* VelibModel.m */,
				37822B7A1380446A009D8334 /* VelibModel+Favorites.h */,
				37822B7B1380446A009D8334 /* VelibModel+Favorites.m */,
				37212056149EA4F3007697D1 /* VelibModel.xcdatamodel */,
				37FEC45912C93901005C6606 /* VelibHardcodedFixes.plist */,
				37A346B5128C9D68000A2540 /* VelibModel */,
				372020C012B55C900001A668 /* Model+Mapkit.h */,
				372020C112B55C900001A668 /* Model+Mapkit.m */,
			);
			name = Model;
			path = Files;
			sourceTree = "<group>";
		};
		3756EA9B1297F52200113534 /* CoreResources */ = {
			isa = PBXGroup;
			children = (
				3756EADE1298018A00113534 /* Info.plist */,
				3756EADF1298018A00113534 /* Default.png */,
				3756EAE01298018A00113534 /* Default@2x.png */,
				3756EAE11298018A00113534 /* Icon.png */,
				3756EAE21298018A00113534 /* Icon@2x.png */,
				3756EAA51297F60000113534 /* FactoryDefaults.plist */,
				3756EB5B1298085B00113534 /* Settings.bundle */,
			);
			name = CoreResources;
			path = Files;
			sourceTree = "<group>";
		};
		3756EACB129800B600113534 /* Resources */ = {
			isa = PBXGroup;
			children = (
				37C189ED14861BE800F64F5B /* WarningIcon.png */,
				37DA7EAD148D8B8D004EB098 /* WarningIcon@2x.png */,
			);
			name = Resources;
			path = Files;
			sourceTree = "<group>";
		};
		3770B22C14E976590003BBA8 /* TestData */ = {
			isa = PBXGroup;
			children = (
				3770B22D14E9765A0003BBA8 /* carto.xml */,
				3770B22E14E976C20003BBA8 /* Paris.gpx */,
			);
			path = TestData;
			sourceTree = "<group>";
		};
		3786E4E114825A7700814C10 /* LogicTests */ = {
			isa = PBXGroup;
			children = (
				3786E4E814825A7700814C10 /* NSError+MultipleErrorsCombined_Tests.m */,
				371D4FB31482F53E00A6DF77 /* NSObject+KVCMapping_Tests.m */,
				371D4FC31483727F00A6DF77 /* NSObject+KVCMapping_Tests.xcdatamodeld */,
				3786E4E214825A7700814C10 /* Supporting Files */,
			);
			path = LogicTests;
			sourceTree = "<group>";
		};
		3786E4E214825A7700814C10 /* Supporting Files */ = {
			isa = PBXGroup;
			children = (
				3786E4E314825A7700814C10 /* Info.plist */,
				3786E4EA14825A7700814C10 /* Prefix.pch */,
			);
			name = "Supporting Files";
			sourceTree = "<group>";
		};
		37A346B5128C9D68000A2540 /* VelibModel */ = {
			isa = PBXGroup;
			children = (
				371E1BE9137FCF7C007EFBFF /* Human */,
				371E1BEE137FCF7C007EFBFF /* Machine */,
			);
			path = VelibModel;
			sourceTree = "<group>";
		};
		37D188291170A25C00950D52 /* Extensions */ = {
			isa = PBXGroup;
			children = (
				372BC7DF132ECB2000D12CBE /* NSData+SHA1.h */,
				372BC7E0132ECB2000D12CBE /* NSData+SHA1.m */,
				37149C8812625B94009CDE82 /* UITableViewCell+NibLoaded.h */,
				37149C8912625B94009CDE82 /* UITableViewCell+NibLoaded.m */,
				37149BBA126250D7009CDE82 /* NSArrayAdditions.h */,
				37149BBB126250D7009CDE82 /* NSArrayAdditions.m */,
				37149B9312624C15009CDE82 /* NSStringAdditions.h */,
				37149B9412624C15009CDE82 /* NSStringAdditions.m */,
				37C8602D117205D300B8526B /* CLLocation+Direction.h */,
				37C8602E117205D300B8526B /* CLLocation+Direction.m */,
				37201E6012B2EA640001A668 /* UIImage+Tinting.h */,
				37201E6112B2EA640001A668 /* UIImage+Tinting.m */,
				37D6AF8612CBF23700EEC835 /* VerticallyAlignedLabel.h */,
				37D6AF8712CBF23700EEC835 /* VerticallyAlignedLabel.m */,
				37822B7D1380457D009D8334 /* NSFileManager+StandardPaths.h */,
				37822B7E1380457D009D8334 /* NSFileManager+StandardPaths.m */,
				37BAD8D014269F1000AC2368 /* NSError+MultipleErrorsCombined.h */,
				37BAD8D114269F1000AC2368 /* NSError+MultipleErrorsCombined.m */,
				37EE532013AC1C5C00D5A64C /* NSObject+KVCMapping.h */,
				37EE532113AC1C5C00D5A64C /* NSObject+KVCMapping.m */,
				371D4FC61484C76100A6DF77 /* FormattedStringToDateValueTransformer.h */,
				371D4FC71484C76100A6DF77 /* FormattedStringToDateValueTransformer.m */,
			);
			name = Extensions;
			path = Files;
			sourceTree = "<group>";
		};
/* End PBXGroup section */

/* Begin PBXNativeTarget section */
		1D6058900D05DD3D006BFB54 /* Bicyclette */ = {
			isa = PBXNativeTarget;
			buildConfigurationList = 1D6058960D05DD3E006BFB54 /* Build configuration list for PBXNativeTarget "Bicyclette" */;
			buildPhases = (
				371E1BF8137FD03C007EFBFF /* Mogenerator */,
				1D60588D0D05DD3D006BFB54 /* Resources */,
				1D60588E0D05DD3D006BFB54 /* Sources */,
				1D60588F0D05DD3D006BFB54 /* Frameworks */,
			);
			buildRules = (
			);
			dependencies = (
			);
			name = Bicyclette;
			productName = Velib;
			productReference = 1D6058910D05DD3D006BFB54 /* Bicyclette.app */;
			productType = "com.apple.product-type.application";
		};
		3786E4DB14825A7700814C10 /* BicycletteLogicTests */ = {
			isa = PBXNativeTarget;
			buildConfigurationList = 3786E4ED14825A7700814C10 /* Build configuration list for PBXNativeTarget "BicycletteLogicTests" */;
			buildPhases = (
				3786E4D714825A7700814C10 /* Sources */,
				3786E4D814825A7700814C10 /* Frameworks */,
				3786E4D914825A7700814C10 /* Resources */,
				3786E4DA14825A7700814C10 /* ShellScript */,
			);
			buildRules = (
			);
			dependencies = (
				371D4FB81482F66700A6DF77 /* PBXTargetDependency */,
			);
			name = BicycletteLogicTests;
			productName = BicycletteLogicTests;
			productReference = 3786E4DC14825A7700814C10 /* BicycletteLogicTests.octest */;
			productType = "com.apple.product-type.bundle";
		};
/* End PBXNativeTarget section */

/* Begin PBXProject section */
		29B97313FDCFA39411CA2CEA /* Project object */ = {
			isa = PBXProject;
			attributes = {
				LastUpgradeCheck = 0450;
				ORGANIZATIONNAME = "Nicolas Bouilleaud";
			};
			buildConfigurationList = C01FCF4E08A954540054247B /* Build configuration list for PBXProject "Bicyclette" */;
			compatibilityVersion = "Xcode 3.2";
			developmentRegion = English;
			hasScannedForEncodings = 1;
			knownRegions = (
				English,
				Japanese,
				French,
				German,
				en,
			);
			mainGroup = 29B97314FDCFA39411CA2CEA /* CustomTemplate */;
			projectDirPath = "";
			projectRoot = "";
			targets = (
				1D6058900D05DD3D006BFB54 /* Bicyclette */,
				3786E4DB14825A7700814C10 /* BicycletteLogicTests */,
			);
		};
/* End PBXProject section */

/* Begin PBXResourcesBuildPhase section */
		1D60588D0D05DD3D006BFB54 /* Resources */ = {
			isa = PBXResourcesBuildPhase;
			buildActionMask = 2147483647;
			files = (
				28AD73600D9D9599002E5188 /* MainWindow.xib in Resources */,
				37149B71126248F5009CDE82 /* StationsVC.xib in Resources */,
				37149C8612625AE5009CDE82 /* StationCell.xib in Resources */,
				3756EAA61297F60000113534 /* FactoryDefaults.plist in Resources */,
				3756EAE41298018A00113534 /* Default.png in Resources */,
				3756EAE51298018A00113534 /* Default@2x.png in Resources */,
				3756EAE61298018A00113534 /* Icon.png in Resources */,
				3756EAE71298018A00113534 /* Icon@2x.png in Resources */,
				3756EB5C1298085B00113534 /* Settings.bundle in Resources */,
				37E37F7212A6FDE800D7AB57 /* RegionsVC.xib in Resources */,
				37E37F7B12A7023E00D7AB57 /* RegionCell.xib in Resources */,
				37FEC45A12C93901005C6606 /* VelibHardcodedFixes.plist in Resources */,
				37D6B10E12CCC93700EEC835 /* StationDetailVC.xib in Resources */,
				37C189EE14861BE800F64F5B /* WarningIcon.png in Resources */,
				37DA7EAE148D8B8D004EB098 /* WarningIcon@2x.png in Resources */,
			);
			runOnlyForDeploymentPostprocessing = 0;
		};
		3786E4D914825A7700814C10 /* Resources */ = {
			isa = PBXResourcesBuildPhase;
			buildActionMask = 2147483647;
			files = (
			);
			runOnlyForDeploymentPostprocessing = 0;
		};
/* End PBXResourcesBuildPhase section */

/* Begin PBXShellScriptBuildPhase section */
		371E1BF8137FD03C007EFBFF /* Mogenerator */ = {
			isa = PBXShellScriptBuildPhase;
			buildActionMask = 2147483647;
			files = (
			);
			inputPaths = (
			);
			name = Mogenerator;
			outputPaths = (
			);
			runOnlyForDeploymentPostprocessing = 0;
			shellPath = /bin/sh;
			shellScript = "PATH=$PATH:/usr/local/bin mogenerator --model Files/VelibModel.xcdatamodel --template-var arc=true --machine-dir Files/VelibModel/Machine --human-dir Files/VelibModel/Human";
			showEnvVarsInLog = 0;
		};
		3786E4DA14825A7700814C10 /* ShellScript */ = {
			isa = PBXShellScriptBuildPhase;
			buildActionMask = 2147483647;
			files = (
			);
			inputPaths = (
			);
			outputPaths = (
			);
			runOnlyForDeploymentPostprocessing = 0;
			shellPath = /bin/sh;
			shellScript = "# Run the unit tests in this test bundle.\n\"${SYSTEM_DEVELOPER_DIR}/Tools/RunUnitTests\"\n";
		};
/* End PBXShellScriptBuildPhase section */

/* Begin PBXSourcesBuildPhase section */
		1D60588E0D05DD3D006BFB54 /* Sources */ = {
			isa = PBXSourcesBuildPhase;
			buildActionMask = 2147483647;
			files = (
				1D60589B0D05DD56006BFB54 /* main.m in Sources */,
				1D3623260D0F684500981E51 /* BicycletteApplicationDelegate.m in Sources */,
				37C8602F117205D300B8526B /* CLLocation+Direction.m in Sources */,
				37216BC712611C5400A2695A /* VelibModel.m in Sources */,
				37149B70126248F5009CDE82 /* StationsVC.m in Sources */,
				37149B9512624C15009CDE82 /* NSStringAdditions.m in Sources */,
				37149BBC126250D7009CDE82 /* NSArrayAdditions.m in Sources */,
				37149C8412625AD7009CDE82 /* StationCell.m in Sources */,
				37149C8A12625B94009CDE82 /* UITableViewCell+NibLoaded.m in Sources */,
				37212055149EA4F3007697D1 /* VelibModel.xcdatamodel in Sources */,
				37B69DB21290925B0053728D /* StationStatusView.m in Sources */,
				37E37F7112A6FDE800D7AB57 /* RegionsVC.m in Sources */,
				37E37F7912A7022F00D7AB57 /* RegionCell.m in Sources */,
				37E9531712AA29FB00C1D21C /* MapVC.m in Sources */,
				37201E6212B2EA640001A668 /* UIImage+Tinting.m in Sources */,
				372020C212B55C900001A668 /* Model+Mapkit.m in Sources */,
				37D6AF8812CBF23700EEC835 /* VerticallyAlignedLabel.m in Sources */,
				37D6B10D12CCC93700EEC835 /* StationDetailVC.m in Sources */,
				372BC7E1132ECB2000D12CBE /* NSData+SHA1.m in Sources */,
				371E1BF3137FCF7C007EFBFF /* Region.m in Sources */,
				371E1BF4137FCF7C007EFBFF /* Station.m in Sources */,
				371E1BF5137FCF7C007EFBFF /* _Region.m in Sources */,
				371E1BF6137FCF7C007EFBFF /* _Station.m in Sources */,
				3793DE1F1380295400B50118 /* CoreDataManager.m in Sources */,
				3793DE2213802E6100B50118 /* DataUpdater.m in Sources */,
				37822B7C1380446A009D8334 /* VelibModel+Favorites.m in Sources */,
				37822B7F1380457D009D8334 /* NSFileManager+StandardPaths.m in Sources */,
				37EE532213AC1C5C00D5A64C /* NSObject+KVCMapping.m in Sources */,
				37BAD8D214269F1000AC2368 /* NSError+MultipleErrorsCombined.m in Sources */,
				371D4FC81484C76100A6DF77 /* FormattedStringToDateValueTransformer.m in Sources */,
				374785A3149EAAC9009186CE /* _StationList.m in Sources */,
				374785A6149EAACF009186CE /* StationList.m in Sources */,
			);
			runOnlyForDeploymentPostprocessing = 0;
		};
		3786E4D714825A7700814C10 /* Sources */ = {
			isa = PBXSourcesBuildPhase;
			buildActionMask = 2147483647;
			files = (
				3786E4E914825A7700814C10 /* NSError+MultipleErrorsCombined_Tests.m in Sources */,
				3786E4EE1482EAC000814C10 /* NSError+MultipleErrorsCombined.m in Sources */,
				371D4FB51482F59000A6DF77 /* NSObject+KVCMapping.m in Sources */,
				371D4FB61482F5B700A6DF77 /* NSObject+KVCMapping_Tests.m in Sources */,
				371D4FC51483727F00A6DF77 /* NSObject+KVCMapping_Tests.xcdatamodeld in Sources */,
				371D4FC91484C76100A6DF77 /* FormattedStringToDateValueTransformer.m in Sources */,
			);
			runOnlyForDeploymentPostprocessing = 0;
		};
/* End PBXSourcesBuildPhase section */

/* Begin PBXTargetDependency section */
		371D4FB81482F66700A6DF77 /* PBXTargetDependency */ = {
			isa = PBXTargetDependency;
			target = 1D6058900D05DD3D006BFB54 /* Bicyclette */;
			targetProxy = 371D4FB71482F66700A6DF77 /* PBXContainerItemProxy */;
		};
/* End PBXTargetDependency section */

/* Begin XCBuildConfiguration section */
		1D6058940D05DD3E006BFB54 /* Debug */ = {
			isa = XCBuildConfiguration;
			buildSettings = {
				GCC_PREFIX_HEADER = Files/Prefix.pch;
				INFOPLIST_FILE = Files/Info.plist;
				PRODUCT_NAME = Bicyclette;
			};
			name = Debug;
		};
		1D6058950D05DD3E006BFB54 /* Release */ = {
			isa = XCBuildConfiguration;
			buildSettings = {
				GCC_PREFIX_HEADER = Files/Prefix.pch;
				INFOPLIST_FILE = Files/Info.plist;
				PRODUCT_NAME = Bicyclette;
			};
			name = Release;
		};
		3786E4EB14825A7700814C10 /* Debug */ = {
			isa = XCBuildConfiguration;
			buildSettings = {
				FRAMEWORK_SEARCH_PATHS = (
					"$(SDKROOT)/Developer/Library/Frameworks",
					"$(DEVELOPER_LIBRARY_DIR)/Frameworks",
				);
				GCC_PREFIX_HEADER = LogicTests/Prefix.pch;
				INFOPLIST_FILE = LogicTests/Info.plist;
				PRODUCT_NAME = "$(TARGET_NAME)";
				WRAPPER_EXTENSION = octest;
			};
			name = Debug;
		};
		3786E4EC14825A7700814C10 /* Release */ = {
			isa = XCBuildConfiguration;
			buildSettings = {
				FRAMEWORK_SEARCH_PATHS = (
					"$(SDKROOT)/Developer/Library/Frameworks",
					"$(DEVELOPER_LIBRARY_DIR)/Frameworks",
				);
				GCC_PREFIX_HEADER = LogicTests/Prefix.pch;
				INFOPLIST_FILE = LogicTests/Info.plist;
				PRODUCT_NAME = "$(TARGET_NAME)";
				WRAPPER_EXTENSION = octest;
			};
			name = Release;
		};
		C01FCF4F08A954540054247B /* Debug */ = {
			isa = XCBuildConfiguration;
			buildSettings = {
				APPLY_RULES_IN_COPY_FILES = YES;
				ARCHS = "$(ARCHS_STANDARD_32_BIT)";
				CLANG_ENABLE_OBJC_ARC = YES;
				CLANG_WARN_DEPRECATED_OBJC_IMPLEMENTATIONS = YES;
				"CODE_SIGN_IDENTITY[sdk=iphoneos*]" = "iPhone Developer";
				COPY_PHASE_STRIP = NO;
				CURRENT_PROJECT_VERSION = 1;
				GCC_C_LANGUAGE_STANDARD = gnu99;
				GCC_OPTIMIZATION_LEVEL = 0;
				GCC_PRECOMPILE_PREFIX_HEADER = YES;
				GCC_PREPROCESSOR_DEFINITIONS = "DEBUG=1";
				GCC_TREAT_IMPLICIT_FUNCTION_DECLARATIONS_AS_ERRORS = YES;
				GCC_TREAT_WARNINGS_AS_ERRORS = YES;
				GCC_VERSION = com.apple.compilers.llvm.clang.1_0;
				GCC_WARN_64_TO_32_BIT_CONVERSION = YES;
				GCC_WARN_ABOUT_MISSING_FIELD_INITIALIZERS = YES;
				GCC_WARN_ABOUT_MISSING_NEWLINE = YES;
				GCC_WARN_ABOUT_MISSING_PROTOTYPES = YES;
				GCC_WARN_ABOUT_RETURN_TYPE = YES;
				GCC_WARN_ALLOW_INCOMPLETE_PROTOCOL = YES;
				GCC_WARN_FOUR_CHARACTER_CONSTANTS = YES;
				GCC_WARN_INITIALIZER_NOT_FULLY_BRACKETED = YES;
				GCC_WARN_SHADOW = YES;
				GCC_WARN_SIGN_COMPARE = YES;
				GCC_WARN_UNDECLARED_SELECTOR = YES;
				GCC_WARN_UNINITIALIZED_AUTOS = YES;
				GCC_WARN_UNKNOWN_PRAGMAS = YES;
				GCC_WARN_UNUSED_FUNCTION = YES;
				GCC_WARN_UNUSED_LABEL = YES;
				GCC_WARN_UNUSED_VALUE = YES;
				GCC_WARN_UNUSED_VARIABLE = YES;
				INFOPLIST_PREPROCESS = YES;
				IPHONEOS_DEPLOYMENT_TARGET = 5.0;
				ONLY_ACTIVE_ARCH = YES;
				RUN_CLANG_STATIC_ANALYZER = YES;
				SDKROOT = iphoneos;
				VERSIONING_SYSTEM = "apple-generic";
			};
			name = Debug;
		};
		C01FCF5008A954540054247B /* Release */ = {
			isa = XCBuildConfiguration;
			buildSettings = {
				APPLY_RULES_IN_COPY_FILES = YES;
				ARCHS = "$(ARCHS_STANDARD_32_BIT)";
				CLANG_ENABLE_OBJC_ARC = YES;
				CLANG_WARN_DEPRECATED_OBJC_IMPLEMENTATIONS = YES;
				"CODE_SIGN_IDENTITY[sdk=iphoneos*]" = "iPhone Developer";
				CURRENT_PROJECT_VERSION = 1;
				GCC_C_LANGUAGE_STANDARD = gnu99;
				GCC_PRECOMPILE_PREFIX_HEADER = YES;
				GCC_PREPROCESSOR_DEFINITIONS = "NS_BLOCK_ASSERTIONS=1";
				GCC_TREAT_IMPLICIT_FUNCTION_DECLARATIONS_AS_ERRORS = YES;
				GCC_TREAT_WARNINGS_AS_ERRORS = YES;
				GCC_VERSION = com.apple.compilers.llvm.clang.1_0;
				GCC_WARN_64_TO_32_BIT_CONVERSION = YES;
				GCC_WARN_ABOUT_MISSING_FIELD_INITIALIZERS = YES;
				GCC_WARN_ABOUT_MISSING_NEWLINE = YES;
				GCC_WARN_ABOUT_MISSING_PROTOTYPES = YES;
				GCC_WARN_ABOUT_RETURN_TYPE = YES;
				GCC_WARN_ALLOW_INCOMPLETE_PROTOCOL = YES;
				GCC_WARN_FOUR_CHARACTER_CONSTANTS = YES;
				GCC_WARN_INITIALIZER_NOT_FULLY_BRACKETED = YES;
				GCC_WARN_PEDANTIC = YES;
				GCC_WARN_SHADOW = YES;
				GCC_WARN_SIGN_COMPARE = YES;
				GCC_WARN_UNDECLARED_SELECTOR = YES;
				GCC_WARN_UNINITIALIZED_AUTOS = YES;
				GCC_WARN_UNKNOWN_PRAGMAS = YES;
				GCC_WARN_UNUSED_FUNCTION = YES;
				GCC_WARN_UNUSED_LABEL = YES;
				GCC_WARN_UNUSED_VALUE = YES;
				GCC_WARN_UNUSED_VARIABLE = YES;
				INFOPLIST_PREPROCESS = YES;
				IPHONEOS_DEPLOYMENT_TARGET = 5.0;
				ONLY_ACTIVE_ARCH = NO;
				RUN_CLANG_STATIC_ANALYZER = YES;
				SDKROOT = iphoneos;
				VALIDATE_PRODUCT = YES;
				VERSIONING_SYSTEM = "apple-generic";
			};
			name = Release;
		};
/* End XCBuildConfiguration section */

/* Begin XCConfigurationList section */
		1D6058960D05DD3E006BFB54 /* Build configuration list for PBXNativeTarget "Bicyclette" */ = {
			isa = XCConfigurationList;
			buildConfigurations = (
				1D6058940D05DD3E006BFB54 /* Debug */,
				1D6058950D05DD3E006BFB54 /* Release */,
			);
			defaultConfigurationIsVisible = 0;
			defaultConfigurationName = Release;
		};
		3786E4ED14825A7700814C10 /* Build configuration list for PBXNativeTarget "BicycletteLogicTests" */ = {
			isa = XCConfigurationList;
			buildConfigurations = (
				3786E4EB14825A7700814C10 /* Debug */,
				3786E4EC14825A7700814C10 /* Release */,
			);
			defaultConfigurationIsVisible = 0;
			defaultConfigurationName = Release;
		};
		C01FCF4E08A954540054247B /* Build configuration list for PBXProject "Bicyclette" */ = {
			isa = XCConfigurationList;
			buildConfigurations = (
				C01FCF4F08A954540054247B /* Debug */,
				C01FCF5008A954540054247B /* Release */,
			);
			defaultConfigurationIsVisible = 0;
			defaultConfigurationName = Release;
		};
/* End XCConfigurationList section */

/* Begin XCVersionGroup section */
		371D4FC31483727F00A6DF77 /* NSObject+KVCMapping_Tests.xcdatamodeld */ = {
			isa = XCVersionGroup;
			children = (
				371D4FC41483727F00A6DF77 /* NSObject+KVCMapping_Tests.xcdatamodel */,
			);
			currentVersion = 371D4FC41483727F00A6DF77 /* NSObject+KVCMapping_Tests.xcdatamodel */;
			path = "NSObject+KVCMapping_Tests.xcdatamodeld";
			sourceTree = "<group>";
			versionGroupType = wrapper.xcdatamodel;
		};
/* End XCVersionGroup section */
	};
	rootObject = 29B97313FDCFA39411CA2CEA /* Project object */;
}
