// !$*UTF8*$!
{
	archiveVersion = 1;
	classes = {
	};
	objectVersion = 46;
	objects = {

/* Begin PBXAggregateTarget section */
		370220C7165500CC00350AD1 /* GrabData */ = {
			isa = PBXAggregateTarget;
			buildConfigurationList = 370220C8165500CC00350AD1 /* Build configuration list for PBXAggregateTarget "GrabData" */;
			buildPhases = (
				370220CF165500EB00350AD1 /* ShellScript */,
			);
			dependencies = (
				370220CC165500D700350AD1 /* PBXTargetDependency */,
			);
			name = GrabData;
			productName = GrabData;
		};
/* End PBXAggregateTarget section */

/* Begin PBXBuildFile section */
		1D3623260D0F684500981E51 /* BicycletteApplicationDelegate.m in Sources */ = {isa = PBXBuildFile; fileRef = 1D3623250D0F684500981E51 /* BicycletteApplicationDelegate.m */; };
		1D60589B0D05DD56006BFB54 /* main.m in Sources */ = {isa = PBXBuildFile; fileRef = 29B97316FDCFA39411CA2CEA /* main.m */; };
		1D60589F0D05DD5A006BFB54 /* Foundation.framework in Frameworks */ = {isa = PBXBuildFile; fileRef = 1D30AB110D05D00D00671497 /* Foundation.framework */; };
		1DF5F4E00D08C38300B7A737 /* UIKit.framework in Frameworks */ = {isa = PBXBuildFile; fileRef = 1DF5F4DF0D08C38300B7A737 /* UIKit.framework */; };
		2892E4100DC94CBA00A64D0F /* CoreGraphics.framework in Frameworks */ = {isa = PBXBuildFile; fileRef = 2892E40F0DC94CBA00A64D0F /* CoreGraphics.framework */; };
		28AD73600D9D9599002E5188 /* MainWindow.xib in Resources */ = {isa = PBXBuildFile; fileRef = 28AD735F0D9D9599002E5188 /* MainWindow.xib */; };
		3700F8531594A806007CF99E /* RegionAnnotationView.m in Sources */ = {isa = PBXBuildFile; fileRef = 3700F8521594A806007CF99E /* RegionAnnotationView.m */; };
		37038A1115E3A6280043504A /* Foundation.framework in Frameworks */ = {isa = PBXBuildFile; fileRef = 1D30AB110D05D00D00671497 /* Foundation.framework */; };
		37038A1415E3A6290043504A /* DataGrabber.m in Sources */ = {isa = PBXBuildFile; fileRef = 37038A1315E3A6290043504A /* DataGrabber.m */; };
		3705B40815B9B6BE009C8AAA /* BicycletteAnnotationView.m in Sources */ = {isa = PBXBuildFile; fileRef = 3705B40715B9B6BE009C8AAA /* BicycletteAnnotationView.m */; };
		3705B40C15B9E8DB009C8AAA /* MKMapView+AttributionLogo.m in Sources */ = {isa = PBXBuildFile; fileRef = 3705B40B15B9E8DB009C8AAA /* MKMapView+AttributionLogo.m */; };
		370D2ABB15A3A2270019F36E /* NSMutableArray+Locatable.m in Sources */ = {isa = PBXBuildFile; fileRef = 370D2ABA15A3A2270019F36E /* NSMutableArray+Locatable.m */; };
		370D2ABE15A3A4300019F36E /* RadarAnnotationView.m in Sources */ = {isa = PBXBuildFile; fileRef = 370D2ABD15A3A4300019F36E /* RadarAnnotationView.m */; };
		370E3A3F162E17880010E454 /* AmiensVelamCity.m in Sources */ = {isa = PBXBuildFile; fileRef = 370E3A3E162E17880010E454 /* AmiensVelamCity.m */; };
		370E3A40162E17880010E454 /* AmiensVelamCity.m in Sources */ = {isa = PBXBuildFile; fileRef = 370E3A3E162E17880010E454 /* AmiensVelamCity.m */; };
		370E3A42162E17990010E454 /* AmiensVelamCity.plist in Resources */ = {isa = PBXBuildFile; fileRef = 370E3A41162E17990010E454 /* AmiensVelamCity.plist */; };
		370E3A43162E18820010E454 /* AmiensVelamCity.plist in CopyFiles */ = {isa = PBXBuildFile; fileRef = 370E3A41162E17990010E454 /* AmiensVelamCity.plist */; };
		370E3A45162E189D0010E454 /* AmiensVelamCity.sqlite in Resources */ = {isa = PBXBuildFile; fileRef = 370E3A44162E189D0010E454 /* AmiensVelamCity.sqlite */; };
		370F7DFA12F60C2700F5FC45 /* QuartzCore.framework in Frameworks */ = {isa = PBXBuildFile; fileRef = 370F7DF912F60C2700F5FC45 /* QuartzCore.framework */; };
		37149B9512624C15009CDE82 /* NSStringAdditions.m in Sources */ = {isa = PBXBuildFile; fileRef = 37149B9412624C15009CDE82 /* NSStringAdditions.m */; };
		37149BBC126250D7009CDE82 /* NSSetAdditions.m in Sources */ = {isa = PBXBuildFile; fileRef = 37149BBB126250D7009CDE82 /* NSSetAdditions.m */; };
		3717AA68162A1C11005EC7BD /* MarseilleLeveloCity.plist in Resources */ = {isa = PBXBuildFile; fileRef = 3717AA66162A1C11005EC7BD /* MarseilleLeveloCity.plist */; };
		3717AA69162A1C11005EC7BD /* ParisVelibCity.plist in Resources */ = {isa = PBXBuildFile; fileRef = 3717AA67162A1C11005EC7BD /* ParisVelibCity.plist */; };
		3717AA6B162A1C3E005EC7BD /* VelibHardcodedDebugErrors.plist in Resources */ = {isa = PBXBuildFile; fileRef = 3717AA6A162A1C3E005EC7BD /* VelibHardcodedDebugErrors.plist */; };
		3717AA6C162A1E18005EC7BD /* MarseilleLeveloCity.plist in CopyFiles */ = {isa = PBXBuildFile; fileRef = 3717AA66162A1C11005EC7BD /* MarseilleLeveloCity.plist */; };
		3717AA6D162A1E1A005EC7BD /* ParisVelibCity.plist in CopyFiles */ = {isa = PBXBuildFile; fileRef = 3717AA67162A1C11005EC7BD /* ParisVelibCity.plist */; };
		3717AA70162A1F39005EC7BD /* ParisVelibCity.m in Sources */ = {isa = PBXBuildFile; fileRef = 3717AA6F162A1F38005EC7BD /* ParisVelibCity.m */; };
		3717AA71162A1F39005EC7BD /* ParisVelibCity.m in Sources */ = {isa = PBXBuildFile; fileRef = 3717AA6F162A1F38005EC7BD /* ParisVelibCity.m */; };
		371982C116451F93006CF77D /* FanContainerViewController.m in Sources */ = {isa = PBXBuildFile; fileRef = 371982C016451F92006CF77D /* FanContainerViewController.m */; };
		371D4FB51482F59000A6DF77 /* NSObject+KVCMapping.m in Sources */ = {isa = PBXBuildFile; fileRef = 37EE532113AC1C5C00D5A64C /* NSObject+KVCMapping.m */; };
		371D4FB61482F5B700A6DF77 /* NSObject+KVCMapping_Tests.m in Sources */ = {isa = PBXBuildFile; fileRef = 371D4FB31482F53E00A6DF77 /* NSObject+KVCMapping_Tests.m */; };
		371D4FC51483727F00A6DF77 /* NSObject+KVCMapping_Tests.xcdatamodeld in Sources */ = {isa = PBXBuildFile; fileRef = 371D4FC31483727F00A6DF77 /* NSObject+KVCMapping_Tests.xcdatamodeld */; };
		371D4FC81484C76100A6DF77 /* FormattedStringToDateValueTransformer.m in Sources */ = {isa = PBXBuildFile; fileRef = 371D4FC71484C76100A6DF77 /* FormattedStringToDateValueTransformer.m */; };
		371D4FC91484C76100A6DF77 /* FormattedStringToDateValueTransformer.m in Sources */ = {isa = PBXBuildFile; fileRef = 371D4FC71484C76100A6DF77 /* FormattedStringToDateValueTransformer.m */; };
		371D90CA158FE19900E509E6 /* TransparentToolbar.m in Sources */ = {isa = PBXBuildFile; fileRef = 371D90C9158FE19900E509E6 /* TransparentToolbar.m */; };
		371E1BF3137FCF7C007EFBFF /* Region.m in Sources */ = {isa = PBXBuildFile; fileRef = 371E1BEB137FCF7C007EFBFF /* Region.m */; };
		371E1BF4137FCF7C007EFBFF /* Station.m in Sources */ = {isa = PBXBuildFile; fileRef = 371E1BED137FCF7C007EFBFF /* Station.m */; };
		371E1BF5137FCF7C007EFBFF /* _Region.m in Sources */ = {isa = PBXBuildFile; fileRef = 371E1BF0137FCF7C007EFBFF /* _Region.m */; };
		371E1BF6137FCF7C007EFBFF /* _Station.m in Sources */ = {isa = PBXBuildFile; fileRef = 371E1BF2137FCF7C007EFBFF /* _Station.m */; };
		37212055149EA4F3007697D1 /* BicycletteCity.xcdatamodel in Sources */ = {isa = PBXBuildFile; fileRef = 37212056149EA4F3007697D1 /* BicycletteCity.xcdatamodel */; };
		37216BC712611C5400A2695A /* BicycletteCity.m in Sources */ = {isa = PBXBuildFile; fileRef = 37216BC612611C5400A2695A /* BicycletteCity.m */; };
		3724BC6A15E4C50200790869 /* Default-Landscape.png in Resources */ = {isa = PBXBuildFile; fileRef = 3724BC6415E4C50200790869 /* Default-Landscape.png */; };
		3724BC6B15E4C50200790869 /* Default-Landscape@2x.png in Resources */ = {isa = PBXBuildFile; fileRef = 3724BC6515E4C50200790869 /* Default-Landscape@2x.png */; };
		3724BC6C15E4C50200790869 /* Default-Portrait.png in Resources */ = {isa = PBXBuildFile; fileRef = 3724BC6615E4C50200790869 /* Default-Portrait.png */; };
		3724BC6D15E4C50200790869 /* Default-Portrait@2x.png in Resources */ = {isa = PBXBuildFile; fileRef = 3724BC6715E4C50200790869 /* Default-Portrait@2x.png */; };
		3724BC7315E4CA1200790869 /* Store.m in Sources */ = {isa = PBXBuildFile; fileRef = 3724BC7215E4CA1200790869 /* Store.m */; };
		3724BC7515E4CA8A00790869 /* StoreKit.framework in Frameworks */ = {isa = PBXBuildFile; fileRef = 3724BC7415E4CA8A00790869 /* StoreKit.framework */; };
		372BC7E1132ECB2000D12CBE /* NSData+SHA1.m in Sources */ = {isa = PBXBuildFile; fileRef = 372BC7E0132ECB2000D12CBE /* NSData+SHA1.m */; };
		3730161815977E1900347C9F /* DrawingCache.m in Sources */ = {isa = PBXBuildFile; fileRef = 3730161715977E1900347C9F /* DrawingCache.m */; };
		3730161B1597800E00347C9F /* UIColor+hsb.m in Sources */ = {isa = PBXBuildFile; fileRef = 3730161A1597800E00347C9F /* UIColor+hsb.m */; };
		373A77EE15E3EB490057E241 /* NSData+SHA1.m in Sources */ = {isa = PBXBuildFile; fileRef = 372BC7E0132ECB2000D12CBE /* NSData+SHA1.m */; };
		373A77EF15E3EB890057E241 /* NSSetAdditions.m in Sources */ = {isa = PBXBuildFile; fileRef = 37149BBB126250D7009CDE82 /* NSSetAdditions.m */; };
		373A77F015E3EBA60057E241 /* NSObject+KVCMapping.m in Sources */ = {isa = PBXBuildFile; fileRef = 37EE532113AC1C5C00D5A64C /* NSObject+KVCMapping.m */; };
		373A77F115E3EBB80057E241 /* NSStringAdditions.m in Sources */ = {isa = PBXBuildFile; fileRef = 37149B9412624C15009CDE82 /* NSStringAdditions.m */; };
		373A77F415E3F6B80057E241 /* ParisVelibCity.sqlite in Resources */ = {isa = PBXBuildFile; fileRef = 373A77F315E3F6B80057E241 /* ParisVelibCity.sqlite */; };
		373A780215E40DA90057E241 /* Icon~ipad.png in Resources */ = {isa = PBXBuildFile; fileRef = 373A780015E40DA90057E241 /* Icon~ipad.png */; };
		373A780315E40DA90057E241 /* Icon~ipad@2x.png in Resources */ = {isa = PBXBuildFile; fileRef = 373A780115E40DA90057E241 /* Icon~ipad@2x.png */; };
		373A780715E40EF70057E241 /* Icon~settings.png in Resources */ = {isa = PBXBuildFile; fileRef = 373A780515E40EF70057E241 /* Icon~settings.png */; };
		373A780815E40EF70057E241 /* Icon~settings@2x.png in Resources */ = {isa = PBXBuildFile; fileRef = 373A780615E40EF70057E241 /* Icon~settings@2x.png */; };
		374334CA164B0EC00051294F /* CitiesController.m in Sources */ = {isa = PBXBuildFile; fileRef = 374334C9164B0EC00051294F /* CitiesController.m */; };
		3747106A15B3754E00C1D1D9 /* LocalUpdateQueue.m in Sources */ = {isa = PBXBuildFile; fileRef = 3747106915B3754E00C1D1D9 /* LocalUpdateQueue.m */; };
		37513B6316173FAB00388FF3 /* RootVC.m in Sources */ = {isa = PBXBuildFile; fileRef = 37513B6216173FAB00388FF3 /* RootVC.m */; };
		3756EAA61297F60000113534 /* FactoryDefaults.plist in Resources */ = {isa = PBXBuildFile; fileRef = 3756EAA51297F60000113534 /* FactoryDefaults.plist */; };
		377EFCAF160F90BF005A5383 /* Default-568h@2x.png in Resources */ = {isa = PBXBuildFile; fileRef = 377EFCAE160F90BF005A5383 /* Default-568h@2x.png */; };
		37822B7F1380457D009D8334 /* NSFileManager+StandardPaths.m in Sources */ = {isa = PBXBuildFile; fileRef = 37822B7E1380457D009D8334 /* NSFileManager+StandardPaths.m */; };
		3786E4DE14825A7700814C10 /* SenTestingKit.framework in Frameworks */ = {isa = PBXBuildFile; fileRef = 3786E4DD14825A7700814C10 /* SenTestingKit.framework */; };
		3786E4DF14825A7700814C10 /* UIKit.framework in Frameworks */ = {isa = PBXBuildFile; fileRef = 1DF5F4DF0D08C38300B7A737 /* UIKit.framework */; };
		3786E4E014825A7700814C10 /* Foundation.framework in Frameworks */ = {isa = PBXBuildFile; fileRef = 1D30AB110D05D00D00671497 /* Foundation.framework */; };
		3786E4E914825A7700814C10 /* NSError+MultipleErrorsCombined_Tests.m in Sources */ = {isa = PBXBuildFile; fileRef = 3786E4E814825A7700814C10 /* NSError+MultipleErrorsCombined_Tests.m */; };
		3786E4EE1482EAC000814C10 /* NSError+MultipleErrorsCombined.m in Sources */ = {isa = PBXBuildFile; fileRef = 37BAD8D114269F1000AC2368 /* NSError+MultipleErrorsCombined.m */; };
		3786E4F21482EB2E00814C10 /* CoreData.framework in Frameworks */ = {isa = PBXBuildFile; fileRef = 37A3471B128CA48C000A2540 /* CoreData.framework */; };
		378F2FF01595223C003C5CF3 /* StationAnnotationView.m in Sources */ = {isa = PBXBuildFile; fileRef = 378F2FEF1595223C003C5CF3 /* StationAnnotationView.m */; };
		3793DE1F1380295400B50118 /* CoreDataManager.m in Sources */ = {isa = PBXBuildFile; fileRef = 3793DE1E1380295400B50118 /* CoreDataManager.m */; };
		3793DE2213802E6100B50118 /* DataUpdater.m in Sources */ = {isa = PBXBuildFile; fileRef = 3793DE2113802E6100B50118 /* DataUpdater.m */; };
		37A3471C128CA48C000A2540 /* CoreData.framework in Frameworks */ = {isa = PBXBuildFile; fileRef = 37A3471B128CA48C000A2540 /* CoreData.framework */; };
		37AA66191653E9EA001F9660 /* NSArrayAdditions.m in Sources */ = {isa = PBXBuildFile; fileRef = 37AA66181653E9EA001F9660 /* NSArrayAdditions.m */; };
		37AA661A1653E9EA001F9660 /* NSArrayAdditions.m in Sources */ = {isa = PBXBuildFile; fileRef = 37AA66181653E9EA001F9660 /* NSArrayAdditions.m */; };
		37AA661B1653E9EA001F9660 /* NSArrayAdditions.m in Sources */ = {isa = PBXBuildFile; fileRef = 37AA66181653E9EA001F9660 /* NSArrayAdditions.m */; };
		37AA661F1653F027001F9660 /* Radar+GeoFence.m in Sources */ = {isa = PBXBuildFile; fileRef = 37AA661E1653F027001F9660 /* Radar+GeoFence.m */; };
		37AA66201653F027001F9660 /* Radar+GeoFence.m in Sources */ = {isa = PBXBuildFile; fileRef = 37AA661E1653F027001F9660 /* Radar+GeoFence.m */; };
		37AA662416543B2C001F9660 /* Radar+LocalUpdateGroup.m in Sources */ = {isa = PBXBuildFile; fileRef = 37AA662316543B2C001F9660 /* Radar+LocalUpdateGroup.m */; };
		37AA662516543B2C001F9660 /* Radar+LocalUpdateGroup.m in Sources */ = {isa = PBXBuildFile; fileRef = 37AA662316543B2C001F9660 /* Radar+LocalUpdateGroup.m */; };
		37AA662916543EC1001F9660 /* Station+LocalUpdatePoint.m in Sources */ = {isa = PBXBuildFile; fileRef = 37AA662816543EC1001F9660 /* Station+LocalUpdatePoint.m */; };
		37AA662A16543EC1001F9660 /* Station+LocalUpdatePoint.m in Sources */ = {isa = PBXBuildFile; fileRef = 37AA662816543EC1001F9660 /* Station+LocalUpdatePoint.m */; };
		37AA662B16543EC1001F9660 /* Station+LocalUpdatePoint.m in Sources */ = {isa = PBXBuildFile; fileRef = 37AA662816543EC1001F9660 /* Station+LocalUpdatePoint.m */; };
		37AFC0EF15B2F0AC00E3E940 /* Localizable.strings in Resources */ = {isa = PBXBuildFile; fileRef = 37AFC0EE15B2F0AC00E3E940 /* Localizable.strings */; };
		37B7ABEC15E3DC4900268B70 /* CoreDataManager.m in Sources */ = {isa = PBXBuildFile; fileRef = 3793DE1E1380295400B50118 /* CoreDataManager.m */; };
		37B7ABEE15E3DC4D00268B70 /* DataUpdater.m in Sources */ = {isa = PBXBuildFile; fileRef = 3793DE2113802E6100B50118 /* DataUpdater.m */; };
		37B7ABEF15E3DC5100268B70 /* BicycletteCity.m in Sources */ = {isa = PBXBuildFile; fileRef = 37216BC612611C5400A2695A /* BicycletteCity.m */; };
		37B7ABF015E3DC5E00268B70 /* BicycletteCity.xcdatamodel in Sources */ = {isa = PBXBuildFile; fileRef = 37212056149EA4F3007697D1 /* BicycletteCity.xcdatamodel */; };
		37B7ABF815E3DE4500268B70 /* Region.m in Sources */ = {isa = PBXBuildFile; fileRef = 371E1BEB137FCF7C007EFBFF /* Region.m */; };
		37B7ABF915E3DE4500268B70 /* Station.m in Sources */ = {isa = PBXBuildFile; fileRef = 371E1BED137FCF7C007EFBFF /* Station.m */; };
		37B7ABFB15E3DF1F00268B70 /* _Region.m in Sources */ = {isa = PBXBuildFile; fileRef = 371E1BF0137FCF7C007EFBFF /* _Region.m */; };
		37B7ABFC15E3DF1F00268B70 /* _Station.m in Sources */ = {isa = PBXBuildFile; fileRef = 371E1BF2137FCF7C007EFBFF /* _Station.m */; };
		37B7AC0015E3DF7000268B70 /* CoreLocation.framework in Frameworks */ = {isa = PBXBuildFile; fileRef = 37D188381170A5FA00950D52 /* CoreLocation.framework */; };
		37B7AC0215E3DF8B00268B70 /* AppKit.framework in Frameworks */ = {isa = PBXBuildFile; fileRef = 37B7AC0115E3DF8B00268B70 /* AppKit.framework */; };
		37B7AC0315E3DF9C00268B70 /* CoreData.framework in Frameworks */ = {isa = PBXBuildFile; fileRef = 37A3471B128CA48C000A2540 /* CoreData.framework */; };
		37BAD8D214269F1000AC2368 /* NSError+MultipleErrorsCombined.m in Sources */ = {isa = PBXBuildFile; fileRef = 37BAD8D114269F1000AC2368 /* NSError+MultipleErrorsCombined.m */; };
		37BE759D15E6BDE4001DABF6 /* HelpVC.m in Sources */ = {isa = PBXBuildFile; fileRef = 37BE759B15E6BDE4001DABF6 /* HelpVC.m */; };
		37BE759E15E6BDE4001DABF6 /* HelpVC.xib in Resources */ = {isa = PBXBuildFile; fileRef = 37BE759C15E6BDE4001DABF6 /* HelpVC.xib */; };
		37C56FD415B1A0E700795961 /* PrefsVC.m in Sources */ = {isa = PBXBuildFile; fileRef = 37C56FD215B1A0E700795961 /* PrefsVC.m */; };
		37C56FD515B1A0E700795961 /* PrefsVC.xib in Resources */ = {isa = PBXBuildFile; fileRef = 37C56FD315B1A0E700795961 /* PrefsVC.xib */; };
		37C56FDC15B1A38F00795961 /* UIView+Screenshot.m in Sources */ = {isa = PBXBuildFile; fileRef = 37C56FDB15B1A38F00795961 /* UIView+Screenshot.m */; };
		37D188391170A5FA00950D52 /* CoreLocation.framework in Frameworks */ = {isa = PBXBuildFile; fileRef = 37D188381170A5FA00950D52 /* CoreLocation.framework */; };
		37D59D051616182400F69988 /* NSError+MultipleErrorsCombined.m in Sources */ = {isa = PBXBuildFile; fileRef = 37BAD8D114269F1000AC2368 /* NSError+MultipleErrorsCombined.m */; };
		37D9DFDE162A2BF60000F263 /* MarseilleLeveloCity.m in Sources */ = {isa = PBXBuildFile; fileRef = 37D9DFDD162A2BF60000F263 /* MarseilleLeveloCity.m */; };
		37D9DFDF162A2BF60000F263 /* MarseilleLeveloCity.m in Sources */ = {isa = PBXBuildFile; fileRef = 37D9DFDD162A2BF60000F263 /* MarseilleLeveloCity.m */; };
		37D9DFE2162A318E0000F263 /* ToulouseVeloCity.m in Sources */ = {isa = PBXBuildFile; fileRef = 37D9DFE1162A318E0000F263 /* ToulouseVeloCity.m */; };
		37D9DFE3162A318E0000F263 /* ToulouseVeloCity.m in Sources */ = {isa = PBXBuildFile; fileRef = 37D9DFE1162A318E0000F263 /* ToulouseVeloCity.m */; };
		37D9DFE5162A31970000F263 /* ToulouseVeloCity.plist in Resources */ = {isa = PBXBuildFile; fileRef = 37D9DFE4162A31970000F263 /* ToulouseVeloCity.plist */; };
		37D9DFE6162A34E00000F263 /* ToulouseVeloCity.plist in CopyFiles */ = {isa = PBXBuildFile; fileRef = 37D9DFE4162A31970000F263 /* ToulouseVeloCity.plist */; };
		37D9DFE9162A374F0000F263 /* MarseilleLeveloCity.sqlite in Resources */ = {isa = PBXBuildFile; fileRef = 37D9DFE7162A374F0000F263 /* MarseilleLeveloCity.sqlite */; };
		37D9DFEA162A374F0000F263 /* ToulouseVeloCity.sqlite in Resources */ = {isa = PBXBuildFile; fileRef = 37D9DFE8162A374F0000F263 /* ToulouseVeloCity.sqlite */; };
		37E9531712AA29FB00C1D21C /* MapVC.m in Sources */ = {isa = PBXBuildFile; fileRef = 37E9531512AA29FB00C1D21C /* MapVC.m */; };
		37E9532D12AA2BE000C1D21C /* MapKit.framework in Frameworks */ = {isa = PBXBuildFile; fileRef = 37E9532C12AA2BE000C1D21C /* MapKit.framework */; };
		37EC535215BAFB0400F45C09 /* Default.png in Resources */ = {isa = PBXBuildFile; fileRef = 37EC534815BAFB0400F45C09 /* Default.png */; };
		37EC535315BAFB0400F45C09 /* Default@2x.png in Resources */ = {isa = PBXBuildFile; fileRef = 37EC534915BAFB0400F45C09 /* Default@2x.png */; };
		37EC535515BAFB0400F45C09 /* Icon.png in Resources */ = {isa = PBXBuildFile; fileRef = 37EC534B15BAFB0400F45C09 /* Icon.png */; };
		37EC535615BAFB0400F45C09 /* Icon@2x.png in Resources */ = {isa = PBXBuildFile; fileRef = 37EC534C15BAFB0400F45C09 /* Icon@2x.png */; };
		37EDD1CB15A5CDC80023301D /* Radar.m in Sources */ = {isa = PBXBuildFile; fileRef = 37EDD1CA15A5CDC80023301D /* Radar.m */; };
		37EDD1CF15A5CDD20023301D /* _Radar.m in Sources */ = {isa = PBXBuildFile; fileRef = 37EDD1CE15A5CDD10023301D /* _Radar.m */; };
		37EE011915BC87E4008376A1 /* GeoFencesMonitor.m in Sources */ = {isa = PBXBuildFile; fileRef = 37EE011815BC87E4008376A1 /* GeoFencesMonitor.m */; };
		37EE532213AC1C5C00D5A64C /* NSObject+KVCMapping.m in Sources */ = {isa = PBXBuildFile; fileRef = 37EE532113AC1C5C00D5A64C /* NSObject+KVCMapping.m */; };
		37F5FD68161636FA00E6FFC2 /* UIApplication+screenshot.m in Sources */ = {isa = PBXBuildFile; fileRef = 37F5FD67161636FA00E6FFC2 /* UIApplication+screenshot.m */; };
		37F5FD6C16165B2F00E6FFC2 /* MapVC+DebugScreenshots.m in Sources */ = {isa = PBXBuildFile; fileRef = 37F5FD6B16165B2F00E6FFC2 /* MapVC+DebugScreenshots.m */; };
		37F7587B15C56A8300907A05 /* UIApplication+LocalAlerts.m in Sources */ = {isa = PBXBuildFile; fileRef = 37F7587A15C56A8300907A05 /* UIApplication+LocalAlerts.m */; };
/* End PBXBuildFile section */

/* Begin PBXContainerItemProxy section */
		370220CB165500D700350AD1 /* PBXContainerItemProxy */ = {
			isa = PBXContainerItemProxy;
			containerPortal = 29B97313FDCFA39411CA2CEA /* Project object */;
			proxyType = 1;
			remoteGlobalIDString = 37038A0E15E3A6280043504A;
			remoteInfo = BicycletteDataGrab;
		};
		370220CD165500E600350AD1 /* PBXContainerItemProxy */ = {
			isa = PBXContainerItemProxy;
			containerPortal = 29B97313FDCFA39411CA2CEA /* Project object */;
			proxyType = 1;
			remoteGlobalIDString = 370220C7165500CC00350AD1;
			remoteInfo = GrabData;
		};
		371D4FB71482F66700A6DF77 /* PBXContainerItemProxy */ = {
			isa = PBXContainerItemProxy;
			containerPortal = 29B97313FDCFA39411CA2CEA /* Project object */;
			proxyType = 1;
			remoteGlobalIDString = 1D6058900D05DD3D006BFB54;
			remoteInfo = Bicyclette;
		};
/* End PBXContainerItemProxy section */

/* Begin PBXCopyFilesBuildPhase section */
		37038A0D15E3A6280043504A /* CopyFiles */ = {
			isa = PBXCopyFilesBuildPhase;
			buildActionMask = 12;
			dstPath = "";
			dstSubfolderSpec = 16;
			files = (
				3717AA6C162A1E18005EC7BD /* MarseilleLeveloCity.plist in CopyFiles */,
				3717AA6D162A1E1A005EC7BD /* ParisVelibCity.plist in CopyFiles */,
				37D9DFE6162A34E00000F263 /* ToulouseVeloCity.plist in CopyFiles */,
				370E3A43162E18820010E454 /* AmiensVelamCity.plist in CopyFiles */,
			);
			runOnlyForDeploymentPostprocessing = 0;
		};
/* End PBXCopyFilesBuildPhase section */

/* Begin PBXFileReference section */
		1D30AB110D05D00D00671497 /* Foundation.framework */ = {isa = PBXFileReference; lastKnownFileType = wrapper.framework; name = Foundation.framework; path = System/Library/Frameworks/Foundation.framework; sourceTree = SDKROOT; };
		1D3623240D0F684500981E51 /* BicycletteApplicationDelegate.h */ = {isa = PBXFileReference; fileEncoding = 4; lastKnownFileType = sourcecode.c.h; path = BicycletteApplicationDelegate.h; sourceTree = "<group>"; };
		1D3623250D0F684500981E51 /* BicycletteApplicationDelegate.m */ = {isa = PBXFileReference; fileEncoding = 4; lastKnownFileType = sourcecode.c.objc; path = BicycletteApplicationDelegate.m; sourceTree = "<group>"; };
		1D6058910D05DD3D006BFB54 /* Bicyclette.app */ = {isa = PBXFileReference; explicitFileType = wrapper.application; includeInIndex = 0; path = Bicyclette.app; sourceTree = BUILT_PRODUCTS_DIR; };
		1DF5F4DF0D08C38300B7A737 /* UIKit.framework */ = {isa = PBXFileReference; lastKnownFileType = wrapper.framework; name = UIKit.framework; path = System/Library/Frameworks/UIKit.framework; sourceTree = SDKROOT; };
		2892E40F0DC94CBA00A64D0F /* CoreGraphics.framework */ = {isa = PBXFileReference; lastKnownFileType = wrapper.framework; name = CoreGraphics.framework; path = System/Library/Frameworks/CoreGraphics.framework; sourceTree = SDKROOT; };
		28A0AAE50D9B0CCF005BE974 /* Prefix.pch */ = {isa = PBXFileReference; fileEncoding = 4; lastKnownFileType = sourcecode.c.h; path = Prefix.pch; sourceTree = "<group>"; };
		28AD735F0D9D9599002E5188 /* MainWindow.xib */ = {isa = PBXFileReference; lastKnownFileType = file.xib; path = MainWindow.xib; sourceTree = "<group>"; };
		29B97316FDCFA39411CA2CEA /* main.m */ = {isa = PBXFileReference; fileEncoding = 4; lastKnownFileType = sourcecode.c.objc; path = main.m; sourceTree = "<group>"; };
		3700F8511594A806007CF99E /* RegionAnnotationView.h */ = {isa = PBXFileReference; fileEncoding = 4; lastKnownFileType = sourcecode.c.h; path = RegionAnnotationView.h; sourceTree = "<group>"; };
		3700F8521594A806007CF99E /* RegionAnnotationView.m */ = {isa = PBXFileReference; fileEncoding = 4; lastKnownFileType = sourcecode.c.objc; path = RegionAnnotationView.m; sourceTree = "<group>"; };
		37038A0F15E3A6280043504A /* BicycletteDataGrab */ = {isa = PBXFileReference; explicitFileType = "compiled.mach-o.executable"; includeInIndex = 0; path = BicycletteDataGrab; sourceTree = BUILT_PRODUCTS_DIR; };
		37038A1315E3A6290043504A /* DataGrabber.m */ = {isa = PBXFileReference; lastKnownFileType = sourcecode.c.objc; lineEnding = 0; path = DataGrabber.m; sourceTree = "<group>"; xcLanguageSpecificationIdentifier = xcode.lang.objc; };
		3705B40615B9B6BE009C8AAA /* BicycletteAnnotationView.h */ = {isa = PBXFileReference; fileEncoding = 4; lastKnownFileType = sourcecode.c.h; path = BicycletteAnnotationView.h; sourceTree = "<group>"; };
		3705B40715B9B6BE009C8AAA /* BicycletteAnnotationView.m */ = {isa = PBXFileReference; fileEncoding = 4; lastKnownFileType = sourcecode.c.objc; path = BicycletteAnnotationView.m; sourceTree = "<group>"; };
		3705B40A15B9E8DB009C8AAA /* MKMapView+AttributionLogo.h */ = {isa = PBXFileReference; fileEncoding = 4; lastKnownFileType = sourcecode.c.h; path = "MKMapView+AttributionLogo.h"; sourceTree = "<group>"; };
		3705B40B15B9E8DB009C8AAA /* MKMapView+AttributionLogo.m */ = {isa = PBXFileReference; fileEncoding = 4; lastKnownFileType = sourcecode.c.objc; path = "MKMapView+AttributionLogo.m"; sourceTree = "<group>"; };
		370D2AB915A3A2270019F36E /* NSMutableArray+Locatable.h */ = {isa = PBXFileReference; fileEncoding = 4; lastKnownFileType = sourcecode.c.h; path = "NSMutableArray+Locatable.h"; sourceTree = "<group>"; };
		370D2ABA15A3A2270019F36E /* NSMutableArray+Locatable.m */ = {isa = PBXFileReference; fileEncoding = 4; lastKnownFileType = sourcecode.c.objc; path = "NSMutableArray+Locatable.m"; sourceTree = "<group>"; };
		370D2ABC15A3A4300019F36E /* RadarAnnotationView.h */ = {isa = PBXFileReference; fileEncoding = 4; lastKnownFileType = sourcecode.c.h; path = RadarAnnotationView.h; sourceTree = "<group>"; };
		370D2ABD15A3A4300019F36E /* RadarAnnotationView.m */ = {isa = PBXFileReference; fileEncoding = 4; lastKnownFileType = sourcecode.c.objc; path = RadarAnnotationView.m; sourceTree = "<group>"; };
		370E3A3D162E17870010E454 /* AmiensVelamCity.h */ = {isa = PBXFileReference; fileEncoding = 4; lastKnownFileType = sourcecode.c.h; path = AmiensVelamCity.h; sourceTree = "<group>"; };
		370E3A3E162E17880010E454 /* AmiensVelamCity.m */ = {isa = PBXFileReference; fileEncoding = 4; lastKnownFileType = sourcecode.c.objc; path = AmiensVelamCity.m; sourceTree = "<group>"; };
		370E3A41162E17990010E454 /* AmiensVelamCity.plist */ = {isa = PBXFileReference; fileEncoding = 4; lastKnownFileType = text.plist.xml; path = AmiensVelamCity.plist; sourceTree = "<group>"; };
		370E3A44162E189D0010E454 /* AmiensVelamCity.sqlite */ = {isa = PBXFileReference; lastKnownFileType = file; name = AmiensVelamCity.sqlite; path = _DataGrabTempFolder/AmiensVelamCity.sqlite; sourceTree = SOURCE_ROOT; };
		370F7DF912F60C2700F5FC45 /* QuartzCore.framework */ = {isa = PBXFileReference; lastKnownFileType = wrapper.framework; name = QuartzCore.framework; path = System/Library/Frameworks/QuartzCore.framework; sourceTree = SDKROOT; };
		37149B9312624C15009CDE82 /* NSStringAdditions.h */ = {isa = PBXFileReference; fileEncoding = 4; lastKnownFileType = sourcecode.c.h; path = NSStringAdditions.h; sourceTree = "<group>"; };
		37149B9412624C15009CDE82 /* NSStringAdditions.m */ = {isa = PBXFileReference; fileEncoding = 4; lastKnownFileType = sourcecode.c.objc; path = NSStringAdditions.m; sourceTree = "<group>"; };
		37149BBA126250D7009CDE82 /* NSSetAdditions.h */ = {isa = PBXFileReference; fileEncoding = 4; lastKnownFileType = sourcecode.c.h; path = NSSetAdditions.h; sourceTree = "<group>"; };
		37149BBB126250D7009CDE82 /* NSSetAdditions.m */ = {isa = PBXFileReference; fileEncoding = 4; lastKnownFileType = sourcecode.c.objc; path = NSSetAdditions.m; sourceTree = "<group>"; };
		3717AA66162A1C11005EC7BD /* MarseilleLeveloCity.plist */ = {isa = PBXFileReference; fileEncoding = 4; lastKnownFileType = text.plist.xml; path = MarseilleLeveloCity.plist; sourceTree = "<group>"; };
		3717AA67162A1C11005EC7BD /* ParisVelibCity.plist */ = {isa = PBXFileReference; fileEncoding = 4; lastKnownFileType = text.plist.xml; path = ParisVelibCity.plist; sourceTree = "<group>"; };
		3717AA6A162A1C3E005EC7BD /* VelibHardcodedDebugErrors.plist */ = {isa = PBXFileReference; fileEncoding = 4; lastKnownFileType = text.plist.xml; path = VelibHardcodedDebugErrors.plist; sourceTree = "<group>"; };
		3717AA6E162A1F38005EC7BD /* ParisVelibCity.h */ = {isa = PBXFileReference; fileEncoding = 4; lastKnownFileType = sourcecode.c.h; name = ParisVelibCity.h; path = ../ParisVelibCity.h; sourceTree = "<group>"; };
		3717AA6F162A1F38005EC7BD /* ParisVelibCity.m */ = {isa = PBXFileReference; fileEncoding = 4; lastKnownFileType = sourcecode.c.objc; name = ParisVelibCity.m; path = ../ParisVelibCity.m; sourceTree = "<group>"; };
		371982BF16451F92006CF77D /* FanContainerViewController.h */ = {isa = PBXFileReference; fileEncoding = 4; lastKnownFileType = sourcecode.c.h; path = FanContainerViewController.h; sourceTree = "<group>"; };
		371982C016451F92006CF77D /* FanContainerViewController.m */ = {isa = PBXFileReference; fileEncoding = 4; lastKnownFileType = sourcecode.c.objc; path = FanContainerViewController.m; sourceTree = "<group>"; };
		371D4FB31482F53E00A6DF77 /* NSObject+KVCMapping_Tests.m */ = {isa = PBXFileReference; fileEncoding = 4; lastKnownFileType = sourcecode.c.objc; path = "NSObject+KVCMapping_Tests.m"; sourceTree = "<group>"; };
		371D4FC41483727F00A6DF77 /* NSObject+KVCMapping_Tests.xcdatamodel */ = {isa = PBXFileReference; lastKnownFileType = wrapper.xcdatamodel; path = "NSObject+KVCMapping_Tests.xcdatamodel"; sourceTree = "<group>"; };
		371D4FC61484C76100A6DF77 /* FormattedStringToDateValueTransformer.h */ = {isa = PBXFileReference; fileEncoding = 4; lastKnownFileType = sourcecode.c.h; path = FormattedStringToDateValueTransformer.h; sourceTree = "<group>"; };
		371D4FC71484C76100A6DF77 /* FormattedStringToDateValueTransformer.m */ = {isa = PBXFileReference; fileEncoding = 4; lastKnownFileType = sourcecode.c.objc; path = FormattedStringToDateValueTransformer.m; sourceTree = "<group>"; };
		371D90C8158FE19900E509E6 /* TransparentToolbar.h */ = {isa = PBXFileReference; fileEncoding = 4; lastKnownFileType = sourcecode.c.h; path = TransparentToolbar.h; sourceTree = "<group>"; };
		371D90C9158FE19900E509E6 /* TransparentToolbar.m */ = {isa = PBXFileReference; fileEncoding = 4; lastKnownFileType = sourcecode.c.objc; path = TransparentToolbar.m; sourceTree = "<group>"; };
		371E1BEA137FCF7C007EFBFF /* Region.h */ = {isa = PBXFileReference; fileEncoding = 4; lastKnownFileType = sourcecode.c.h; path = Region.h; sourceTree = "<group>"; };
		371E1BEB137FCF7C007EFBFF /* Region.m */ = {isa = PBXFileReference; fileEncoding = 4; lastKnownFileType = sourcecode.c.objc; path = Region.m; sourceTree = "<group>"; };
		371E1BEC137FCF7C007EFBFF /* Station.h */ = {isa = PBXFileReference; fileEncoding = 4; lastKnownFileType = sourcecode.c.h; path = Station.h; sourceTree = "<group>"; };
		371E1BED137FCF7C007EFBFF /* Station.m */ = {isa = PBXFileReference; fileEncoding = 4; lastKnownFileType = sourcecode.c.objc; path = Station.m; sourceTree = "<group>"; };
		371E1BEF137FCF7C007EFBFF /* _Region.h */ = {isa = PBXFileReference; fileEncoding = 4; lastKnownFileType = sourcecode.c.h; path = _Region.h; sourceTree = "<group>"; };
		371E1BF0137FCF7C007EFBFF /* _Region.m */ = {isa = PBXFileReference; fileEncoding = 4; lastKnownFileType = sourcecode.c.objc; path = _Region.m; sourceTree = "<group>"; };
		371E1BF1137FCF7C007EFBFF /* _Station.h */ = {isa = PBXFileReference; fileEncoding = 4; lastKnownFileType = sourcecode.c.h; path = _Station.h; sourceTree = "<group>"; };
		371E1BF2137FCF7C007EFBFF /* _Station.m */ = {isa = PBXFileReference; fileEncoding = 4; lastKnownFileType = sourcecode.c.objc; path = _Station.m; sourceTree = "<group>"; };
		37212056149EA4F3007697D1 /* BicycletteCity.xcdatamodel */ = {isa = PBXFileReference; lastKnownFileType = wrapper.xcdatamodel; path = BicycletteCity.xcdatamodel; sourceTree = "<group>"; };
		37216BC512611C5400A2695A /* BicycletteCity.h */ = {isa = PBXFileReference; fileEncoding = 4; lastKnownFileType = sourcecode.c.h; lineEnding = 0; path = BicycletteCity.h; sourceTree = "<group>"; xcLanguageSpecificationIdentifier = xcode.lang.objcpp; };
		37216BC612611C5400A2695A /* BicycletteCity.m */ = {isa = PBXFileReference; fileEncoding = 4; lastKnownFileType = sourcecode.c.objc; lineEnding = 0; path = BicycletteCity.m; sourceTree = "<group>"; xcLanguageSpecificationIdentifier = xcode.lang.objc; };
		3724BC6415E4C50200790869 /* Default-Landscape.png */ = {isa = PBXFileReference; lastKnownFileType = image.png; path = "Default-Landscape.png"; sourceTree = "<group>"; };
		3724BC6515E4C50200790869 /* Default-Landscape@2x.png */ = {isa = PBXFileReference; lastKnownFileType = image.png; path = "Default-Landscape@2x.png"; sourceTree = "<group>"; };
		3724BC6615E4C50200790869 /* Default-Portrait.png */ = {isa = PBXFileReference; lastKnownFileType = image.png; path = "Default-Portrait.png"; sourceTree = "<group>"; };
		3724BC6715E4C50200790869 /* Default-Portrait@2x.png */ = {isa = PBXFileReference; lastKnownFileType = image.png; path = "Default-Portrait@2x.png"; sourceTree = "<group>"; };
		3724BC7115E4CA1200790869 /* Store.h */ = {isa = PBXFileReference; fileEncoding = 4; lastKnownFileType = sourcecode.c.h; path = Store.h; sourceTree = "<group>"; };
		3724BC7215E4CA1200790869 /* Store.m */ = {isa = PBXFileReference; fileEncoding = 4; lastKnownFileType = sourcecode.c.objc; path = Store.m; sourceTree = "<group>"; };
		3724BC7415E4CA8A00790869 /* StoreKit.framework */ = {isa = PBXFileReference; lastKnownFileType = wrapper.framework; name = StoreKit.framework; path = System/Library/Frameworks/StoreKit.framework; sourceTree = SDKROOT; };
		372BC7DF132ECB2000D12CBE /* NSData+SHA1.h */ = {isa = PBXFileReference; fileEncoding = 4; lastKnownFileType = sourcecode.c.h; path = "NSData+SHA1.h"; sourceTree = "<group>"; };
		372BC7E0132ECB2000D12CBE /* NSData+SHA1.m */ = {isa = PBXFileReference; fileEncoding = 4; lastKnownFileType = sourcecode.c.objc; path = "NSData+SHA1.m"; sourceTree = "<group>"; };
		3730161615977E1900347C9F /* DrawingCache.h */ = {isa = PBXFileReference; fileEncoding = 4; lastKnownFileType = sourcecode.c.h; path = DrawingCache.h; sourceTree = "<group>"; };
		3730161715977E1900347C9F /* DrawingCache.m */ = {isa = PBXFileReference; fileEncoding = 4; lastKnownFileType = sourcecode.c.objc; path = DrawingCache.m; sourceTree = "<group>"; };
		373016191597800E00347C9F /* UIColor+hsb.h */ = {isa = PBXFileReference; fileEncoding = 4; lastKnownFileType = sourcecode.c.h; path = "UIColor+hsb.h"; sourceTree = "<group>"; };
		3730161A1597800E00347C9F /* UIColor+hsb.m */ = {isa = PBXFileReference; fileEncoding = 4; lastKnownFileType = sourcecode.c.objc; path = "UIColor+hsb.m"; sourceTree = "<group>"; };
		373A77F315E3F6B80057E241 /* ParisVelibCity.sqlite */ = {isa = PBXFileReference; lastKnownFileType = file; name = ParisVelibCity.sqlite; path = _DataGrabTempFolder/ParisVelibCity.sqlite; sourceTree = SOURCE_ROOT; };
		373A780015E40DA90057E241 /* Icon~ipad.png */ = {isa = PBXFileReference; lastKnownFileType = image.png; path = "Icon~ipad.png"; sourceTree = "<group>"; };
		373A780115E40DA90057E241 /* Icon~ipad@2x.png */ = {isa = PBXFileReference; lastKnownFileType = image.png; path = "Icon~ipad@2x.png"; sourceTree = "<group>"; };
		373A780515E40EF70057E241 /* Icon~settings.png */ = {isa = PBXFileReference; lastKnownFileType = image.png; path = "Icon~settings.png"; sourceTree = "<group>"; };
		373A780615E40EF70057E241 /* Icon~settings@2x.png */ = {isa = PBXFileReference; lastKnownFileType = image.png; path = "Icon~settings@2x.png"; sourceTree = "<group>"; };
		373A780915E40F060057E241 /* Icon~appstore.png */ = {isa = PBXFileReference; lastKnownFileType = image.png; path = "Icon~appstore.png"; sourceTree = "<group>"; };
		374334C8164B0EC00051294F /* CitiesController.h */ = {isa = PBXFileReference; fileEncoding = 4; lastKnownFileType = sourcecode.c.h; path = CitiesController.h; sourceTree = "<group>"; };
		374334C9164B0EC00051294F /* CitiesController.m */ = {isa = PBXFileReference; fileEncoding = 4; lastKnownFileType = sourcecode.c.objc; path = CitiesController.m; sourceTree = "<group>"; };
		3747106815B3754E00C1D1D9 /* LocalUpdateQueue.h */ = {isa = PBXFileReference; fileEncoding = 4; lastKnownFileType = sourcecode.c.h; path = LocalUpdateQueue.h; sourceTree = "<group>"; };
		3747106915B3754E00C1D1D9 /* LocalUpdateQueue.m */ = {isa = PBXFileReference; fileEncoding = 4; lastKnownFileType = sourcecode.c.objc; path = LocalUpdateQueue.m; sourceTree = "<group>"; };
		37513B6116173FAB00388FF3 /* RootVC.h */ = {isa = PBXFileReference; fileEncoding = 4; lastKnownFileType = sourcecode.c.h; path = RootVC.h; sourceTree = "<group>"; };
		37513B6216173FAB00388FF3 /* RootVC.m */ = {isa = PBXFileReference; fileEncoding = 4; lastKnownFileType = sourcecode.c.objc; path = RootVC.m; sourceTree = "<group>"; };
		3756EAA51297F60000113534 /* FactoryDefaults.plist */ = {isa = PBXFileReference; fileEncoding = 4; lastKnownFileType = text.plist.xml; path = FactoryDefaults.plist; sourceTree = "<group>"; };
		3756EADE1298018A00113534 /* Info.plist */ = {isa = PBXFileReference; fileEncoding = 4; lastKnownFileType = text.plist.xml; path = Info.plist; sourceTree = "<group>"; };
		3770B22D14E9765A0003BBA8 /* carto.xml */ = {isa = PBXFileReference; lastKnownFileType = text.xml; path = carto.xml; sourceTree = "<group>"; };
		3770B22E14E976C20003BBA8 /* Austerlitz.gpx */ = {isa = PBXFileReference; lastKnownFileType = text.xml; path = Austerlitz.gpx; sourceTree = "<group>"; };
		377EFCAE160F90BF005A5383 /* Default-568h@2x.png */ = {isa = PBXFileReference; lastKnownFileType = image.png; path = "Default-568h@2x.png"; sourceTree = "<group>"; };
		37822B7D1380457D009D8334 /* NSFileManager+StandardPaths.h */ = {isa = PBXFileReference; fileEncoding = 4; lastKnownFileType = sourcecode.c.h; path = "NSFileManager+StandardPaths.h"; sourceTree = "<group>"; };
		37822B7E1380457D009D8334 /* NSFileManager+StandardPaths.m */ = {isa = PBXFileReference; fileEncoding = 4; lastKnownFileType = sourcecode.c.objc; path = "NSFileManager+StandardPaths.m"; sourceTree = "<group>"; };
		3786E4DC14825A7700814C10 /* BicycletteLogicTests.octest */ = {isa = PBXFileReference; explicitFileType = wrapper.cfbundle; includeInIndex = 0; path = BicycletteLogicTests.octest; sourceTree = BUILT_PRODUCTS_DIR; };
		3786E4DD14825A7700814C10 /* SenTestingKit.framework */ = {isa = PBXFileReference; lastKnownFileType = wrapper.framework; name = SenTestingKit.framework; path = Library/Frameworks/SenTestingKit.framework; sourceTree = DEVELOPER_DIR; };
		3786E4E314825A7700814C10 /* Info.plist */ = {isa = PBXFileReference; lastKnownFileType = text.plist.xml; path = Info.plist; sourceTree = "<group>"; };
		3786E4E814825A7700814C10 /* NSError+MultipleErrorsCombined_Tests.m */ = {isa = PBXFileReference; lastKnownFileType = sourcecode.c.objc; path = "NSError+MultipleErrorsCombined_Tests.m"; sourceTree = "<group>"; };
		3786E4EA14825A7700814C10 /* Prefix.pch */ = {isa = PBXFileReference; lastKnownFileType = sourcecode.c.h; path = Prefix.pch; sourceTree = "<group>"; };
		378F2FEE1595223C003C5CF3 /* StationAnnotationView.h */ = {isa = PBXFileReference; fileEncoding = 4; lastKnownFileType = sourcecode.c.h; path = StationAnnotationView.h; sourceTree = "<group>"; };
		378F2FEF1595223C003C5CF3 /* StationAnnotationView.m */ = {isa = PBXFileReference; fileEncoding = 4; lastKnownFileType = sourcecode.c.objc; path = StationAnnotationView.m; sourceTree = "<group>"; };
		3793DE1D1380295400B50118 /* CoreDataManager.h */ = {isa = PBXFileReference; fileEncoding = 4; indentWidth = 4; lastKnownFileType = sourcecode.c.h; path = CoreDataManager.h; sourceTree = "<group>"; tabWidth = 4; usesTabs = 0; wrapsLines = 0; };
		3793DE1E1380295400B50118 /* CoreDataManager.m */ = {isa = PBXFileReference; fileEncoding = 4; indentWidth = 4; lastKnownFileType = sourcecode.c.objc; path = CoreDataManager.m; sourceTree = "<group>"; tabWidth = 4; usesTabs = 0; wrapsLines = 0; };
		3793DE2013802E6100B50118 /* DataUpdater.h */ = {isa = PBXFileReference; fileEncoding = 4; indentWidth = 4; lastKnownFileType = sourcecode.c.h; path = DataUpdater.h; sourceTree = "<group>"; tabWidth = 4; usesTabs = 0; wrapsLines = 0; };
		3793DE2113802E6100B50118 /* DataUpdater.m */ = {isa = PBXFileReference; fileEncoding = 4; indentWidth = 4; lastKnownFileType = sourcecode.c.objc; path = DataUpdater.m; sourceTree = "<group>"; tabWidth = 4; usesTabs = 0; wrapsLines = 0; };
		37A3471B128CA48C000A2540 /* CoreData.framework */ = {isa = PBXFileReference; lastKnownFileType = wrapper.framework; name = CoreData.framework; path = System/Library/Frameworks/CoreData.framework; sourceTree = SDKROOT; };
		37AA66171653E9EA001F9660 /* NSArrayAdditions.h */ = {isa = PBXFileReference; fileEncoding = 4; lastKnownFileType = sourcecode.c.h; path = NSArrayAdditions.h; sourceTree = "<group>"; };
		37AA66181653E9EA001F9660 /* NSArrayAdditions.m */ = {isa = PBXFileReference; fileEncoding = 4; lastKnownFileType = sourcecode.c.objc; path = NSArrayAdditions.m; sourceTree = "<group>"; };
		37AA661D1653F027001F9660 /* Radar+GeoFence.h */ = {isa = PBXFileReference; fileEncoding = 4; lastKnownFileType = sourcecode.c.h; path = "Radar+GeoFence.h"; sourceTree = "<group>"; };
		37AA661E1653F027001F9660 /* Radar+GeoFence.m */ = {isa = PBXFileReference; fileEncoding = 4; lastKnownFileType = sourcecode.c.objc; path = "Radar+GeoFence.m"; sourceTree = "<group>"; };
		37AA662216543B2C001F9660 /* Radar+LocalUpdateGroup.h */ = {isa = PBXFileReference; fileEncoding = 4; lastKnownFileType = sourcecode.c.h; path = "Radar+LocalUpdateGroup.h"; sourceTree = "<group>"; };
		37AA662316543B2C001F9660 /* Radar+LocalUpdateGroup.m */ = {isa = PBXFileReference; fileEncoding = 4; lastKnownFileType = sourcecode.c.objc; path = "Radar+LocalUpdateGroup.m"; sourceTree = "<group>"; };
		37AA662716543EC1001F9660 /* Station+LocalUpdatePoint.h */ = {isa = PBXFileReference; fileEncoding = 4; lastKnownFileType = sourcecode.c.h; path = "Station+LocalUpdatePoint.h"; sourceTree = "<group>"; };
		37AA662816543EC1001F9660 /* Station+LocalUpdatePoint.m */ = {isa = PBXFileReference; fileEncoding = 4; lastKnownFileType = sourcecode.c.objc; path = "Station+LocalUpdatePoint.m"; sourceTree = "<group>"; };
		37AFC0EE15B2F0AC00E3E940 /* Localizable.strings */ = {isa = PBXFileReference; fileEncoding = 4; lastKnownFileType = text.plist.strings; path = Localizable.strings; sourceTree = "<group>"; };
		37B7ABE315E3D8D300268B70 /* CompatibilityCategories.h */ = {isa = PBXFileReference; fileEncoding = 4; lastKnownFileType = sourcecode.c.h; path = CompatibilityCategories.h; sourceTree = "<group>"; };
		37B7AC0115E3DF8B00268B70 /* AppKit.framework */ = {isa = PBXFileReference; lastKnownFileType = wrapper.framework; name = AppKit.framework; path = Platforms/MacOSX.platform/Developer/SDKs/MacOSX10.8.sdk/System/Library/Frameworks/AppKit.framework; sourceTree = DEVELOPER_DIR; };
		37BAD8D014269F1000AC2368 /* NSError+MultipleErrorsCombined.h */ = {isa = PBXFileReference; fileEncoding = 4; lastKnownFileType = sourcecode.c.h; path = "NSError+MultipleErrorsCombined.h"; sourceTree = "<group>"; };
		37BAD8D114269F1000AC2368 /* NSError+MultipleErrorsCombined.m */ = {isa = PBXFileReference; fileEncoding = 4; lastKnownFileType = sourcecode.c.objc; path = "NSError+MultipleErrorsCombined.m"; sourceTree = "<group>"; };
		37BE759A15E6BDE4001DABF6 /* HelpVC.h */ = {isa = PBXFileReference; fileEncoding = 4; lastKnownFileType = sourcecode.c.h; path = HelpVC.h; sourceTree = "<group>"; };
		37BE759B15E6BDE4001DABF6 /* HelpVC.m */ = {isa = PBXFileReference; fileEncoding = 4; lastKnownFileType = sourcecode.c.objc; path = HelpVC.m; sourceTree = "<group>"; };
		37BE759C15E6BDE4001DABF6 /* HelpVC.xib */ = {isa = PBXFileReference; fileEncoding = 4; lastKnownFileType = file.xib; path = HelpVC.xib; sourceTree = "<group>"; };
		37C56FD115B1A0E700795961 /* PrefsVC.h */ = {isa = PBXFileReference; fileEncoding = 4; lastKnownFileType = sourcecode.c.h; path = PrefsVC.h; sourceTree = "<group>"; };
		37C56FD215B1A0E700795961 /* PrefsVC.m */ = {isa = PBXFileReference; fileEncoding = 4; lastKnownFileType = sourcecode.c.objc; path = PrefsVC.m; sourceTree = "<group>"; };
		37C56FD315B1A0E700795961 /* PrefsVC.xib */ = {isa = PBXFileReference; fileEncoding = 4; lastKnownFileType = file.xib; path = PrefsVC.xib; sourceTree = "<group>"; };
		37C56FDA15B1A38F00795961 /* UIView+Screenshot.h */ = {isa = PBXFileReference; fileEncoding = 4; lastKnownFileType = sourcecode.c.h; path = "UIView+Screenshot.h"; sourceTree = "<group>"; };
		37C56FDB15B1A38F00795961 /* UIView+Screenshot.m */ = {isa = PBXFileReference; fileEncoding = 4; lastKnownFileType = sourcecode.c.objc; path = "UIView+Screenshot.m"; sourceTree = "<group>"; };
		37D188381170A5FA00950D52 /* CoreLocation.framework */ = {isa = PBXFileReference; lastKnownFileType = wrapper.framework; name = CoreLocation.framework; path = System/Library/Frameworks/CoreLocation.framework; sourceTree = SDKROOT; };
		37D9DFDC162A2BF60000F263 /* MarseilleLeveloCity.h */ = {isa = PBXFileReference; fileEncoding = 4; lastKnownFileType = sourcecode.c.h; path = MarseilleLeveloCity.h; sourceTree = "<group>"; };
		37D9DFDD162A2BF60000F263 /* MarseilleLeveloCity.m */ = {isa = PBXFileReference; fileEncoding = 4; lastKnownFileType = sourcecode.c.objc; path = MarseilleLeveloCity.m; sourceTree = "<group>"; };
		37D9DFE0162A318E0000F263 /* ToulouseVeloCity.h */ = {isa = PBXFileReference; fileEncoding = 4; lastKnownFileType = sourcecode.c.h; path = ToulouseVeloCity.h; sourceTree = "<group>"; };
		37D9DFE1162A318E0000F263 /* ToulouseVeloCity.m */ = {isa = PBXFileReference; fileEncoding = 4; lastKnownFileType = sourcecode.c.objc; path = ToulouseVeloCity.m; sourceTree = "<group>"; };
		37D9DFE4162A31970000F263 /* ToulouseVeloCity.plist */ = {isa = PBXFileReference; fileEncoding = 4; lastKnownFileType = text.plist.xml; path = ToulouseVeloCity.plist; sourceTree = "<group>"; };
		37D9DFE7162A374F0000F263 /* MarseilleLeveloCity.sqlite */ = {isa = PBXFileReference; lastKnownFileType = file; name = MarseilleLeveloCity.sqlite; path = _DataGrabTempFolder/MarseilleLeveloCity.sqlite; sourceTree = SOURCE_ROOT; };
		37D9DFE8162A374F0000F263 /* ToulouseVeloCity.sqlite */ = {isa = PBXFileReference; lastKnownFileType = file; name = ToulouseVeloCity.sqlite; path = _DataGrabTempFolder/ToulouseVeloCity.sqlite; sourceTree = SOURCE_ROOT; };
		37E9531412AA29FB00C1D21C /* MapVC.h */ = {isa = PBXFileReference; fileEncoding = 4; lastKnownFileType = sourcecode.c.h; path = MapVC.h; sourceTree = "<group>"; };
		37E9531512AA29FB00C1D21C /* MapVC.m */ = {isa = PBXFileReference; fileEncoding = 4; lastKnownFileType = sourcecode.c.objc; path = MapVC.m; sourceTree = "<group>"; };
		37E9532C12AA2BE000C1D21C /* MapKit.framework */ = {isa = PBXFileReference; lastKnownFileType = wrapper.framework; name = MapKit.framework; path = System/Library/Frameworks/MapKit.framework; sourceTree = SDKROOT; };
		37EC534815BAFB0400F45C09 /* Default.png */ = {isa = PBXFileReference; lastKnownFileType = image.png; path = Default.png; sourceTree = "<group>"; };
		37EC534915BAFB0400F45C09 /* Default@2x.png */ = {isa = PBXFileReference; lastKnownFileType = image.png; path = "Default@2x.png"; sourceTree = "<group>"; };
		37EC534B15BAFB0400F45C09 /* Icon.png */ = {isa = PBXFileReference; lastKnownFileType = image.png; path = Icon.png; sourceTree = "<group>"; };
		37EC534C15BAFB0400F45C09 /* Icon@2x.png */ = {isa = PBXFileReference; lastKnownFileType = image.png; path = "Icon@2x.png"; sourceTree = "<group>"; };
		37EDD1C915A5CDC80023301D /* Radar.h */ = {isa = PBXFileReference; fileEncoding = 4; lastKnownFileType = sourcecode.c.h; path = Radar.h; sourceTree = "<group>"; };
		37EDD1CA15A5CDC80023301D /* Radar.m */ = {isa = PBXFileReference; fileEncoding = 4; lastKnownFileType = sourcecode.c.objc; path = Radar.m; sourceTree = "<group>"; };
		37EDD1CD15A5CDD10023301D /* _Radar.h */ = {isa = PBXFileReference; fileEncoding = 4; lastKnownFileType = sourcecode.c.h; path = _Radar.h; sourceTree = "<group>"; };
		37EDD1CE15A5CDD10023301D /* _Radar.m */ = {isa = PBXFileReference; fileEncoding = 4; lastKnownFileType = sourcecode.c.objc; path = _Radar.m; sourceTree = "<group>"; };
		37EE011715BC87E4008376A1 /* GeoFencesMonitor.h */ = {isa = PBXFileReference; fileEncoding = 4; lastKnownFileType = sourcecode.c.h; path = GeoFencesMonitor.h; sourceTree = "<group>"; };
		37EE011815BC87E4008376A1 /* GeoFencesMonitor.m */ = {isa = PBXFileReference; fileEncoding = 4; lastKnownFileType = sourcecode.c.objc; path = GeoFencesMonitor.m; sourceTree = "<group>"; };
		37EE532013AC1C5C00D5A64C /* NSObject+KVCMapping.h */ = {isa = PBXFileReference; fileEncoding = 4; lastKnownFileType = sourcecode.c.h; path = "NSObject+KVCMapping.h"; sourceTree = "<group>"; };
		37EE532113AC1C5C00D5A64C /* NSObject+KVCMapping.m */ = {isa = PBXFileReference; fileEncoding = 4; lastKnownFileType = sourcecode.c.objc; path = "NSObject+KVCMapping.m"; sourceTree = "<group>"; };
		37EF844015BCA89A00B84CA3 /* Beaubourg.gpx */ = {isa = PBXFileReference; lastKnownFileType = text.xml; path = Beaubourg.gpx; sourceTree = "<group>"; };
		37EF844115BCA89A00B84CA3 /* Gare de Lyon.gpx */ = {isa = PBXFileReference; lastKnownFileType = text.xml; path = "Gare de Lyon.gpx"; sourceTree = "<group>"; };
		37EF844215BCA89A00B84CA3 /* Saint-Michel.gpx */ = {isa = PBXFileReference; lastKnownFileType = text.xml; path = "Saint-Michel.gpx"; sourceTree = "<group>"; };
		37EFCF3A159E495F007B2E41 /* Style.h */ = {isa = PBXFileReference; lastKnownFileType = sourcecode.c.h; path = Style.h; sourceTree = "<group>"; };
		37F5FD66161636FA00E6FFC2 /* UIApplication+screenshot.h */ = {isa = PBXFileReference; fileEncoding = 4; lastKnownFileType = sourcecode.c.h; path = "UIApplication+screenshot.h"; sourceTree = "<group>"; };
		37F5FD67161636FA00E6FFC2 /* UIApplication+screenshot.m */ = {isa = PBXFileReference; fileEncoding = 4; lastKnownFileType = sourcecode.c.objc; path = "UIApplication+screenshot.m"; sourceTree = "<group>"; };
		37F5FD6A16165B2E00E6FFC2 /* MapVC+DebugScreenshots.h */ = {isa = PBXFileReference; fileEncoding = 4; lastKnownFileType = sourcecode.c.h; path = "MapVC+DebugScreenshots.h"; sourceTree = "<group>"; };
		37F5FD6B16165B2F00E6FFC2 /* MapVC+DebugScreenshots.m */ = {isa = PBXFileReference; fileEncoding = 4; lastKnownFileType = sourcecode.c.objc; path = "MapVC+DebugScreenshots.m"; sourceTree = "<group>"; };
		37F7587915C56A8300907A05 /* UIApplication+LocalAlerts.h */ = {isa = PBXFileReference; fileEncoding = 4; lastKnownFileType = sourcecode.c.h; path = "UIApplication+LocalAlerts.h"; sourceTree = "<group>"; };
		37F7587A15C56A8300907A05 /* UIApplication+LocalAlerts.m */ = {isa = PBXFileReference; fileEncoding = 4; lastKnownFileType = sourcecode.c.objc; path = "UIApplication+LocalAlerts.m"; sourceTree = "<group>"; };
/* End PBXFileReference section */

/* Begin PBXFrameworksBuildPhase section */
		1D60588F0D05DD3D006BFB54 /* Frameworks */ = {
			isa = PBXFrameworksBuildPhase;
			buildActionMask = 2147483647;
			files = (
				3724BC7515E4CA8A00790869 /* StoreKit.framework in Frameworks */,
				1D60589F0D05DD5A006BFB54 /* Foundation.framework in Frameworks */,
				1DF5F4E00D08C38300B7A737 /* UIKit.framework in Frameworks */,
				2892E4100DC94CBA00A64D0F /* CoreGraphics.framework in Frameworks */,
				37D188391170A5FA00950D52 /* CoreLocation.framework in Frameworks */,
				37A3471C128CA48C000A2540 /* CoreData.framework in Frameworks */,
				37E9532D12AA2BE000C1D21C /* MapKit.framework in Frameworks */,
				370F7DFA12F60C2700F5FC45 /* QuartzCore.framework in Frameworks */,
			);
			runOnlyForDeploymentPostprocessing = 0;
		};
		37038A0C15E3A6280043504A /* Frameworks */ = {
			isa = PBXFrameworksBuildPhase;
			buildActionMask = 2147483647;
			files = (
				37B7AC0215E3DF8B00268B70 /* AppKit.framework in Frameworks */,
				37038A1115E3A6280043504A /* Foundation.framework in Frameworks */,
				37B7AC0015E3DF7000268B70 /* CoreLocation.framework in Frameworks */,
				37B7AC0315E3DF9C00268B70 /* CoreData.framework in Frameworks */,
			);
			runOnlyForDeploymentPostprocessing = 0;
		};
		3786E4D814825A7700814C10 /* Frameworks */ = {
			isa = PBXFrameworksBuildPhase;
			buildActionMask = 2147483647;
			files = (
				3786E4DE14825A7700814C10 /* SenTestingKit.framework in Frameworks */,
				3786E4DF14825A7700814C10 /* UIKit.framework in Frameworks */,
				3786E4E014825A7700814C10 /* Foundation.framework in Frameworks */,
				3786E4F21482EB2E00814C10 /* CoreData.framework in Frameworks */,
			);
			runOnlyForDeploymentPostprocessing = 0;
		};
/* End PBXFrameworksBuildPhase section */

/* Begin PBXGroup section */
		080E96DDFE201D6D7F000001 /* UI */ = {
			isa = PBXGroup;
			children = (
				37EFCF3A159E495F007B2E41 /* Style.h */,
				37513B6116173FAB00388FF3 /* RootVC.h */,
				37513B6216173FAB00388FF3 /* RootVC.m */,
				37D131FB163F329B00AABEE4 /* Map */,
				37D131F9163F328500AABEE4 /* Prefs */,
				37D131F7163F325100AABEE4 /* AnnotationViews */,
				3705B40915B9B6C8009C8AAA /* UI Utility */,
				37D131FA163F328F00AABEE4 /* Help */,
			);
			name = UI;
			path = Files;
			sourceTree = "<group>";
		};
		19C28FACFE9D520D11CA2CBB /* Products */ = {
			isa = PBXGroup;
			children = (
				1D6058910D05DD3D006BFB54 /* Bicyclette.app */,
				3786E4DC14825A7700814C10 /* BicycletteLogicTests.octest */,
				37038A0F15E3A6280043504A /* BicycletteDataGrab */,
			);
			name = Products;
			sourceTree = "<group>";
		};
		29B97314FDCFA39411CA2CEA /* CustomTemplate */ = {
			isa = PBXGroup;
			children = (
				37038A1215E3A6280043504A /* DataGrabber */,
				373A77F215E3F6860057E241 /* _DataGrabTempFolder */,
				3756EA9B1297F52200113534 /* Supporting Files */,
				37EC534315BAFB0400F45C09 /* Images */,
				29B97315FDCFA39411CA2CEA /* App */,
				37216A411261087300A2695A /* Backend */,
				080E96DDFE201D6D7F000001 /* UI */,
				3770B22C14E976590003BBA8 /* TestData */,
				29B97323FDCFA39411CA2CEA /* Frameworks */,
				19C28FACFE9D520D11CA2CBB /* Products */,
			);
			name = CustomTemplate;
			sourceTree = "<group>";
		};
		29B97315FDCFA39411CA2CEA /* App */ = {
			isa = PBXGroup;
			children = (
				29B97316FDCFA39411CA2CEA /* main.m */,
				28AD735F0D9D9599002E5188 /* MainWindow.xib */,
				1D3623240D0F684500981E51 /* BicycletteApplicationDelegate.h */,
				1D3623250D0F684500981E51 /* BicycletteApplicationDelegate.m */,
			);
			name = App;
			path = Files;
			sourceTree = "<group>";
		};
		29B97323FDCFA39411CA2CEA /* Frameworks */ = {
			isa = PBXGroup;
			children = (
				37D188381170A5FA00950D52 /* CoreLocation.framework */,
				1DF5F4DF0D08C38300B7A737 /* UIKit.framework */,
				1D30AB110D05D00D00671497 /* Foundation.framework */,
				2892E40F0DC94CBA00A64D0F /* CoreGraphics.framework */,
				37A3471B128CA48C000A2540 /* CoreData.framework */,
				37E9532C12AA2BE000C1D21C /* MapKit.framework */,
				370F7DF912F60C2700F5FC45 /* QuartzCore.framework */,
				3724BC7415E4CA8A00790869 /* StoreKit.framework */,
				3786E4DD14825A7700814C10 /* SenTestingKit.framework */,
				37B7AC0115E3DF8B00268B70 /* AppKit.framework */,
			);
			name = Frameworks;
			sourceTree = "<group>";
		};
		37038A1215E3A6280043504A /* DataGrabber */ = {
			isa = PBXGroup;
			children = (
				37038A1315E3A6290043504A /* DataGrabber.m */,
			);
			name = DataGrabber;
			path = Files;
			sourceTree = "<group>";
		};
		3705B40915B9B6C8009C8AAA /* UI Utility */ = {
			isa = PBXGroup;
			children = (
				371982BF16451F92006CF77D /* FanContainerViewController.h */,
				371982C016451F92006CF77D /* FanContainerViewController.m */,
				3730161615977E1900347C9F /* DrawingCache.h */,
				3730161715977E1900347C9F /* DrawingCache.m */,
				37C56FDA15B1A38F00795961 /* UIView+Screenshot.h */,
				37C56FDB15B1A38F00795961 /* UIView+Screenshot.m */,
				37F5FD66161636FA00E6FFC2 /* UIApplication+screenshot.h */,
				37F5FD67161636FA00E6FFC2 /* UIApplication+screenshot.m */,
				371D90C8158FE19900E509E6 /* TransparentToolbar.h */,
				371D90C9158FE19900E509E6 /* TransparentToolbar.m */,
				373016191597800E00347C9F /* UIColor+hsb.h */,
				3730161A1597800E00347C9F /* UIColor+hsb.m */,
				3705B40A15B9E8DB009C8AAA /* MKMapView+AttributionLogo.h */,
				3705B40B15B9E8DB009C8AAA /* MKMapView+AttributionLogo.m */,
				37F7587915C56A8300907A05 /* UIApplication+LocalAlerts.h */,
				37F7587A15C56A8300907A05 /* UIApplication+LocalAlerts.m */,
			);
			name = "UI Utility";
			sourceTree = "<group>";
		};
		3717AA65162A1C11005EC7BD /* Cities */ = {
			isa = PBXGroup;
			children = (
				3717AA6E162A1F38005EC7BD /* ParisVelibCity.h */,
				3717AA6F162A1F38005EC7BD /* ParisVelibCity.m */,
				3717AA67162A1C11005EC7BD /* ParisVelibCity.plist */,
				3717AA6A162A1C3E005EC7BD /* VelibHardcodedDebugErrors.plist */,
				37D9DFDC162A2BF60000F263 /* MarseilleLeveloCity.h */,
				37D9DFDD162A2BF60000F263 /* MarseilleLeveloCity.m */,
				3717AA66162A1C11005EC7BD /* MarseilleLeveloCity.plist */,
				37D9DFE0162A318E0000F263 /* ToulouseVeloCity.h */,
				37D9DFE1162A318E0000F263 /* ToulouseVeloCity.m */,
				37D9DFE4162A31970000F263 /* ToulouseVeloCity.plist */,
				370E3A3D162E17870010E454 /* AmiensVelamCity.h */,
				370E3A3E162E17880010E454 /* AmiensVelamCity.m */,
				370E3A41162E17990010E454 /* AmiensVelamCity.plist */,
			);
			path = Cities;
			sourceTree = "<group>";
		};
		371E1BE9137FCF7C007EFBFF /* Human */ = {
			isa = PBXGroup;
			children = (
				371E1BEA137FCF7C007EFBFF /* Region.h */,
				371E1BEB137FCF7C007EFBFF /* Region.m */,
				371E1BEC137FCF7C007EFBFF /* Station.h */,
				371E1BED137FCF7C007EFBFF /* Station.m */,
				37EDD1C915A5CDC80023301D /* Radar.h */,
				37EDD1CA15A5CDC80023301D /* Radar.m */,
			);
			path = Human;
			sourceTree = "<group>";
		};
		371E1BEE137FCF7C007EFBFF /* Machine */ = {
			isa = PBXGroup;
			children = (
				371E1BEF137FCF7C007EFBFF /* _Region.h */,
				371E1BF0137FCF7C007EFBFF /* _Region.m */,
				371E1BF1137FCF7C007EFBFF /* _Station.h */,
				371E1BF2137FCF7C007EFBFF /* _Station.m */,
				37EDD1CD15A5CDD10023301D /* _Radar.h */,
				37EDD1CE15A5CDD10023301D /* _Radar.m */,
			);
			path = Machine;
			sourceTree = "<group>";
		};
		37216A411261087300A2695A /* Backend */ = {
			isa = PBXGroup;
			children = (
				374334C8164B0EC00051294F /* CitiesController.h */,
				374334C9164B0EC00051294F /* CitiesController.m */,
				37D131FC163F32DE00AABEE4 /* Model */,
				3747106815B3754E00C1D1D9 /* LocalUpdateQueue.h */,
				3747106915B3754E00C1D1D9 /* LocalUpdateQueue.m */,
				37AA662216543B2C001F9660 /* Radar+LocalUpdateGroup.h */,
				37AA662316543B2C001F9660 /* Radar+LocalUpdateGroup.m */,
				37AA662716543EC1001F9660 /* Station+LocalUpdatePoint.h */,
				37AA662816543EC1001F9660 /* Station+LocalUpdatePoint.m */,
				37EE011715BC87E4008376A1 /* GeoFencesMonitor.h */,
				37EE011815BC87E4008376A1 /* GeoFencesMonitor.m */,
				37AA661D1653F027001F9660 /* Radar+GeoFence.h */,
				37AA661E1653F027001F9660 /* Radar+GeoFence.m */,
				3724BC7115E4CA1200790869 /* Store.h */,
				3724BC7215E4CA1200790869 /* Store.m */,
				37D131FD163F32FC00AABEE4 /* Utility */,
			);
			name = Backend;
			path = Files;
			sourceTree = "<group>";
		};
		373A77F215E3F6860057E241 /* _DataGrabTempFolder */ = {
			isa = PBXGroup;
			children = (
				373A77F315E3F6B80057E241 /* ParisVelibCity.sqlite */,
				37D9DFE7162A374F0000F263 /* MarseilleLeveloCity.sqlite */,
				37D9DFE8162A374F0000F263 /* ToulouseVeloCity.sqlite */,
				370E3A44162E189D0010E454 /* AmiensVelamCity.sqlite */,
			);
			path = _DataGrabTempFolder;
			sourceTree = "<group>";
		};
		3756EA9B1297F52200113534 /* Supporting Files */ = {
			isa = PBXGroup;
			children = (
				3756EADE1298018A00113534 /* Info.plist */,
				3756EAA51297F60000113534 /* FactoryDefaults.plist */,
				37AFC0EE15B2F0AC00E3E940 /* Localizable.strings */,
				28A0AAE50D9B0CCF005BE974 /* Prefix.pch */,
				37B7ABE315E3D8D300268B70 /* CompatibilityCategories.h */,
				3786E4E214825A7700814C10 /* Test Supporting Files */,
			);
			name = "Supporting Files";
			path = Files;
			sourceTree = "<group>";
		};
		3770B22C14E976590003BBA8 /* TestData */ = {
			isa = PBXGroup;
			children = (
				3770B22D14E9765A0003BBA8 /* carto.xml */,
				3770B22E14E976C20003BBA8 /* Austerlitz.gpx */,
				37EF844015BCA89A00B84CA3 /* Beaubourg.gpx */,
				37EF844115BCA89A00B84CA3 /* Gare de Lyon.gpx */,
				37EF844215BCA89A00B84CA3 /* Saint-Michel.gpx */,
			);
			path = TestData;
			sourceTree = "<group>";
		};
		3786E4E114825A7700814C10 /* LogicTests */ = {
			isa = PBXGroup;
			children = (
				3786E4E814825A7700814C10 /* NSError+MultipleErrorsCombined_Tests.m */,
				371D4FB31482F53E00A6DF77 /* NSObject+KVCMapping_Tests.m */,
				371D4FC31483727F00A6DF77 /* NSObject+KVCMapping_Tests.xcdatamodeld */,
			);
			name = LogicTests;
			path = ../LogicTests;
			sourceTree = "<group>";
		};
		3786E4E214825A7700814C10 /* Test Supporting Files */ = {
			isa = PBXGroup;
			children = (
				3786E4E314825A7700814C10 /* Info.plist */,
				3786E4EA14825A7700814C10 /* Prefix.pch */,
			);
			name = "Test Supporting Files";
			path = ../LogicTests;
			sourceTree = "<group>";
		};
		37A346B5128C9D68000A2540 /* BicycletteCity */ = {
			isa = PBXGroup;
			children = (
				371E1BE9137FCF7C007EFBFF /* Human */,
				371E1BEE137FCF7C007EFBFF /* Machine */,
			);
			path = BicycletteCity;
			sourceTree = "<group>";
		};
		37D131F7163F325100AABEE4 /* AnnotationViews */ = {
			isa = PBXGroup;
			children = (
				3705B40615B9B6BE009C8AAA /* BicycletteAnnotationView.h */,
				3705B40715B9B6BE009C8AAA /* BicycletteAnnotationView.m */,
				3700F8511594A806007CF99E /* RegionAnnotationView.h */,
				3700F8521594A806007CF99E /* RegionAnnotationView.m */,
				378F2FEE1595223C003C5CF3 /* StationAnnotationView.h */,
				378F2FEF1595223C003C5CF3 /* StationAnnotationView.m */,
				370D2ABC15A3A4300019F36E /* RadarAnnotationView.h */,
				370D2ABD15A3A4300019F36E /* RadarAnnotationView.m */,
			);
			name = AnnotationViews;
			sourceTree = "<group>";
		};
		37D131F9163F328500AABEE4 /* Prefs */ = {
			isa = PBXGroup;
			children = (
				37C56FD115B1A0E700795961 /* PrefsVC.h */,
				37C56FD215B1A0E700795961 /* PrefsVC.m */,
				37C56FD315B1A0E700795961 /* PrefsVC.xib */,
			);
			name = Prefs;
			sourceTree = "<group>";
		};
		37D131FA163F328F00AABEE4 /* Help */ = {
			isa = PBXGroup;
			children = (
				37BE759A15E6BDE4001DABF6 /* HelpVC.h */,
				37BE759B15E6BDE4001DABF6 /* HelpVC.m */,
				37BE759C15E6BDE4001DABF6 /* HelpVC.xib */,
			);
			name = Help;
			sourceTree = "<group>";
		};
		37D131FB163F329B00AABEE4 /* Map */ = {
			isa = PBXGroup;
			children = (
				37E9531412AA29FB00C1D21C /* MapVC.h */,
				37E9531512AA29FB00C1D21C /* MapVC.m */,
				37F5FD6A16165B2E00E6FFC2 /* MapVC+DebugScreenshots.h */,
				37F5FD6B16165B2F00E6FFC2 /* MapVC+DebugScreenshots.m */,
			);
			name = Map;
			sourceTree = "<group>";
		};
		37D131FC163F32DE00AABEE4 /* Model */ = {
			isa = PBXGroup;
			children = (
				37216BC512611C5400A2695A /* BicycletteCity.h */,
				37216BC612611C5400A2695A /* BicycletteCity.m */,
				37212056149EA4F3007697D1 /* BicycletteCity.xcdatamodel */,
				37A346B5128C9D68000A2540 /* BicycletteCity */,
				3717AA65162A1C11005EC7BD /* Cities */,
			);
			name = Model;
			sourceTree = "<group>";
		};
		37D131FD163F32FC00AABEE4 /* Utility */ = {
			isa = PBXGroup;
			children = (
				3793DE1D1380295400B50118 /* CoreDataManager.h */,
				3793DE1E1380295400B50118 /* CoreDataManager.m */,
				3793DE2013802E6100B50118 /* DataUpdater.h */,
				3793DE2113802E6100B50118 /* DataUpdater.m */,
				370D2AB915A3A2270019F36E /* NSMutableArray+Locatable.h */,
				370D2ABA15A3A2270019F36E /* NSMutableArray+Locatable.m */,
				37BAD8D014269F1000AC2368 /* NSError+MultipleErrorsCombined.h */,
				37BAD8D114269F1000AC2368 /* NSError+MultipleErrorsCombined.m */,
				37EE532013AC1C5C00D5A64C /* NSObject+KVCMapping.h */,
				37EE532113AC1C5C00D5A64C /* NSObject+KVCMapping.m */,
				371D4FC61484C76100A6DF77 /* FormattedStringToDateValueTransformer.h */,
				371D4FC71484C76100A6DF77 /* FormattedStringToDateValueTransformer.m */,
				372BC7DF132ECB2000D12CBE /* NSData+SHA1.h */,
				372BC7E0132ECB2000D12CBE /* NSData+SHA1.m */,
				37149BBA126250D7009CDE82 /* NSSetAdditions.h */,
				37149BBB126250D7009CDE82 /* NSSetAdditions.m */,
				37AA66171653E9EA001F9660 /* NSArrayAdditions.h */,
				37AA66181653E9EA001F9660 /* NSArrayAdditions.m */,
				37149B9312624C15009CDE82 /* NSStringAdditions.h */,
				37149B9412624C15009CDE82 /* NSStringAdditions.m */,
				37822B7D1380457D009D8334 /* NSFileManager+StandardPaths.h */,
				37822B7E1380457D009D8334 /* NSFileManager+StandardPaths.m */,
				3786E4E114825A7700814C10 /* LogicTests */,
			);
			name = Utility;
			sourceTree = "<group>";
		};
		37EC534315BAFB0400F45C09 /* Images */ = {
			isa = PBXGroup;
			children = (
				37EC534815BAFB0400F45C09 /* Default.png */,
				37EC534915BAFB0400F45C09 /* Default@2x.png */,
				3724BC6415E4C50200790869 /* Default-Landscape.png */,
				3724BC6515E4C50200790869 /* Default-Landscape@2x.png */,
				3724BC6615E4C50200790869 /* Default-Portrait.png */,
				3724BC6715E4C50200790869 /* Default-Portrait@2x.png */,
				377EFCAE160F90BF005A5383 /* Default-568h@2x.png */,
				37EC534B15BAFB0400F45C09 /* Icon.png */,
				37EC534C15BAFB0400F45C09 /* Icon@2x.png */,
				373A780015E40DA90057E241 /* Icon~ipad.png */,
				373A780115E40DA90057E241 /* Icon~ipad@2x.png */,
				373A780515E40EF70057E241 /* Icon~settings.png */,
				373A780615E40EF70057E241 /* Icon~settings@2x.png */,
				373A780915E40F060057E241 /* Icon~appstore.png */,
			);
			path = Images;
			sourceTree = "<group>";
		};
/* End PBXGroup section */

/* Begin PBXNativeTarget section */
		1D6058900D05DD3D006BFB54 /* Bicyclette */ = {
			isa = PBXNativeTarget;
			buildConfigurationList = 1D6058960D05DD3E006BFB54 /* Build configuration list for PBXNativeTarget "Bicyclette" */;
			buildPhases = (
				371E1BF8137FD03C007EFBFF /* Mogenerator */,
				1D60588D0D05DD3D006BFB54 /* Resources */,
				1D60588E0D05DD3D006BFB54 /* Sources */,
				1D60588F0D05DD3D006BFB54 /* Frameworks */,
			);
			buildRules = (
			);
			dependencies = (
				370220CE165500E600350AD1 /* PBXTargetDependency */,
			);
			name = Bicyclette;
			productName = Velib;
			productReference = 1D6058910D05DD3D006BFB54 /* Bicyclette.app */;
			productType = "com.apple.product-type.application";
		};
		37038A0E15E3A6280043504A /* DataGrabber */ = {
			isa = PBXNativeTarget;
			buildConfigurationList = 37038A1915E3A6290043504A /* Build configuration list for PBXNativeTarget "DataGrabber" */;
			buildPhases = (
				37B7ABF215E3DCA900268B70 /* Mogenerator */,
				37038A0B15E3A6280043504A /* Sources */,
				37038A0C15E3A6280043504A /* Frameworks */,
				37038A0D15E3A6280043504A /* CopyFiles */,
			);
			buildRules = (
			);
			dependencies = (
			);
			name = DataGrabber;
			productName = BicycletteDataGrab;
			productReference = 37038A0F15E3A6280043504A /* BicycletteDataGrab */;
			productType = "com.apple.product-type.tool";
		};
		3786E4DB14825A7700814C10 /* BicycletteLogicTests */ = {
			isa = PBXNativeTarget;
			buildConfigurationList = 3786E4ED14825A7700814C10 /* Build configuration list for PBXNativeTarget "BicycletteLogicTests" */;
			buildPhases = (
				3786E4D714825A7700814C10 /* Sources */,
				3786E4D814825A7700814C10 /* Frameworks */,
				3786E4D914825A7700814C10 /* Resources */,
				3786E4DA14825A7700814C10 /* ShellScript */,
			);
			buildRules = (
			);
			dependencies = (
				371D4FB81482F66700A6DF77 /* PBXTargetDependency */,
			);
			name = BicycletteLogicTests;
			productName = BicycletteLogicTests;
			productReference = 3786E4DC14825A7700814C10 /* BicycletteLogicTests.octest */;
			productType = "com.apple.product-type.bundle";
		};
/* End PBXNativeTarget section */

/* Begin PBXProject section */
		29B97313FDCFA39411CA2CEA /* Project object */ = {
			isa = PBXProject;
			attributes = {
				LastUpgradeCheck = 0450;
				ORGANIZATIONNAME = "Nicolas Bouilleaud";
			};
			buildConfigurationList = C01FCF4E08A954540054247B /* Build configuration list for PBXProject "Bicyclette" */;
			compatibilityVersion = "Xcode 3.2";
			developmentRegion = English;
			hasScannedForEncodings = 1;
			knownRegions = (
				English,
				Japanese,
				French,
				German,
				en,
			);
			mainGroup = 29B97314FDCFA39411CA2CEA /* CustomTemplate */;
			projectDirPath = "";
			projectRoot = "";
			targets = (
				37038A0E15E3A6280043504A /* DataGrabber */,
				370220C7165500CC00350AD1 /* GrabData */,
				1D6058900D05DD3D006BFB54 /* Bicyclette */,
				3786E4DB14825A7700814C10 /* BicycletteLogicTests */,
			);
		};
/* End PBXProject section */

/* Begin PBXResourcesBuildPhase section */
		1D60588D0D05DD3D006BFB54 /* Resources */ = {
			isa = PBXResourcesBuildPhase;
			buildActionMask = 2147483647;
			files = (
				28AD73600D9D9599002E5188 /* MainWindow.xib in Resources */,
				3756EAA61297F60000113534 /* FactoryDefaults.plist in Resources */,
				37C56FD515B1A0E700795961 /* PrefsVC.xib in Resources */,
				37AFC0EF15B2F0AC00E3E940 /* Localizable.strings in Resources */,
				37EC535215BAFB0400F45C09 /* Default.png in Resources */,
				37EC535315BAFB0400F45C09 /* Default@2x.png in Resources */,
				37EC535515BAFB0400F45C09 /* Icon.png in Resources */,
				37EC535615BAFB0400F45C09 /* Icon@2x.png in Resources */,
				373A77F415E3F6B80057E241 /* ParisVelibCity.sqlite in Resources */,
				373A780215E40DA90057E241 /* Icon~ipad.png in Resources */,
				373A780315E40DA90057E241 /* Icon~ipad@2x.png in Resources */,
				373A780715E40EF70057E241 /* Icon~settings.png in Resources */,
				373A780815E40EF70057E241 /* Icon~settings@2x.png in Resources */,
				3724BC6A15E4C50200790869 /* Default-Landscape.png in Resources */,
				3724BC6B15E4C50200790869 /* Default-Landscape@2x.png in Resources */,
				3724BC6C15E4C50200790869 /* Default-Portrait.png in Resources */,
				3724BC6D15E4C50200790869 /* Default-Portrait@2x.png in Resources */,
				37BE759E15E6BDE4001DABF6 /* HelpVC.xib in Resources */,
				377EFCAF160F90BF005A5383 /* Default-568h@2x.png in Resources */,
				3717AA68162A1C11005EC7BD /* MarseilleLeveloCity.plist in Resources */,
				3717AA69162A1C11005EC7BD /* ParisVelibCity.plist in Resources */,
				3717AA6B162A1C3E005EC7BD /* VelibHardcodedDebugErrors.plist in Resources */,
				37D9DFE5162A31970000F263 /* ToulouseVeloCity.plist in Resources */,
				37D9DFE9162A374F0000F263 /* MarseilleLeveloCity.sqlite in Resources */,
				37D9DFEA162A374F0000F263 /* ToulouseVeloCity.sqlite in Resources */,
				370E3A42162E17990010E454 /* AmiensVelamCity.plist in Resources */,
				370E3A45162E189D0010E454 /* AmiensVelamCity.sqlite in Resources */,
			);
			runOnlyForDeploymentPostprocessing = 0;
		};
		3786E4D914825A7700814C10 /* Resources */ = {
			isa = PBXResourcesBuildPhase;
			buildActionMask = 2147483647;
			files = (
			);
			runOnlyForDeploymentPostprocessing = 0;
		};
/* End PBXResourcesBuildPhase section */

/* Begin PBXShellScriptBuildPhase section */
		370220CF165500EB00350AD1 /* ShellScript */ = {
			isa = PBXShellScriptBuildPhase;
			buildActionMask = 2147483647;
			files = (
			);
			inputPaths = (
			);
			outputPaths = (
				"$(SRCROOT)/_DataGrabTempFolder/AmiensVelamCity.sqlite",
				"$(SRCROOT)/_DataGrabTempFolder/MarseilleLeveloCity.sqlite",
				"$(SRCROOT)/_DataGrabTempFolder/ParisVelibCity.sqlite",
				"$(SRCROOT)/_DataGrabTempFolder/ToulouseVeloCity.sqlite",
			);
			runOnlyForDeploymentPostprocessing = 0;
			shellPath = /bin/sh;
			shellScript = "${SRCROOT}/_DataGrabTempFolder/DataGrabber";
		};
		371E1BF8137FD03C007EFBFF /* Mogenerator */ = {
			isa = PBXShellScriptBuildPhase;
			buildActionMask = 2147483647;
			files = (
			);
			inputPaths = (
			);
			name = Mogenerator;
			outputPaths = (
			);
			runOnlyForDeploymentPostprocessing = 0;
			shellPath = /bin/sh;
			shellScript = "PATH=$PATH:/usr/local/bin mogenerator --model Files/BicycletteCity.xcdatamodel --template-var arc=true --machine-dir Files/BicycletteCity/Machine --human-dir Files/BicycletteCity/Human\n";
			showEnvVarsInLog = 0;
		};
		3786E4DA14825A7700814C10 /* ShellScript */ = {
			isa = PBXShellScriptBuildPhase;
			buildActionMask = 2147483647;
			files = (
			);
			inputPaths = (
			);
			outputPaths = (
			);
			runOnlyForDeploymentPostprocessing = 0;
			shellPath = /bin/sh;
			shellScript = "# Run the unit tests in this test bundle.\n\"${SYSTEM_DEVELOPER_DIR}/Tools/RunUnitTests\"\n";
		};
		37B7ABF215E3DCA900268B70 /* Mogenerator */ = {
			isa = PBXShellScriptBuildPhase;
			buildActionMask = 2147483647;
			files = (
			);
			inputPaths = (
			);
			name = Mogenerator;
			outputPaths = (
			);
			runOnlyForDeploymentPostprocessing = 0;
			shellPath = /bin/sh;
			shellScript = "PATH=$PATH:/usr/local/bin mogenerator --model Files/BicycletteCity.xcdatamodel --template-var arc=true --machine-dir Files/BicycletteCity/Machine --human-dir Files/BicycletteCity/Human\n";
			showEnvVarsInLog = 0;
		};
/* End PBXShellScriptBuildPhase section */

/* Begin PBXSourcesBuildPhase section */
		1D60588E0D05DD3D006BFB54 /* Sources */ = {
			isa = PBXSourcesBuildPhase;
			buildActionMask = 2147483647;
			files = (
				1D60589B0D05DD56006BFB54 /* main.m in Sources */,
				1D3623260D0F684500981E51 /* BicycletteApplicationDelegate.m in Sources */,
				37216BC712611C5400A2695A /* BicycletteCity.m in Sources */,
				37149B9512624C15009CDE82 /* NSStringAdditions.m in Sources */,
				37149BBC126250D7009CDE82 /* NSSetAdditions.m in Sources */,
				37212055149EA4F3007697D1 /* BicycletteCity.xcdatamodel in Sources */,
				37E9531712AA29FB00C1D21C /* MapVC.m in Sources */,
				372BC7E1132ECB2000D12CBE /* NSData+SHA1.m in Sources */,
				371E1BF3137FCF7C007EFBFF /* Region.m in Sources */,
				371E1BF4137FCF7C007EFBFF /* Station.m in Sources */,
				371E1BF5137FCF7C007EFBFF /* _Region.m in Sources */,
				371E1BF6137FCF7C007EFBFF /* _Station.m in Sources */,
				3793DE1F1380295400B50118 /* CoreDataManager.m in Sources */,
				3793DE2213802E6100B50118 /* DataUpdater.m in Sources */,
				37822B7F1380457D009D8334 /* NSFileManager+StandardPaths.m in Sources */,
				37EE532213AC1C5C00D5A64C /* NSObject+KVCMapping.m in Sources */,
				37BAD8D214269F1000AC2368 /* NSError+MultipleErrorsCombined.m in Sources */,
				371D4FC81484C76100A6DF77 /* FormattedStringToDateValueTransformer.m in Sources */,
				371D90CA158FE19900E509E6 /* TransparentToolbar.m in Sources */,
				3700F8531594A806007CF99E /* RegionAnnotationView.m in Sources */,
				378F2FF01595223C003C5CF3 /* StationAnnotationView.m in Sources */,
				3730161815977E1900347C9F /* DrawingCache.m in Sources */,
				3730161B1597800E00347C9F /* UIColor+hsb.m in Sources */,
				370D2ABB15A3A2270019F36E /* NSMutableArray+Locatable.m in Sources */,
				370D2ABE15A3A4300019F36E /* RadarAnnotationView.m in Sources */,
				37EDD1CB15A5CDC80023301D /* Radar.m in Sources */,
				37EDD1CF15A5CDD20023301D /* _Radar.m in Sources */,
				37C56FD415B1A0E700795961 /* PrefsVC.m in Sources */,
				37C56FDC15B1A38F00795961 /* UIView+Screenshot.m in Sources */,
				3747106A15B3754E00C1D1D9 /* LocalUpdateQueue.m in Sources */,
				3705B40815B9B6BE009C8AAA /* BicycletteAnnotationView.m in Sources */,
				3705B40C15B9E8DB009C8AAA /* MKMapView+AttributionLogo.m in Sources */,
				37EE011915BC87E4008376A1 /* GeoFencesMonitor.m in Sources */,
				37F7587B15C56A8300907A05 /* UIApplication+LocalAlerts.m in Sources */,
				3724BC7315E4CA1200790869 /* Store.m in Sources */,
				37BE759D15E6BDE4001DABF6 /* HelpVC.m in Sources */,
				37F5FD68161636FA00E6FFC2 /* UIApplication+screenshot.m in Sources */,
				37F5FD6C16165B2F00E6FFC2 /* MapVC+DebugScreenshots.m in Sources */,
				37513B6316173FAB00388FF3 /* RootVC.m in Sources */,
				3717AA70162A1F39005EC7BD /* ParisVelibCity.m in Sources */,
				37D9DFDE162A2BF60000F263 /* MarseilleLeveloCity.m in Sources */,
				37D9DFE2162A318E0000F263 /* ToulouseVeloCity.m in Sources */,
				370E3A3F162E17880010E454 /* AmiensVelamCity.m in Sources */,
				371982C116451F93006CF77D /* FanContainerViewController.m in Sources */,
				374334CA164B0EC00051294F /* CitiesController.m in Sources */,
				37AA66191653E9EA001F9660 /* NSArrayAdditions.m in Sources */,
				37AA661F1653F027001F9660 /* Radar+GeoFence.m in Sources */,
				37AA662416543B2C001F9660 /* Radar+LocalUpdateGroup.m in Sources */,
				37AA662916543EC1001F9660 /* Station+LocalUpdatePoint.m in Sources */,
			);
			runOnlyForDeploymentPostprocessing = 0;
		};
		37038A0B15E3A6280043504A /* Sources */ = {
			isa = PBXSourcesBuildPhase;
			buildActionMask = 2147483647;
			files = (
				37038A1415E3A6290043504A /* DataGrabber.m in Sources */,
				37B7ABEC15E3DC4900268B70 /* CoreDataManager.m in Sources */,
				37B7ABEE15E3DC4D00268B70 /* DataUpdater.m in Sources */,
				37B7ABEF15E3DC5100268B70 /* BicycletteCity.m in Sources */,
				37B7ABF015E3DC5E00268B70 /* BicycletteCity.xcdatamodel in Sources */,
				37B7ABF815E3DE4500268B70 /* Region.m in Sources */,
				37B7ABF915E3DE4500268B70 /* Station.m in Sources */,
				37B7ABFB15E3DF1F00268B70 /* _Region.m in Sources */,
				37B7ABFC15E3DF1F00268B70 /* _Station.m in Sources */,
				373A77EE15E3EB490057E241 /* NSData+SHA1.m in Sources */,
				373A77EF15E3EB890057E241 /* NSSetAdditions.m in Sources */,
				373A77F015E3EBA60057E241 /* NSObject+KVCMapping.m in Sources */,
				373A77F115E3EBB80057E241 /* NSStringAdditions.m in Sources */,
				37D59D051616182400F69988 /* NSError+MultipleErrorsCombined.m in Sources */,
				3717AA71162A1F39005EC7BD /* ParisVelibCity.m in Sources */,
				37D9DFDF162A2BF60000F263 /* MarseilleLeveloCity.m in Sources */,
				37D9DFE3162A318E0000F263 /* ToulouseVeloCity.m in Sources */,
				370E3A40162E17880010E454 /* AmiensVelamCity.m in Sources */,
				37AA661B1653E9EA001F9660 /* NSArrayAdditions.m in Sources */,
				37AA662B16543EC1001F9660 /* Station+LocalUpdatePoint.m in Sources */,
			);
			runOnlyForDeploymentPostprocessing = 0;
		};
		3786E4D714825A7700814C10 /* Sources */ = {
			isa = PBXSourcesBuildPhase;
			buildActionMask = 2147483647;
			files = (
				3786E4E914825A7700814C10 /* NSError+MultipleErrorsCombined_Tests.m in Sources */,
				3786E4EE1482EAC000814C10 /* NSError+MultipleErrorsCombined.m in Sources */,
				371D4FB51482F59000A6DF77 /* NSObject+KVCMapping.m in Sources */,
				371D4FB61482F5B700A6DF77 /* NSObject+KVCMapping_Tests.m in Sources */,
				371D4FC51483727F00A6DF77 /* NSObject+KVCMapping_Tests.xcdatamodeld in Sources */,
				371D4FC91484C76100A6DF77 /* FormattedStringToDateValueTransformer.m in Sources */,
				37AA661A1653E9EA001F9660 /* NSArrayAdditions.m in Sources */,
				37AA66201653F027001F9660 /* Radar+GeoFence.m in Sources */,
				37AA662516543B2C001F9660 /* Radar+LocalUpdateGroup.m in Sources */,
				37AA662A16543EC1001F9660 /* Station+LocalUpdatePoint.m in Sources */,
			);
			runOnlyForDeploymentPostprocessing = 0;
		};
/* End PBXSourcesBuildPhase section */

/* Begin PBXTargetDependency section */
		370220CC165500D700350AD1 /* PBXTargetDependency */ = {
			isa = PBXTargetDependency;
			target = 37038A0E15E3A6280043504A /* DataGrabber */;
			targetProxy = 370220CB165500D700350AD1 /* PBXContainerItemProxy */;
		};
		370220CE165500E600350AD1 /* PBXTargetDependency */ = {
			isa = PBXTargetDependency;
			target = 370220C7165500CC00350AD1 /* GrabData */;
			targetProxy = 370220CD165500E600350AD1 /* PBXContainerItemProxy */;
		};
		371D4FB81482F66700A6DF77 /* PBXTargetDependency */ = {
			isa = PBXTargetDependency;
			target = 1D6058900D05DD3D006BFB54 /* Bicyclette */;
			targetProxy = 371D4FB71482F66700A6DF77 /* PBXContainerItemProxy */;
		};
/* End PBXTargetDependency section */

/* Begin XCBuildConfiguration section */
		1D6058940D05DD3E006BFB54 /* Debug */ = {
			isa = XCBuildConfiguration;
			buildSettings = {
				GCC_PREFIX_HEADER = Files/Prefix.pch;
				INFOPLIST_FILE = Files/Info.plist;
				IPHONEOS_DEPLOYMENT_TARGET = 5.1;
				PRODUCT_NAME = Bicyclette;
				TARGETED_DEVICE_FAMILY = "1,2";
			};
			name = Debug;
		};
		1D6058950D05DD3E006BFB54 /* Release */ = {
			isa = XCBuildConfiguration;
			buildSettings = {
				GCC_PREFIX_HEADER = Files/Prefix.pch;
				INFOPLIST_FILE = Files/Info.plist;
				IPHONEOS_DEPLOYMENT_TARGET = 5.1;
				PRODUCT_NAME = Bicyclette;
				TARGETED_DEVICE_FAMILY = "1,2";
			};
			name = Release;
		};
		370220C9165500CC00350AD1 /* Debug */ = {
			isa = XCBuildConfiguration;
			buildSettings = {
				PRODUCT_NAME = "$(TARGET_NAME)";
			};
			name = Debug;
		};
		370220CA165500CC00350AD1 /* Release */ = {
			isa = XCBuildConfiguration;
			buildSettings = {
				PRODUCT_NAME = "$(TARGET_NAME)";
			};
			name = Release;
		};
		37038A1A15E3A6290043504A /* Debug */ = {
			isa = XCBuildConfiguration;
			buildSettings = {
				ARCHS = "$(ARCHS_STANDARD_64_BIT)";
				CONFIGURATION_BUILD_DIR = _DataGrabTempFolder;
				GCC_PREFIX_HEADER = Files/Prefix.pch;
				GCC_SYMBOLS_PRIVATE_EXTERN = NO;
				MACOSX_DEPLOYMENT_TARGET = 10.8;
				PRODUCT_NAME = "$(TARGET_NAME)";
				SDKROOT = macosx;
			};
			name = Debug;
		};
		37038A1B15E3A6290043504A /* Release */ = {
			isa = XCBuildConfiguration;
			buildSettings = {
				ARCHS = "$(ARCHS_STANDARD_64_BIT)";
				CONFIGURATION_BUILD_DIR = _DataGrabTempFolder;
				DEBUG_INFORMATION_FORMAT = "dwarf-with-dsym";
				GCC_PREFIX_HEADER = Files/Prefix.pch;
				MACOSX_DEPLOYMENT_TARGET = 10.8;
				PRODUCT_NAME = "$(TARGET_NAME)";
				SDKROOT = macosx;
			};
			name = Release;
		};
		3786E4EB14825A7700814C10 /* Debug */ = {
			isa = XCBuildConfiguration;
			buildSettings = {
				FRAMEWORK_SEARCH_PATHS = (
					"$(SDKROOT)/Developer/Library/Frameworks",
					"$(DEVELOPER_LIBRARY_DIR)/Frameworks",
				);
				GCC_PREFIX_HEADER = LogicTests/Prefix.pch;
				INFOPLIST_FILE = LogicTests/Info.plist;
				PRODUCT_NAME = "$(TARGET_NAME)";
				WRAPPER_EXTENSION = octest;
			};
			name = Debug;
		};
		3786E4EC14825A7700814C10 /* Release */ = {
			isa = XCBuildConfiguration;
			buildSettings = {
				FRAMEWORK_SEARCH_PATHS = (
					"$(SDKROOT)/Developer/Library/Frameworks",
					"$(DEVELOPER_LIBRARY_DIR)/Frameworks",
				);
				GCC_PREFIX_HEADER = LogicTests/Prefix.pch;
				INFOPLIST_FILE = LogicTests/Info.plist;
				PRODUCT_NAME = "$(TARGET_NAME)";
				WRAPPER_EXTENSION = octest;
			};
			name = Release;
		};
		C01FCF4F08A954540054247B /* Debug */ = {
			isa = XCBuildConfiguration;
			buildSettings = {
				APPLY_RULES_IN_COPY_FILES = YES;
				ARCHS = "$(ARCHS_STANDARD_32_BIT)";
				CLANG_ENABLE_OBJC_ARC = YES;
				CLANG_WARN_DEPRECATED_OBJC_IMPLEMENTATIONS = YES;
				"CODE_SIGN_IDENTITY[sdk=iphoneos*]" = "iPhone Developer";
				COPY_PHASE_STRIP = NO;
				CURRENT_PROJECT_VERSION = 1;
				GCC_C_LANGUAGE_STANDARD = gnu99;
				GCC_OPTIMIZATION_LEVEL = 0;
				GCC_PRECOMPILE_PREFIX_HEADER = YES;
				GCC_PREPROCESSOR_DEFINITIONS = "DEBUG=1";
				GCC_TREAT_IMPLICIT_FUNCTION_DECLARATIONS_AS_ERRORS = YES;
				GCC_TREAT_WARNINGS_AS_ERRORS = YES;
				GCC_VERSION = com.apple.compilers.llvm.clang.1_0;
				GCC_WARN_64_TO_32_BIT_CONVERSION = YES;
				GCC_WARN_ABOUT_MISSING_FIELD_INITIALIZERS = YES;
				GCC_WARN_ABOUT_MISSING_NEWLINE = YES;
				GCC_WARN_ABOUT_MISSING_PROTOTYPES = YES;
				GCC_WARN_ABOUT_RETURN_TYPE = YES;
				GCC_WARN_ALLOW_INCOMPLETE_PROTOCOL = YES;
				GCC_WARN_FOUR_CHARACTER_CONSTANTS = YES;
				GCC_WARN_INITIALIZER_NOT_FULLY_BRACKETED = YES;
				GCC_WARN_SHADOW = YES;
				GCC_WARN_SIGN_COMPARE = YES;
				GCC_WARN_UNDECLARED_SELECTOR = YES;
				GCC_WARN_UNINITIALIZED_AUTOS = YES;
				GCC_WARN_UNKNOWN_PRAGMAS = YES;
				GCC_WARN_UNUSED_FUNCTION = YES;
				GCC_WARN_UNUSED_LABEL = YES;
				GCC_WARN_UNUSED_VALUE = YES;
				GCC_WARN_UNUSED_VARIABLE = YES;
				INFOPLIST_PREPROCESS = YES;
				IPHONEOS_DEPLOYMENT_TARGET = 5.0;
				ONLY_ACTIVE_ARCH = YES;
				"PROVISIONING_PROFILE[sdk=iphoneos*]" = "";
				RUN_CLANG_STATIC_ANALYZER = YES;
				SDKROOT = iphoneos;
				VERSIONING_SYSTEM = "apple-generic";
			};
			name = Debug;
		};
		C01FCF5008A954540054247B /* Release */ = {
			isa = XCBuildConfiguration;
			buildSettings = {
				APPLY_RULES_IN_COPY_FILES = YES;
				ARCHS = "$(ARCHS_STANDARD_32_BIT)";
				CLANG_ENABLE_OBJC_ARC = YES;
				CLANG_WARN_DEPRECATED_OBJC_IMPLEMENTATIONS = YES;
				"CODE_SIGN_IDENTITY[sdk=iphoneos*]" = "iPhone Distribution";
				CURRENT_PROJECT_VERSION = 1;
				GCC_C_LANGUAGE_STANDARD = gnu99;
				GCC_PRECOMPILE_PREFIX_HEADER = YES;
				GCC_PREPROCESSOR_DEFINITIONS = "NS_BLOCK_ASSERTIONS=1";
				GCC_TREAT_IMPLICIT_FUNCTION_DECLARATIONS_AS_ERRORS = YES;
				GCC_TREAT_WARNINGS_AS_ERRORS = YES;
				GCC_VERSION = com.apple.compilers.llvm.clang.1_0;
				GCC_WARN_64_TO_32_BIT_CONVERSION = YES;
				GCC_WARN_ABOUT_MISSING_FIELD_INITIALIZERS = YES;
				GCC_WARN_ABOUT_MISSING_NEWLINE = YES;
				GCC_WARN_ABOUT_MISSING_PROTOTYPES = YES;
				GCC_WARN_ABOUT_RETURN_TYPE = YES;
				GCC_WARN_ALLOW_INCOMPLETE_PROTOCOL = YES;
				GCC_WARN_FOUR_CHARACTER_CONSTANTS = YES;
				GCC_WARN_INITIALIZER_NOT_FULLY_BRACKETED = YES;
				GCC_WARN_SHADOW = YES;
				GCC_WARN_SIGN_COMPARE = YES;
				GCC_WARN_UNDECLARED_SELECTOR = YES;
				GCC_WARN_UNINITIALIZED_AUTOS = YES;
				GCC_WARN_UNKNOWN_PRAGMAS = YES;
				GCC_WARN_UNUSED_FUNCTION = YES;
				GCC_WARN_UNUSED_LABEL = YES;
				GCC_WARN_UNUSED_VALUE = YES;
				GCC_WARN_UNUSED_VARIABLE = YES;
				INFOPLIST_PREPROCESS = YES;
				IPHONEOS_DEPLOYMENT_TARGET = 5.0;
				ONLY_ACTIVE_ARCH = NO;
				"PROVISIONING_PROFILE[sdk=iphoneos*]" = "";
				RUN_CLANG_STATIC_ANALYZER = YES;
				SDKROOT = iphoneos;
				VALIDATE_PRODUCT = YES;
				VERSIONING_SYSTEM = "apple-generic";
			};
			name = Release;
		};
/* End XCBuildConfiguration section */

/* Begin XCConfigurationList section */
		1D6058960D05DD3E006BFB54 /* Build configuration list for PBXNativeTarget "Bicyclette" */ = {
			isa = XCConfigurationList;
			buildConfigurations = (
				1D6058940D05DD3E006BFB54 /* Debug */,
				1D6058950D05DD3E006BFB54 /* Release */,
			);
			defaultConfigurationIsVisible = 0;
			defaultConfigurationName = Release;
		};
		370220C8165500CC00350AD1 /* Build configuration list for PBXAggregateTarget "GrabData" */ = {
			isa = XCConfigurationList;
			buildConfigurations = (
				370220C9165500CC00350AD1 /* Debug */,
				370220CA165500CC00350AD1 /* Release */,
			);
			defaultConfigurationIsVisible = 0;
		};
		37038A1915E3A6290043504A /* Build configuration list for PBXNativeTarget "DataGrabber" */ = {
			isa = XCConfigurationList;
			buildConfigurations = (
				37038A1A15E3A6290043504A /* Debug */,
				37038A1B15E3A6290043504A /* Release */,
			);
			defaultConfigurationIsVisible = 0;
			defaultConfigurationName = Release;
		};
		3786E4ED14825A7700814C10 /* Build configuration list for PBXNativeTarget "BicycletteLogicTests" */ = {
			isa = XCConfigurationList;
			buildConfigurations = (
				3786E4EB14825A7700814C10 /* Debug */,
				3786E4EC14825A7700814C10 /* Release */,
			);
			defaultConfigurationIsVisible = 0;
			defaultConfigurationName = Release;
		};
		C01FCF4E08A954540054247B /* Build configuration list for PBXProject "Bicyclette" */ = {
			isa = XCConfigurationList;
			buildConfigurations = (
				C01FCF4F08A954540054247B /* Debug */,
				C01FCF5008A954540054247B /* Release */,
			);
			defaultConfigurationIsVisible = 0;
			defaultConfigurationName = Release;
		};
/* End XCConfigurationList section */

/* Begin XCVersionGroup section */
		371D4FC31483727F00A6DF77 /* NSObject+KVCMapping_Tests.xcdatamodeld */ = {
			isa = XCVersionGroup;
			children = (
				371D4FC41483727F00A6DF77 /* NSObject+KVCMapping_Tests.xcdatamodel */,
			);
			currentVersion = 371D4FC41483727F00A6DF77 /* NSObject+KVCMapping_Tests.xcdatamodel */;
			path = "NSObject+KVCMapping_Tests.xcdatamodeld";
			sourceTree = "<group>";
			versionGroupType = wrapper.xcdatamodel;
		};
/* End XCVersionGroup section */
	};
	rootObject = 29B97313FDCFA39411CA2CEA /* Project object */;
}
